// !$*UTF8*$!
{
	archiveVersion = 1;
	classes = {
	};
	objectVersion = 56;
	objects = {

/* Begin PBXBuildFile section */
		262B4A702B98E08B000ED652 /* AnimalDetailsView.swift in Sources */ = {isa = PBXBuildFile; fileRef = 262B4A6F2B98E08B000ED652 /* AnimalDetailsView.swift */; };
		262B4A722B98E8CB000ED652 /* LocationManager.swift in Sources */ = {isa = PBXBuildFile; fileRef = 262B4A712B98E8CB000ED652 /* LocationManager.swift */; };
		263AE4CA2B8781310033CF3C /* Animal+CoreData.swift in Sources */ = {isa = PBXBuildFile; fileRef = 263AE4C92B8781310033CF3C /* Animal+CoreData.swift */; };
		263AE4CD2B87B4810033CF3C /* CoreDataPersistable.swift in Sources */ = {isa = PBXBuildFile; fileRef = 263AE4CC2B87B4810033CF3C /* CoreDataPersistable.swift */; };
		264681FE2B781E06008FAB39 /* AccessTokenMockHelper.swift in Sources */ = {isa = PBXBuildFile; fileRef = 264681FD2B781E06008FAB39 /* AccessTokenMockHelper.swift */; };
		264682002B782742008FAB39 /* AnimalsRequestMock.swift in Sources */ = {isa = PBXBuildFile; fileRef = 264681FF2B782742008FAB39 /* AnimalsRequestMock.swift */; };
		264682022B782CDB008FAB39 /* NetworkRequestManagerTests.swift in Sources */ = {isa = PBXBuildFile; fileRef = 264682012B782CDB008FAB39 /* NetworkRequestManagerTests.swift */; };
		264682042B784550008FAB39 /* AccessTokenManagerTests.swift in Sources */ = {isa = PBXBuildFile; fileRef = 264682032B784550008FAB39 /* AccessTokenManagerTests.swift */; };
		264682082B785D0D008FAB39 /* AccessTokenManagerMock.swift in Sources */ = {isa = PBXBuildFile; fileRef = 264682072B785D0D008FAB39 /* AccessTokenManagerMock.swift */; };
		26543B322B74CAC700BC7E7A /* PetFinderAPIManagerMock.swift in Sources */ = {isa = PBXBuildFile; fileRef = 26543B312B74CAC700BC7E7A /* PetFinderAPIManagerMock.swift */; };
		265741B32B6C91BC0036D467 /* AnimalDetails.swift in Sources */ = {isa = PBXBuildFile; fileRef = 265741B22B6C91BC0036D467 /* AnimalDetails.swift */; };
		265741B52B6C920A0036D467 /* AnimalAge.swift in Sources */ = {isa = PBXBuildFile; fileRef = 265741B42B6C920A0036D467 /* AnimalAge.swift */; };
		265741B82B6C94160036D467 /* OrganizationInfo.swift in Sources */ = {isa = PBXBuildFile; fileRef = 265741B72B6C94160036D467 /* OrganizationInfo.swift */; };
		265741BA2B6C94230036D467 /* ContactInfo.swift in Sources */ = {isa = PBXBuildFile; fileRef = 265741B92B6C94230036D467 /* ContactInfo.swift */; };
		265741BC2B6C94480036D467 /* Address.swift in Sources */ = {isa = PBXBuildFile; fileRef = 265741BB2B6C94480036D467 /* Address.swift */; };
		265741BE2B6C96100036D467 /* AnimalPhotoSizes.swift in Sources */ = {isa = PBXBuildFile; fileRef = 265741BD2B6C96100036D467 /* AnimalPhotoSizes.swift */; };
		265741C52B6CA9770036D467 /* Animal.swift in Sources */ = {isa = PBXBuildFile; fileRef = 265741C42B6CA9770036D467 /* Animal.swift */; };
		265741C72B6CAABE0036D467 /* AnimalVideo.swift in Sources */ = {isa = PBXBuildFile; fileRef = 265741C62B6CAABE0036D467 /* AnimalVideo.swift */; };
		265741C92B6CAB8B0036D467 /* AnimalEnvironment.swift in Sources */ = {isa = PBXBuildFile; fileRef = 265741C82B6CAB8B0036D467 /* AnimalEnvironment.swift */; };
		265741CE2B6CB2F70036D467 /* AnimalMockData.json in Resources */ = {isa = PBXBuildFile; fileRef = 265741CD2B6CB2F70036D467 /* AnimalMockData.json */; };
		265741D02B6CB86C0036D467 /* SearchAnimalsView.swift in Sources */ = {isa = PBXBuildFile; fileRef = 265741CF2B6CB86C0036D467 /* SearchAnimalsView.swift */; };
		265741D22B6CB9200036D467 /* AnimalsNearYouView.swift in Sources */ = {isa = PBXBuildFile; fileRef = 265741D12B6CB9200036D467 /* AnimalsNearYouView.swift */; };
		265741D72B6D5C720036D467 /* RequestProtocol.swift in Sources */ = {isa = PBXBuildFile; fileRef = 265741D62B6D5C720036D467 /* RequestProtocol.swift */; };
		265741D92B6D5E4A0036D467 /* RequestType.swift in Sources */ = {isa = PBXBuildFile; fileRef = 265741D82B6D5E4A0036D467 /* RequestType.swift */; };
		265741DB2B74405D0036D467 /* NetworkError.swift in Sources */ = {isa = PBXBuildFile; fileRef = 265741DA2B74405D0036D467 /* NetworkError.swift */; };
		265741DD2B7478500036D467 /* APIManagerProtocol.swift in Sources */ = {isa = PBXBuildFile; fileRef = 265741DC2B7478500036D467 /* APIManagerProtocol.swift */; };
		265741DF2B7478EF0036D467 /* APIManager.swift in Sources */ = {isa = PBXBuildFile; fileRef = 265741DE2B7478EF0036D467 /* APIManager.swift */; };
		265741E12B747B2B0036D467 /* RequestManagerProtocol.swift in Sources */ = {isa = PBXBuildFile; fileRef = 265741E02B747B2B0036D467 /* RequestManagerProtocol.swift */; };
		265741E32B747B440036D467 /* RequestManager.swift in Sources */ = {isa = PBXBuildFile; fileRef = 265741E22B747B440036D467 /* RequestManager.swift */; };
		265741E62B747D260036D467 /* DataParserProtocol.swift in Sources */ = {isa = PBXBuildFile; fileRef = 265741E52B747D260036D467 /* DataParserProtocol.swift */; };
		265741E82B747D350036D467 /* DataParser.swift in Sources */ = {isa = PBXBuildFile; fileRef = 265741E72B747D350036D467 /* DataParser.swift */; };
		265741EB2B7481910036D467 /* AuthTokenRequest.swift in Sources */ = {isa = PBXBuildFile; fileRef = 265741EA2B7481910036D467 /* AuthTokenRequest.swift */; };
		265741F02B7484750036D467 /* APIToken.swift in Sources */ = {isa = PBXBuildFile; fileRef = 265741EF2B7484750036D467 /* APIToken.swift */; };
		265741F22B749B210036D467 /* AnimalsRequest.swift in Sources */ = {isa = PBXBuildFile; fileRef = 265741F12B749B210036D467 /* AnimalsRequest.swift */; };
		265741F42B74A17F0036D467 /* AnimalsContainer.swift in Sources */ = {isa = PBXBuildFile; fileRef = 265741F32B74A17F0036D467 /* AnimalsContainer.swift */; };
		265741F62B74A3C40036D467 /* AnimalRow.swift in Sources */ = {isa = PBXBuildFile; fileRef = 265741F52B74A3C40036D467 /* AnimalRow.swift */; };
		265741F82B74A4570036D467 /* AnimalMock.swift in Sources */ = {isa = PBXBuildFile; fileRef = 265741F72B74A4570036D467 /* AnimalMock.swift */; };
		265741FA2B74AC310036D467 /* AccessTokenManagerProtocol.swift in Sources */ = {isa = PBXBuildFile; fileRef = 265741F92B74AC310036D467 /* AccessTokenManagerProtocol.swift */; };
		265741FC2B74AC940036D467 /* AccessTokenManager.swift in Sources */ = {isa = PBXBuildFile; fileRef = 265741FB2B74AC940036D467 /* AccessTokenManager.swift */; };
		265741FE2B74AF160036D467 /* AppUserDefaultsKeys.swift in Sources */ = {isa = PBXBuildFile; fileRef = 265741FD2B74AF160036D467 /* AppUserDefaultsKeys.swift */; };
		265741FF2B74B4080036D467 /* AnimalMockData.json in Resources */ = {isa = PBXBuildFile; fileRef = 265741CD2B6CB2F70036D467 /* AnimalMockData.json */; };
		265D74512B6C69630067A2A7 /* PetPurrsuitApp.swift in Sources */ = {isa = PBXBuildFile; fileRef = 265D74502B6C69630067A2A7 /* PetPurrsuitApp.swift */; };
		265D74532B6C69630067A2A7 /* ContentView.swift in Sources */ = {isa = PBXBuildFile; fileRef = 265D74522B6C69630067A2A7 /* ContentView.swift */; };
		265D74552B6C69640067A2A7 /* Assets.xcassets in Resources */ = {isa = PBXBuildFile; fileRef = 265D74542B6C69640067A2A7 /* Assets.xcassets */; };
		265D74582B6C69640067A2A7 /* Preview Assets.xcassets in Resources */ = {isa = PBXBuildFile; fileRef = 265D74572B6C69640067A2A7 /* Preview Assets.xcassets */; };
		265D745A2B6C69640067A2A7 /* Persistence.swift in Sources */ = {isa = PBXBuildFile; fileRef = 265D74592B6C69640067A2A7 /* Persistence.swift */; };
		265D745D2B6C69640067A2A7 /* PetPurrsuit.xcdatamodeld in Sources */ = {isa = PBXBuildFile; fileRef = 265D745B2B6C69640067A2A7 /* PetPurrsuit.xcdatamodeld */; };
		265D74672B6C69640067A2A7 /* PetPurrsuitTests.swift in Sources */ = {isa = PBXBuildFile; fileRef = 265D74662B6C69640067A2A7 /* PetPurrsuitTests.swift */; };
		265D74712B6C69640067A2A7 /* PetPurrsuitUITests.swift in Sources */ = {isa = PBXBuildFile; fileRef = 265D74702B6C69640067A2A7 /* PetPurrsuitUITests.swift */; };
		265D74732B6C69640067A2A7 /* PetPurrsuitUITestsLaunchTests.swift in Sources */ = {isa = PBXBuildFile; fileRef = 265D74722B6C69640067A2A7 /* PetPurrsuitUITestsLaunchTests.swift */; };
		265D74812B6C77210067A2A7 /* APIConstants.swift in Sources */ = {isa = PBXBuildFile; fileRef = 265D74802B6C77210067A2A7 /* APIConstants.swift */; };
		265D74852B6C79440067A2A7 /* AnimalBreed.swift in Sources */ = {isa = PBXBuildFile; fileRef = 265D74842B6C79440067A2A7 /* AnimalBreed.swift */; };
		265D74872B6C7FFA0067A2A7 /* AnimalType.swift in Sources */ = {isa = PBXBuildFile; fileRef = 265D74862B6C7FFA0067A2A7 /* AnimalType.swift */; };
		265D74892B6C81F10067A2A7 /* AnimalSize.swift in Sources */ = {isa = PBXBuildFile; fileRef = 265D74882B6C81F10067A2A7 /* AnimalSize.swift */; };
		265D748B2B6C85600067A2A7 /* AnimalGender.swift in Sources */ = {isa = PBXBuildFile; fileRef = 265D748A2B6C85600067A2A7 /* AnimalGender.swift */; };
		265D748D2B6C867B0067A2A7 /* AnimalColor.swift in Sources */ = {isa = PBXBuildFile; fileRef = 265D748C2B6C867B0067A2A7 /* AnimalColor.swift */; };
		265D748F2B6C87590067A2A7 /* AnimalCoat.swift in Sources */ = {isa = PBXBuildFile; fileRef = 265D748E2B6C87590067A2A7 /* AnimalCoat.swift */; };
		265D74912B6C88A00067A2A7 /* AnimalAdoptionStatus.swift in Sources */ = {isa = PBXBuildFile; fileRef = 265D74902B6C88A00067A2A7 /* AnimalAdoptionStatus.swift */; };
		265D74932B6C8A690067A2A7 /* AnimalBehaviorAttributes.swift in Sources */ = {isa = PBXBuildFile; fileRef = 265D74922B6C8A690067A2A7 /* AnimalBehaviorAttributes.swift */; };
		265D74952B6C8C6B0067A2A7 /* Pagination.swift in Sources */ = {isa = PBXBuildFile; fileRef = 265D74942B6C8C6B0067A2A7 /* Pagination.swift */; };
		2664BF192B9A48B90036C15E /* AnimalStore.swift in Sources */ = {isa = PBXBuildFile; fileRef = 2664BF182B9A48B90036C15E /* AnimalStore.swift */; };
		2664BF1B2B9A4A400036C15E /* AnimalStoreService.swift in Sources */ = {isa = PBXBuildFile; fileRef = 2664BF1A2B9A4A400036C15E /* AnimalStoreService.swift */; };
		2664BF1D2B9A5F1D0036C15E /* AnimalAttributesCard.swift in Sources */ = {isa = PBXBuildFile; fileRef = 2664BF1C2B9A5F1D0036C15E /* AnimalAttributesCard.swift */; };
		2664BF202B9A656D0036C15E /* AnimalsNearYouViewModelTestCase.swift in Sources */ = {isa = PBXBuildFile; fileRef = 2664BF1F2B9A656D0036C15E /* AnimalsNearYouViewModelTestCase.swift */; };
		2664BF232B9A7DE30036C15E /* EmptyResponseAnimalsFetcherMock.swift in Sources */ = {isa = PBXBuildFile; fileRef = 2664BF222B9A7DE30036C15E /* EmptyResponseAnimalsFetcherMock.swift */; };
		26686CC52B97D8CB000911CB /* CoreDataTests.swift in Sources */ = {isa = PBXBuildFile; fileRef = 26686CC42B97D8CB000911CB /* CoreDataTests.swift */; };
		26864BC52B97981A0091E862 /* AnimalPhotoSizes+CoreData.swift in Sources */ = {isa = PBXBuildFile; fileRef = 26864BC42B97981A0091E862 /* AnimalPhotoSizes+CoreData.swift */; };
		26864BC72B979AC90091E862 /* AnimalBehaviorAttributes+CoreData.swift in Sources */ = {isa = PBXBuildFile; fileRef = 26864BC62B979AC90091E862 /* AnimalBehaviorAttributes+CoreData.swift */; };
		26864BC92B979BF50091E862 /* AnimalEnvironment+CoreData.swift in Sources */ = {isa = PBXBuildFile; fileRef = 26864BC82B979BF50091E862 /* AnimalEnvironment+CoreData.swift */; };
		26864BCB2B979CB70091E862 /* AnimalColor+CoreData.swift in Sources */ = {isa = PBXBuildFile; fileRef = 26864BCA2B979CB70091E862 /* AnimalColor+CoreData.swift */; };
		26864BCD2B979D6F0091E862 /* ContactInfo+CoreData.swift in Sources */ = {isa = PBXBuildFile; fileRef = 26864BCC2B979D6F0091E862 /* ContactInfo+CoreData.swift */; };
		26864BCF2B97A6C90091E862 /* OrganizationInfo+CoreData.swift in Sources */ = {isa = PBXBuildFile; fileRef = 26864BCE2B97A6C90091E862 /* OrganizationInfo+CoreData.swift */; };
		26864BD12B97B2DE0091E862 /* User.swift in Sources */ = {isa = PBXBuildFile; fileRef = 26864BD02B97B2DE0091E862 /* User.swift */; };
		26864BD32B97B3460091E862 /* User+CoreData.swift in Sources */ = {isa = PBXBuildFile; fileRef = 26864BD22B97B3460091E862 /* User+CoreData.swift */; };
		26864BD52B97B3F40091E862 /* AnimalVideo+CoreData.swift in Sources */ = {isa = PBXBuildFile; fileRef = 26864BD42B97B3F40091E862 /* AnimalVideo+CoreData.swift */; };
		26864BD72B97B4810091E862 /* Address+CoreData.swift in Sources */ = {isa = PBXBuildFile; fileRef = 26864BD62B97B4810091E862 /* Address+CoreData.swift */; };
		268B2F5E2B9921BE002A3A54 /* AnimalsNearYouViewModel.swift in Sources */ = {isa = PBXBuildFile; fileRef = 268B2F5D2B9921BE002A3A54 /* AnimalsNearYouViewModel.swift */; };
		268B2F612B992EEB002A3A54 /* AnimalsFetcher.swift in Sources */ = {isa = PBXBuildFile; fileRef = 268B2F602B992EEB002A3A54 /* AnimalsFetcher.swift */; };
		2693B4E02B9935F00048E07B /* FetchAnimalsService.swift in Sources */ = {isa = PBXBuildFile; fileRef = 2693B4DF2B9935F00048E07B /* FetchAnimalsService.swift */; };
		2693B4E22B9938C80048E07B /* AnimalsFetcherMock.swift in Sources */ = {isa = PBXBuildFile; fileRef = 2693B4E12B9938C80048E07B /* AnimalsFetcherMock.swift */; };
		26B1DE312B97C368002CB40B /* CoreDataHelper.swift in Sources */ = {isa = PBXBuildFile; fileRef = 26B1DE302B97C368002CB40B /* CoreDataHelper.swift */; };
		26E030CC2B96AD6F007D5F98 /* AnimalBreed+CoreData.swift in Sources */ = {isa = PBXBuildFile; fileRef = 26E030CB2B96AD6F007D5F98 /* AnimalBreed+CoreData.swift */; };
		26E809082B9CEA5C00D0EC9B /* Assets.xcassets in Resources */ = {isa = PBXBuildFile; fileRef = 26E809062B9CEA2E00D0EC9B /* Assets.xcassets */; };
		26E8090A2B9CED9700D0EC9B /* PetSaveOnboardingView.swift in Sources */ = {isa = PBXBuildFile; fileRef = 26F67DF82B9CC36E0021C263 /* PetSaveOnboardingView.swift */; };
		26E8090B2B9CEF7900D0EC9B /* Assets.xcassets in Resources */ = {isa = PBXBuildFile; fileRef = 26E809062B9CEA2E00D0EC9B /* Assets.xcassets */; };
		26E8090D2B9D135B00D0EC9B /* LaunchScreen.storyboard in Resources */ = {isa = PBXBuildFile; fileRef = 26E8090C2B9D135B00D0EC9B /* LaunchScreen.storyboard */; };
		26E809112B9F767700D0EC9B /* AnimalHeaderView.swift in Sources */ = {isa = PBXBuildFile; fileRef = 26E809102B9F767700D0EC9B /* AnimalHeaderView.swift */; };
		26E809132B9F779300D0EC9B /* AnimalDetailRow.swift in Sources */ = {isa = PBXBuildFile; fileRef = 26E809122B9F779300D0EC9B /* AnimalDetailRow.swift */; };
		26E809152B9F77B700D0EC9B /* AnimalDetailCard.swift in Sources */ = {isa = PBXBuildFile; fileRef = 26E809142B9F77B700D0EC9B /* AnimalDetailCard.swift */; };
		26E809172B9F77F300D0EC9B /* AnimalContactsView.swift in Sources */ = {isa = PBXBuildFile; fileRef = 26E809162B9F77F300D0EC9B /* AnimalContactsView.swift */; };
		26E809192B9F782900D0EC9B /* AnimalContactLink.swift in Sources */ = {isa = PBXBuildFile; fileRef = 26E809182B9F782900D0EC9B /* AnimalContactLink.swift */; };
		26E8091B2B9F78EB00D0EC9B /* AnimalLocationView.swift in Sources */ = {isa = PBXBuildFile; fileRef = 26E8091A2B9F78EB00D0EC9B /* AnimalLocationView.swift */; };
		26E8091D2B9F792900D0EC9B /* AddressFetcher.swift in Sources */ = {isa = PBXBuildFile; fileRef = 26E8091C2B9F792900D0EC9B /* AddressFetcher.swift */; };
		26F23BC72B9F81E900633009 /* PetRankingView.swift in Sources */ = {isa = PBXBuildFile; fileRef = 26F23BC62B9F81E900633009 /* PetRankingView.swift */; };
		26F23BC92B9F828B00633009 /* PetRankingViewModel.swift in Sources */ = {isa = PBXBuildFile; fileRef = 26F23BC82B9F828B00633009 /* PetRankingViewModel.swift */; };
		26F23BCB2B9F85D100633009 /* PetRankImage.swift in Sources */ = {isa = PBXBuildFile; fileRef = 26F23BCA2B9F85D100633009 /* PetRankImage.swift */; };
		26F23BCD2B9FA9B500633009 /* Roboto-Medium.ttf in Resources */ = {isa = PBXBuildFile; fileRef = 26F23BCC2B9FA9B500633009 /* Roboto-Medium.ttf */; };
		26F23BCE2B9FA9B500633009 /* Roboto-Medium.ttf in Resources */ = {isa = PBXBuildFile; fileRef = 26F23BCC2B9FA9B500633009 /* Roboto-Medium.ttf */; };
		26F23BCF2B9FA9B500633009 /* Roboto-Medium.ttf in Resources */ = {isa = PBXBuildFile; fileRef = 26F23BCC2B9FA9B500633009 /* Roboto-Medium.ttf */; };
		26F23BD22B9FAF2D00633009 /* Localizable.xcstrings in Resources */ = {isa = PBXBuildFile; fileRef = 26F23BD12B9FAF2D00633009 /* Localizable.xcstrings */; };
		26F23BD32B9FAF2D00633009 /* Localizable.xcstrings in Resources */ = {isa = PBXBuildFile; fileRef = 26F23BD12B9FAF2D00633009 /* Localizable.xcstrings */; };
		26F23BD42B9FAF2D00633009 /* Localizable.xcstrings in Resources */ = {isa = PBXBuildFile; fileRef = 26F23BD12B9FAF2D00633009 /* Localizable.xcstrings */; };
		26F23BD62B9FB43E00633009 /* RequestLocationView.swift in Sources */ = {isa = PBXBuildFile; fileRef = 26F23BD52B9FB43E00633009 /* RequestLocationView.swift */; };
		26F67DA72B9A91350021C263 /* AnimalListView.swift in Sources */ = {isa = PBXBuildFile; fileRef = 26F67DA62B9A91350021C263 /* AnimalListView.swift */; };
		26F67DA92B9A9BCE0021C263 /* AnimalSearchViewModel.swift in Sources */ = {isa = PBXBuildFile; fileRef = 26F67DA82B9A9BCE0021C263 /* AnimalSearchViewModel.swift */; };
		26F67DAB2B9A9C440021C263 /* AnimalSearcher.swift in Sources */ = {isa = PBXBuildFile; fileRef = 26F67DAA2B9A9C440021C263 /* AnimalSearcher.swift */; };
		26F67DAD2B9A9CCD0021C263 /* AnimalSearchType.swift in Sources */ = {isa = PBXBuildFile; fileRef = 26F67DAC2B9A9CCD0021C263 /* AnimalSearchType.swift */; };
		26F67DAF2B9A9E830021C263 /* AnimalSearchAge.swift in Sources */ = {isa = PBXBuildFile; fileRef = 26F67DAE2B9A9E830021C263 /* AnimalSearchAge.swift */; };
		26F67DB12B9AA03B0021C263 /* AnimalSearcherService.swift in Sources */ = {isa = PBXBuildFile; fileRef = 26F67DB02B9AA03B0021C263 /* AnimalSearcherService.swift */; };
		26F67DB32B9B9DF70021C263 /* AnimalSearcherMock.swift in Sources */ = {isa = PBXBuildFile; fileRef = 26F67DB22B9B9DF70021C263 /* AnimalSearcherMock.swift */; };
		26F67DB52B9BA1960021C263 /* EmptyResultsView.swift in Sources */ = {isa = PBXBuildFile; fileRef = 26F67DB42B9BA1960021C263 /* EmptyResultsView.swift */; };
		26F67DB72B9BAB150021C263 /* SearchFilterView.swift in Sources */ = {isa = PBXBuildFile; fileRef = 26F67DB62B9BAB150021C263 /* SearchFilterView.swift */; };
		26F67DB92B9BB8700021C263 /* FilterAnimals.swift in Sources */ = {isa = PBXBuildFile; fileRef = 26F67DB82B9BB8700021C263 /* FilterAnimals.swift */; };
		26F67DBB2B9BDEAF0021C263 /* SuggestionsGrid.swift in Sources */ = {isa = PBXBuildFile; fileRef = 26F67DBA2B9BDEAF0021C263 /* SuggestionsGrid.swift */; };
		26F67DBD2B9BE0560021C263 /* AnimalTypeSuggestionView.swift in Sources */ = {isa = PBXBuildFile; fileRef = 26F67DBC2B9BE0560021C263 /* AnimalTypeSuggestionView.swift */; };
		26F67DC02B9BE8820021C263 /* AnimalSearchViewModelTestCase.swift in Sources */ = {isa = PBXBuildFile; fileRef = 26F67DBF2B9BE8820021C263 /* AnimalSearchViewModelTestCase.swift */; };
		26F67DCA2B9C8A1A0021C263 /* PetPurrsuitOnboarding.docc in Sources */ = {isa = PBXBuildFile; fileRef = 26F67DC92B9C8A1A0021C263 /* PetPurrsuitOnboarding.docc */; };
		26F67DD02B9C8A1A0021C263 /* PetPurrsuitOnboarding.framework in Frameworks */ = {isa = PBXBuildFile; fileRef = 26F67DC62B9C8A1A0021C263 /* PetPurrsuitOnboarding.framework */; };
		26F67DD72B9C8A1A0021C263 /* PetPurrsuitOnboardingTests.swift in Sources */ = {isa = PBXBuildFile; fileRef = 26F67DD62B9C8A1A0021C263 /* PetPurrsuitOnboardingTests.swift */; };
		26F67DD82B9C8A1A0021C263 /* PetPurrsuitOnboarding.h in Headers */ = {isa = PBXBuildFile; fileRef = 26F67DC82B9C8A1A0021C263 /* PetPurrsuitOnboarding.h */; settings = {ATTRIBUTES = (Public, ); }; };
		26F67DDB2B9C8A1A0021C263 /* PetPurrsuitOnboarding.framework in Frameworks */ = {isa = PBXBuildFile; fileRef = 26F67DC62B9C8A1A0021C263 /* PetPurrsuitOnboarding.framework */; };
		26F67DDC2B9C8A1A0021C263 /* PetPurrsuitOnboarding.framework in Embed Frameworks */ = {isa = PBXBuildFile; fileRef = 26F67DC62B9C8A1A0021C263 /* PetPurrsuitOnboarding.framework */; settings = {ATTRIBUTES = (CodeSignOnCopy, RemoveHeadersOnCopy, ); }; };
		26F67DE92B9C98140021C263 /* Bundle+Extension.swift in Sources */ = {isa = PBXBuildFile; fileRef = 26F67DE82B9C98140021C263 /* Bundle+Extension.swift */; };
		26F67DEB2B9C98280021C263 /* Color+Extension.swift in Sources */ = {isa = PBXBuildFile; fileRef = 26F67DEA2B9C98280021C263 /* Color+Extension.swift */; };
		26F67DED2B9C98380021C263 /* Image+Extension.swift in Sources */ = {isa = PBXBuildFile; fileRef = 26F67DEC2B9C98380021C263 /* Image+Extension.swift */; };
		26F67DF02B9C9B650021C263 /* OnboardingModel.swift in Sources */ = {isa = PBXBuildFile; fileRef = 26F67DEF2B9C9B650021C263 /* OnboardingModel.swift */; };
		26F67DF22B9C9B7A0021C263 /* Pet.swift in Sources */ = {isa = PBXBuildFile; fileRef = 26F67DF12B9C9B7A0021C263 /* Pet.swift */; };
		26F67DF52B9CB9C90021C263 /* OnboardingView.swift in Sources */ = {isa = PBXBuildFile; fileRef = 26F67DF42B9CB9C90021C263 /* OnboardingView.swift */; };
		26F67DF72B9CC0110021C263 /* OnboardingBackgroundView.swift in Sources */ = {isa = PBXBuildFile; fileRef = 26F67DF62B9CC0110021C263 /* OnboardingBackgroundView.swift */; };
		26F67DFB2B9CDD180021C263 /* OnboardingButtonStyle.swift in Sources */ = {isa = PBXBuildFile; fileRef = 26F67DFA2B9CDD180021C263 /* OnboardingButtonStyle.swift */; };
/* End PBXBuildFile section */

/* Begin PBXContainerItemProxy section */
		265D74632B6C69640067A2A7 /* PBXContainerItemProxy */ = {
			isa = PBXContainerItemProxy;
			containerPortal = 265D74452B6C69630067A2A7 /* Project object */;
			proxyType = 1;
			remoteGlobalIDString = 265D744C2B6C69630067A2A7;
			remoteInfo = PetPurrsuit;
		};
		265D746D2B6C69640067A2A7 /* PBXContainerItemProxy */ = {
			isa = PBXContainerItemProxy;
			containerPortal = 265D74452B6C69630067A2A7 /* Project object */;
			proxyType = 1;
			remoteGlobalIDString = 265D744C2B6C69630067A2A7;
			remoteInfo = PetPurrsuit;
		};
		26F67DD12B9C8A1A0021C263 /* PBXContainerItemProxy */ = {
			isa = PBXContainerItemProxy;
			containerPortal = 265D74452B6C69630067A2A7 /* Project object */;
			proxyType = 1;
			remoteGlobalIDString = 26F67DC52B9C8A1A0021C263;
			remoteInfo = PetPurrsuitOnboarding;
		};
		26F67DD32B9C8A1A0021C263 /* PBXContainerItemProxy */ = {
			isa = PBXContainerItemProxy;
			containerPortal = 265D74452B6C69630067A2A7 /* Project object */;
			proxyType = 1;
			remoteGlobalIDString = 265D744C2B6C69630067A2A7;
			remoteInfo = PetPurrsuit;
		};
		26F67DD92B9C8A1A0021C263 /* PBXContainerItemProxy */ = {
			isa = PBXContainerItemProxy;
			containerPortal = 265D74452B6C69630067A2A7 /* Project object */;
			proxyType = 1;
			remoteGlobalIDString = 26F67DC52B9C8A1A0021C263;
			remoteInfo = PetPurrsuitOnboarding;
		};
/* End PBXContainerItemProxy section */

/* Begin PBXCopyFilesBuildPhase section */
		26F67DE02B9C8A1A0021C263 /* Embed Frameworks */ = {
			isa = PBXCopyFilesBuildPhase;
			buildActionMask = 2147483647;
			dstPath = "";
			dstSubfolderSpec = 10;
			files = (
				26F67DDC2B9C8A1A0021C263 /* PetPurrsuitOnboarding.framework in Embed Frameworks */,
			);
			name = "Embed Frameworks";
			runOnlyForDeploymentPostprocessing = 0;
		};
/* End PBXCopyFilesBuildPhase section */

/* Begin PBXFileReference section */
		262B4A6F2B98E08B000ED652 /* AnimalDetailsView.swift */ = {isa = PBXFileReference; lastKnownFileType = sourcecode.swift; path = AnimalDetailsView.swift; sourceTree = "<group>"; };
		262B4A712B98E8CB000ED652 /* LocationManager.swift */ = {isa = PBXFileReference; lastKnownFileType = sourcecode.swift; path = LocationManager.swift; sourceTree = "<group>"; };
		263AE4C92B8781310033CF3C /* Animal+CoreData.swift */ = {isa = PBXFileReference; lastKnownFileType = sourcecode.swift; path = "Animal+CoreData.swift"; sourceTree = "<group>"; };
		263AE4CC2B87B4810033CF3C /* CoreDataPersistable.swift */ = {isa = PBXFileReference; lastKnownFileType = sourcecode.swift; path = CoreDataPersistable.swift; sourceTree = "<group>"; };
		264681FD2B781E06008FAB39 /* AccessTokenMockHelper.swift */ = {isa = PBXFileReference; lastKnownFileType = sourcecode.swift; path = AccessTokenMockHelper.swift; sourceTree = "<group>"; };
		264681FF2B782742008FAB39 /* AnimalsRequestMock.swift */ = {isa = PBXFileReference; lastKnownFileType = sourcecode.swift; path = AnimalsRequestMock.swift; sourceTree = "<group>"; };
		264682012B782CDB008FAB39 /* NetworkRequestManagerTests.swift */ = {isa = PBXFileReference; lastKnownFileType = sourcecode.swift; path = NetworkRequestManagerTests.swift; sourceTree = "<group>"; };
		264682032B784550008FAB39 /* AccessTokenManagerTests.swift */ = {isa = PBXFileReference; lastKnownFileType = sourcecode.swift; path = AccessTokenManagerTests.swift; sourceTree = "<group>"; };
		264682072B785D0D008FAB39 /* AccessTokenManagerMock.swift */ = {isa = PBXFileReference; lastKnownFileType = sourcecode.swift; path = AccessTokenManagerMock.swift; sourceTree = "<group>"; };
		26543B312B74CAC700BC7E7A /* PetFinderAPIManagerMock.swift */ = {isa = PBXFileReference; lastKnownFileType = sourcecode.swift; path = PetFinderAPIManagerMock.swift; sourceTree = "<group>"; };
		265741B22B6C91BC0036D467 /* AnimalDetails.swift */ = {isa = PBXFileReference; lastKnownFileType = sourcecode.swift; path = AnimalDetails.swift; sourceTree = "<group>"; };
		265741B42B6C920A0036D467 /* AnimalAge.swift */ = {isa = PBXFileReference; lastKnownFileType = sourcecode.swift; path = AnimalAge.swift; sourceTree = "<group>"; };
		265741B72B6C94160036D467 /* OrganizationInfo.swift */ = {isa = PBXFileReference; lastKnownFileType = sourcecode.swift; path = OrganizationInfo.swift; sourceTree = "<group>"; };
		265741B92B6C94230036D467 /* ContactInfo.swift */ = {isa = PBXFileReference; lastKnownFileType = sourcecode.swift; path = ContactInfo.swift; sourceTree = "<group>"; };
		265741BB2B6C94480036D467 /* Address.swift */ = {isa = PBXFileReference; lastKnownFileType = sourcecode.swift; path = Address.swift; sourceTree = "<group>"; };
		265741BD2B6C96100036D467 /* AnimalPhotoSizes.swift */ = {isa = PBXFileReference; lastKnownFileType = sourcecode.swift; path = AnimalPhotoSizes.swift; sourceTree = "<group>"; };
		265741C42B6CA9770036D467 /* Animal.swift */ = {isa = PBXFileReference; lastKnownFileType = sourcecode.swift; path = Animal.swift; sourceTree = "<group>"; };
		265741C62B6CAABE0036D467 /* AnimalVideo.swift */ = {isa = PBXFileReference; lastKnownFileType = sourcecode.swift; path = AnimalVideo.swift; sourceTree = "<group>"; };
		265741C82B6CAB8B0036D467 /* AnimalEnvironment.swift */ = {isa = PBXFileReference; lastKnownFileType = sourcecode.swift; path = AnimalEnvironment.swift; sourceTree = "<group>"; };
		265741CD2B6CB2F70036D467 /* AnimalMockData.json */ = {isa = PBXFileReference; lastKnownFileType = text.json; path = AnimalMockData.json; sourceTree = "<group>"; };
		265741CF2B6CB86C0036D467 /* SearchAnimalsView.swift */ = {isa = PBXFileReference; lastKnownFileType = sourcecode.swift; path = SearchAnimalsView.swift; sourceTree = "<group>"; };
		265741D12B6CB9200036D467 /* AnimalsNearYouView.swift */ = {isa = PBXFileReference; lastKnownFileType = sourcecode.swift; path = AnimalsNearYouView.swift; sourceTree = "<group>"; };
		265741D62B6D5C720036D467 /* RequestProtocol.swift */ = {isa = PBXFileReference; lastKnownFileType = sourcecode.swift; path = RequestProtocol.swift; sourceTree = "<group>"; };
		265741D82B6D5E4A0036D467 /* RequestType.swift */ = {isa = PBXFileReference; lastKnownFileType = sourcecode.swift; path = RequestType.swift; sourceTree = "<group>"; };
		265741DA2B74405D0036D467 /* NetworkError.swift */ = {isa = PBXFileReference; lastKnownFileType = sourcecode.swift; path = NetworkError.swift; sourceTree = "<group>"; };
		265741DC2B7478500036D467 /* APIManagerProtocol.swift */ = {isa = PBXFileReference; lastKnownFileType = sourcecode.swift; path = APIManagerProtocol.swift; sourceTree = "<group>"; };
		265741DE2B7478EF0036D467 /* APIManager.swift */ = {isa = PBXFileReference; lastKnownFileType = sourcecode.swift; path = APIManager.swift; sourceTree = "<group>"; };
		265741E02B747B2B0036D467 /* RequestManagerProtocol.swift */ = {isa = PBXFileReference; lastKnownFileType = sourcecode.swift; path = RequestManagerProtocol.swift; sourceTree = "<group>"; };
		265741E22B747B440036D467 /* RequestManager.swift */ = {isa = PBXFileReference; lastKnownFileType = sourcecode.swift; path = RequestManager.swift; sourceTree = "<group>"; };
		265741E52B747D260036D467 /* DataParserProtocol.swift */ = {isa = PBXFileReference; lastKnownFileType = sourcecode.swift; path = DataParserProtocol.swift; sourceTree = "<group>"; };
		265741E72B747D350036D467 /* DataParser.swift */ = {isa = PBXFileReference; lastKnownFileType = sourcecode.swift; path = DataParser.swift; sourceTree = "<group>"; };
		265741EA2B7481910036D467 /* AuthTokenRequest.swift */ = {isa = PBXFileReference; lastKnownFileType = sourcecode.swift; path = AuthTokenRequest.swift; sourceTree = "<group>"; };
		265741EF2B7484750036D467 /* APIToken.swift */ = {isa = PBXFileReference; lastKnownFileType = sourcecode.swift; path = APIToken.swift; sourceTree = "<group>"; };
		265741F12B749B210036D467 /* AnimalsRequest.swift */ = {isa = PBXFileReference; lastKnownFileType = sourcecode.swift; path = AnimalsRequest.swift; sourceTree = "<group>"; };
		265741F32B74A17F0036D467 /* AnimalsContainer.swift */ = {isa = PBXFileReference; lastKnownFileType = sourcecode.swift; path = AnimalsContainer.swift; sourceTree = "<group>"; };
		265741F52B74A3C40036D467 /* AnimalRow.swift */ = {isa = PBXFileReference; lastKnownFileType = sourcecode.swift; path = AnimalRow.swift; sourceTree = "<group>"; };
		265741F72B74A4570036D467 /* AnimalMock.swift */ = {isa = PBXFileReference; lastKnownFileType = sourcecode.swift; path = AnimalMock.swift; sourceTree = "<group>"; };
		265741F92B74AC310036D467 /* AccessTokenManagerProtocol.swift */ = {isa = PBXFileReference; lastKnownFileType = sourcecode.swift; path = AccessTokenManagerProtocol.swift; sourceTree = "<group>"; };
		265741FB2B74AC940036D467 /* AccessTokenManager.swift */ = {isa = PBXFileReference; lastKnownFileType = sourcecode.swift; path = AccessTokenManager.swift; sourceTree = "<group>"; };
		265741FD2B74AF160036D467 /* AppUserDefaultsKeys.swift */ = {isa = PBXFileReference; lastKnownFileType = sourcecode.swift; path = AppUserDefaultsKeys.swift; sourceTree = "<group>"; };
		265D744D2B6C69630067A2A7 /* PetPurrsuit.app */ = {isa = PBXFileReference; explicitFileType = wrapper.application; includeInIndex = 0; path = PetPurrsuit.app; sourceTree = BUILT_PRODUCTS_DIR; };
		265D74502B6C69630067A2A7 /* PetPurrsuitApp.swift */ = {isa = PBXFileReference; lastKnownFileType = sourcecode.swift; path = PetPurrsuitApp.swift; sourceTree = "<group>"; };
		265D74522B6C69630067A2A7 /* ContentView.swift */ = {isa = PBXFileReference; lastKnownFileType = sourcecode.swift; path = ContentView.swift; sourceTree = "<group>"; };
		265D74542B6C69640067A2A7 /* Assets.xcassets */ = {isa = PBXFileReference; lastKnownFileType = folder.assetcatalog; path = Assets.xcassets; sourceTree = "<group>"; };
		265D74572B6C69640067A2A7 /* Preview Assets.xcassets */ = {isa = PBXFileReference; lastKnownFileType = folder.assetcatalog; path = "Preview Assets.xcassets"; sourceTree = "<group>"; };
		265D74592B6C69640067A2A7 /* Persistence.swift */ = {isa = PBXFileReference; lastKnownFileType = sourcecode.swift; path = Persistence.swift; sourceTree = "<group>"; };
		265D745C2B6C69640067A2A7 /* PetPurrsuit.xcdatamodel */ = {isa = PBXFileReference; lastKnownFileType = wrapper.xcdatamodel; path = PetPurrsuit.xcdatamodel; sourceTree = "<group>"; };
		265D74622B6C69640067A2A7 /* PetPurrsuitTests.xctest */ = {isa = PBXFileReference; explicitFileType = wrapper.cfbundle; includeInIndex = 0; path = PetPurrsuitTests.xctest; sourceTree = BUILT_PRODUCTS_DIR; };
		265D74662B6C69640067A2A7 /* PetPurrsuitTests.swift */ = {isa = PBXFileReference; lastKnownFileType = sourcecode.swift; path = PetPurrsuitTests.swift; sourceTree = "<group>"; };
		265D746C2B6C69640067A2A7 /* PetPurrsuitUITests.xctest */ = {isa = PBXFileReference; explicitFileType = wrapper.cfbundle; includeInIndex = 0; path = PetPurrsuitUITests.xctest; sourceTree = BUILT_PRODUCTS_DIR; };
		265D74702B6C69640067A2A7 /* PetPurrsuitUITests.swift */ = {isa = PBXFileReference; lastKnownFileType = sourcecode.swift; path = PetPurrsuitUITests.swift; sourceTree = "<group>"; };
		265D74722B6C69640067A2A7 /* PetPurrsuitUITestsLaunchTests.swift */ = {isa = PBXFileReference; lastKnownFileType = sourcecode.swift; path = PetPurrsuitUITestsLaunchTests.swift; sourceTree = "<group>"; };
		265D74802B6C77210067A2A7 /* APIConstants.swift */ = {isa = PBXFileReference; lastKnownFileType = sourcecode.swift; path = APIConstants.swift; sourceTree = "<group>"; };
		265D74842B6C79440067A2A7 /* AnimalBreed.swift */ = {isa = PBXFileReference; lastKnownFileType = sourcecode.swift; path = AnimalBreed.swift; sourceTree = "<group>"; };
		265D74862B6C7FFA0067A2A7 /* AnimalType.swift */ = {isa = PBXFileReference; lastKnownFileType = sourcecode.swift; path = AnimalType.swift; sourceTree = "<group>"; };
		265D74882B6C81F10067A2A7 /* AnimalSize.swift */ = {isa = PBXFileReference; lastKnownFileType = sourcecode.swift; path = AnimalSize.swift; sourceTree = "<group>"; };
		265D748A2B6C85600067A2A7 /* AnimalGender.swift */ = {isa = PBXFileReference; lastKnownFileType = sourcecode.swift; path = AnimalGender.swift; sourceTree = "<group>"; };
		265D748C2B6C867B0067A2A7 /* AnimalColor.swift */ = {isa = PBXFileReference; lastKnownFileType = sourcecode.swift; path = AnimalColor.swift; sourceTree = "<group>"; };
		265D748E2B6C87590067A2A7 /* AnimalCoat.swift */ = {isa = PBXFileReference; lastKnownFileType = sourcecode.swift; path = AnimalCoat.swift; sourceTree = "<group>"; };
		265D74902B6C88A00067A2A7 /* AnimalAdoptionStatus.swift */ = {isa = PBXFileReference; lastKnownFileType = sourcecode.swift; path = AnimalAdoptionStatus.swift; sourceTree = "<group>"; };
		265D74922B6C8A690067A2A7 /* AnimalBehaviorAttributes.swift */ = {isa = PBXFileReference; lastKnownFileType = sourcecode.swift; path = AnimalBehaviorAttributes.swift; sourceTree = "<group>"; };
		265D74942B6C8C6B0067A2A7 /* Pagination.swift */ = {isa = PBXFileReference; lastKnownFileType = sourcecode.swift; path = Pagination.swift; sourceTree = "<group>"; };
		2664BF182B9A48B90036C15E /* AnimalStore.swift */ = {isa = PBXFileReference; lastKnownFileType = sourcecode.swift; path = AnimalStore.swift; sourceTree = "<group>"; };
		2664BF1A2B9A4A400036C15E /* AnimalStoreService.swift */ = {isa = PBXFileReference; lastKnownFileType = sourcecode.swift; path = AnimalStoreService.swift; sourceTree = "<group>"; };
		2664BF1C2B9A5F1D0036C15E /* AnimalAttributesCard.swift */ = {isa = PBXFileReference; lastKnownFileType = sourcecode.swift; path = AnimalAttributesCard.swift; sourceTree = "<group>"; };
		2664BF1F2B9A656D0036C15E /* AnimalsNearYouViewModelTestCase.swift */ = {isa = PBXFileReference; lastKnownFileType = sourcecode.swift; path = AnimalsNearYouViewModelTestCase.swift; sourceTree = "<group>"; };
		2664BF222B9A7DE30036C15E /* EmptyResponseAnimalsFetcherMock.swift */ = {isa = PBXFileReference; lastKnownFileType = sourcecode.swift; path = EmptyResponseAnimalsFetcherMock.swift; sourceTree = "<group>"; };
		26686CC42B97D8CB000911CB /* CoreDataTests.swift */ = {isa = PBXFileReference; lastKnownFileType = sourcecode.swift; path = CoreDataTests.swift; sourceTree = "<group>"; };
		26864BC42B97981A0091E862 /* AnimalPhotoSizes+CoreData.swift */ = {isa = PBXFileReference; lastKnownFileType = sourcecode.swift; path = "AnimalPhotoSizes+CoreData.swift"; sourceTree = "<group>"; };
		26864BC62B979AC90091E862 /* AnimalBehaviorAttributes+CoreData.swift */ = {isa = PBXFileReference; lastKnownFileType = sourcecode.swift; path = "AnimalBehaviorAttributes+CoreData.swift"; sourceTree = "<group>"; };
		26864BC82B979BF50091E862 /* AnimalEnvironment+CoreData.swift */ = {isa = PBXFileReference; lastKnownFileType = sourcecode.swift; path = "AnimalEnvironment+CoreData.swift"; sourceTree = "<group>"; };
		26864BCA2B979CB70091E862 /* AnimalColor+CoreData.swift */ = {isa = PBXFileReference; lastKnownFileType = sourcecode.swift; path = "AnimalColor+CoreData.swift"; sourceTree = "<group>"; };
		26864BCC2B979D6F0091E862 /* ContactInfo+CoreData.swift */ = {isa = PBXFileReference; lastKnownFileType = sourcecode.swift; path = "ContactInfo+CoreData.swift"; sourceTree = "<group>"; };
		26864BCE2B97A6C90091E862 /* OrganizationInfo+CoreData.swift */ = {isa = PBXFileReference; lastKnownFileType = sourcecode.swift; path = "OrganizationInfo+CoreData.swift"; sourceTree = "<group>"; };
		26864BD02B97B2DE0091E862 /* User.swift */ = {isa = PBXFileReference; lastKnownFileType = sourcecode.swift; path = User.swift; sourceTree = "<group>"; };
		26864BD22B97B3460091E862 /* User+CoreData.swift */ = {isa = PBXFileReference; lastKnownFileType = sourcecode.swift; path = "User+CoreData.swift"; sourceTree = "<group>"; };
		26864BD42B97B3F40091E862 /* AnimalVideo+CoreData.swift */ = {isa = PBXFileReference; lastKnownFileType = sourcecode.swift; path = "AnimalVideo+CoreData.swift"; sourceTree = "<group>"; };
		26864BD62B97B4810091E862 /* Address+CoreData.swift */ = {isa = PBXFileReference; lastKnownFileType = sourcecode.swift; path = "Address+CoreData.swift"; sourceTree = "<group>"; };
		268B2F5A2B98F3F2002A3A54 /* PetPurrsuit.entitlements */ = {isa = PBXFileReference; lastKnownFileType = text.plist.entitlements; path = PetPurrsuit.entitlements; sourceTree = "<group>"; };
		268B2F5D2B9921BE002A3A54 /* AnimalsNearYouViewModel.swift */ = {isa = PBXFileReference; lastKnownFileType = sourcecode.swift; path = AnimalsNearYouViewModel.swift; sourceTree = "<group>"; };
		268B2F602B992EEB002A3A54 /* AnimalsFetcher.swift */ = {isa = PBXFileReference; lastKnownFileType = sourcecode.swift; path = AnimalsFetcher.swift; sourceTree = "<group>"; };
		2693B4DF2B9935F00048E07B /* FetchAnimalsService.swift */ = {isa = PBXFileReference; lastKnownFileType = sourcecode.swift; path = FetchAnimalsService.swift; sourceTree = "<group>"; };
		2693B4E12B9938C80048E07B /* AnimalsFetcherMock.swift */ = {isa = PBXFileReference; lastKnownFileType = sourcecode.swift; path = AnimalsFetcherMock.swift; sourceTree = "<group>"; };
		26B1DE302B97C368002CB40B /* CoreDataHelper.swift */ = {isa = PBXFileReference; lastKnownFileType = sourcecode.swift; path = CoreDataHelper.swift; sourceTree = "<group>"; };
		26E030CB2B96AD6F007D5F98 /* AnimalBreed+CoreData.swift */ = {isa = PBXFileReference; lastKnownFileType = sourcecode.swift; path = "AnimalBreed+CoreData.swift"; sourceTree = "<group>"; };
		26E809062B9CEA2E00D0EC9B /* Assets.xcassets */ = {isa = PBXFileReference; lastKnownFileType = folder.assetcatalog; path = Assets.xcassets; sourceTree = "<group>"; };
		26E8090C2B9D135B00D0EC9B /* LaunchScreen.storyboard */ = {isa = PBXFileReference; lastKnownFileType = file.storyboard; path = LaunchScreen.storyboard; sourceTree = "<group>"; };
		26E809102B9F767700D0EC9B /* AnimalHeaderView.swift */ = {isa = PBXFileReference; lastKnownFileType = sourcecode.swift; path = AnimalHeaderView.swift; sourceTree = "<group>"; };
		26E809122B9F779300D0EC9B /* AnimalDetailRow.swift */ = {isa = PBXFileReference; lastKnownFileType = sourcecode.swift; path = AnimalDetailRow.swift; sourceTree = "<group>"; };
		26E809142B9F77B700D0EC9B /* AnimalDetailCard.swift */ = {isa = PBXFileReference; lastKnownFileType = sourcecode.swift; path = AnimalDetailCard.swift; sourceTree = "<group>"; };
		26E809162B9F77F300D0EC9B /* AnimalContactsView.swift */ = {isa = PBXFileReference; lastKnownFileType = sourcecode.swift; path = AnimalContactsView.swift; sourceTree = "<group>"; };
		26E809182B9F782900D0EC9B /* AnimalContactLink.swift */ = {isa = PBXFileReference; lastKnownFileType = sourcecode.swift; path = AnimalContactLink.swift; sourceTree = "<group>"; };
		26E8091A2B9F78EB00D0EC9B /* AnimalLocationView.swift */ = {isa = PBXFileReference; lastKnownFileType = sourcecode.swift; path = AnimalLocationView.swift; sourceTree = "<group>"; };
		26E8091C2B9F792900D0EC9B /* AddressFetcher.swift */ = {isa = PBXFileReference; lastKnownFileType = sourcecode.swift; path = AddressFetcher.swift; sourceTree = "<group>"; };
		26F23BC62B9F81E900633009 /* PetRankingView.swift */ = {isa = PBXFileReference; lastKnownFileType = sourcecode.swift; path = PetRankingView.swift; sourceTree = "<group>"; };
		26F23BC82B9F828B00633009 /* PetRankingViewModel.swift */ = {isa = PBXFileReference; lastKnownFileType = sourcecode.swift; path = PetRankingViewModel.swift; sourceTree = "<group>"; };
		26F23BCA2B9F85D100633009 /* PetRankImage.swift */ = {isa = PBXFileReference; lastKnownFileType = sourcecode.swift; path = PetRankImage.swift; sourceTree = "<group>"; };
		26F23BCC2B9FA9B500633009 /* Roboto-Medium.ttf */ = {isa = PBXFileReference; lastKnownFileType = file; path = "Roboto-Medium.ttf"; sourceTree = "<group>"; };
		26F23BD02B9FA9E200633009 /* Info.plist */ = {isa = PBXFileReference; lastKnownFileType = text.plist; path = Info.plist; sourceTree = "<group>"; };
		26F23BD12B9FAF2D00633009 /* Localizable.xcstrings */ = {isa = PBXFileReference; lastKnownFileType = text.json.xcstrings; path = Localizable.xcstrings; sourceTree = "<group>"; };
		26F23BD52B9FB43E00633009 /* RequestLocationView.swift */ = {isa = PBXFileReference; lastKnownFileType = sourcecode.swift; path = RequestLocationView.swift; sourceTree = "<group>"; };
		26F67DA62B9A91350021C263 /* AnimalListView.swift */ = {isa = PBXFileReference; lastKnownFileType = sourcecode.swift; path = AnimalListView.swift; sourceTree = "<group>"; };
		26F67DA82B9A9BCE0021C263 /* AnimalSearchViewModel.swift */ = {isa = PBXFileReference; lastKnownFileType = sourcecode.swift; path = AnimalSearchViewModel.swift; sourceTree = "<group>"; };
		26F67DAA2B9A9C440021C263 /* AnimalSearcher.swift */ = {isa = PBXFileReference; lastKnownFileType = sourcecode.swift; path = AnimalSearcher.swift; sourceTree = "<group>"; };
		26F67DAC2B9A9CCD0021C263 /* AnimalSearchType.swift */ = {isa = PBXFileReference; lastKnownFileType = sourcecode.swift; path = AnimalSearchType.swift; sourceTree = "<group>"; };
		26F67DAE2B9A9E830021C263 /* AnimalSearchAge.swift */ = {isa = PBXFileReference; lastKnownFileType = sourcecode.swift; path = AnimalSearchAge.swift; sourceTree = "<group>"; };
		26F67DB02B9AA03B0021C263 /* AnimalSearcherService.swift */ = {isa = PBXFileReference; lastKnownFileType = sourcecode.swift; path = AnimalSearcherService.swift; sourceTree = "<group>"; };
		26F67DB22B9B9DF70021C263 /* AnimalSearcherMock.swift */ = {isa = PBXFileReference; lastKnownFileType = sourcecode.swift; path = AnimalSearcherMock.swift; sourceTree = "<group>"; };
		26F67DB42B9BA1960021C263 /* EmptyResultsView.swift */ = {isa = PBXFileReference; lastKnownFileType = sourcecode.swift; path = EmptyResultsView.swift; sourceTree = "<group>"; };
		26F67DB62B9BAB150021C263 /* SearchFilterView.swift */ = {isa = PBXFileReference; lastKnownFileType = sourcecode.swift; path = SearchFilterView.swift; sourceTree = "<group>"; };
		26F67DB82B9BB8700021C263 /* FilterAnimals.swift */ = {isa = PBXFileReference; lastKnownFileType = sourcecode.swift; path = FilterAnimals.swift; sourceTree = "<group>"; };
		26F67DBA2B9BDEAF0021C263 /* SuggestionsGrid.swift */ = {isa = PBXFileReference; lastKnownFileType = sourcecode.swift; path = SuggestionsGrid.swift; sourceTree = "<group>"; };
		26F67DBC2B9BE0560021C263 /* AnimalTypeSuggestionView.swift */ = {isa = PBXFileReference; lastKnownFileType = sourcecode.swift; path = AnimalTypeSuggestionView.swift; sourceTree = "<group>"; };
		26F67DBF2B9BE8820021C263 /* AnimalSearchViewModelTestCase.swift */ = {isa = PBXFileReference; lastKnownFileType = sourcecode.swift; path = AnimalSearchViewModelTestCase.swift; sourceTree = "<group>"; };
		26F67DC62B9C8A1A0021C263 /* PetPurrsuitOnboarding.framework */ = {isa = PBXFileReference; explicitFileType = wrapper.framework; includeInIndex = 0; path = PetPurrsuitOnboarding.framework; sourceTree = BUILT_PRODUCTS_DIR; };
		26F67DC82B9C8A1A0021C263 /* PetPurrsuitOnboarding.h */ = {isa = PBXFileReference; lastKnownFileType = sourcecode.c.h; path = PetPurrsuitOnboarding.h; sourceTree = "<group>"; };
		26F67DC92B9C8A1A0021C263 /* PetPurrsuitOnboarding.docc */ = {isa = PBXFileReference; lastKnownFileType = folder.documentationcatalog; path = PetPurrsuitOnboarding.docc; sourceTree = "<group>"; };
		26F67DCF2B9C8A1A0021C263 /* PetPurrsuitOnboardingTests.xctest */ = {isa = PBXFileReference; explicitFileType = wrapper.cfbundle; includeInIndex = 0; path = PetPurrsuitOnboardingTests.xctest; sourceTree = BUILT_PRODUCTS_DIR; };
		26F67DD62B9C8A1A0021C263 /* PetPurrsuitOnboardingTests.swift */ = {isa = PBXFileReference; lastKnownFileType = sourcecode.swift; path = PetPurrsuitOnboardingTests.swift; sourceTree = "<group>"; };
		26F67DE82B9C98140021C263 /* Bundle+Extension.swift */ = {isa = PBXFileReference; lastKnownFileType = sourcecode.swift; path = "Bundle+Extension.swift"; sourceTree = "<group>"; };
		26F67DEA2B9C98280021C263 /* Color+Extension.swift */ = {isa = PBXFileReference; lastKnownFileType = sourcecode.swift; path = "Color+Extension.swift"; sourceTree = "<group>"; };
		26F67DEC2B9C98380021C263 /* Image+Extension.swift */ = {isa = PBXFileReference; lastKnownFileType = sourcecode.swift; path = "Image+Extension.swift"; sourceTree = "<group>"; };
		26F67DEF2B9C9B650021C263 /* OnboardingModel.swift */ = {isa = PBXFileReference; lastKnownFileType = sourcecode.swift; path = OnboardingModel.swift; sourceTree = "<group>"; };
		26F67DF12B9C9B7A0021C263 /* Pet.swift */ = {isa = PBXFileReference; lastKnownFileType = sourcecode.swift; path = Pet.swift; sourceTree = "<group>"; };
		26F67DF42B9CB9C90021C263 /* OnboardingView.swift */ = {isa = PBXFileReference; lastKnownFileType = sourcecode.swift; path = OnboardingView.swift; sourceTree = "<group>"; };
		26F67DF62B9CC0110021C263 /* OnboardingBackgroundView.swift */ = {isa = PBXFileReference; lastKnownFileType = sourcecode.swift; path = OnboardingBackgroundView.swift; sourceTree = "<group>"; };
		26F67DF82B9CC36E0021C263 /* PetSaveOnboardingView.swift */ = {isa = PBXFileReference; lastKnownFileType = sourcecode.swift; path = PetSaveOnboardingView.swift; sourceTree = "<group>"; };
		26F67DFA2B9CDD180021C263 /* OnboardingButtonStyle.swift */ = {isa = PBXFileReference; lastKnownFileType = sourcecode.swift; path = OnboardingButtonStyle.swift; sourceTree = "<group>"; };
/* End PBXFileReference section */

/* Begin PBXFrameworksBuildPhase section */
		265D744A2B6C69630067A2A7 /* Frameworks */ = {
			isa = PBXFrameworksBuildPhase;
			buildActionMask = 2147483647;
			files = (
				26F67DDB2B9C8A1A0021C263 /* PetPurrsuitOnboarding.framework in Frameworks */,
			);
			runOnlyForDeploymentPostprocessing = 0;
		};
		265D745F2B6C69640067A2A7 /* Frameworks */ = {
			isa = PBXFrameworksBuildPhase;
			buildActionMask = 2147483647;
			files = (
			);
			runOnlyForDeploymentPostprocessing = 0;
		};
		265D74692B6C69640067A2A7 /* Frameworks */ = {
			isa = PBXFrameworksBuildPhase;
			buildActionMask = 2147483647;
			files = (
			);
			runOnlyForDeploymentPostprocessing = 0;
		};
		26F67DC32B9C8A1A0021C263 /* Frameworks */ = {
			isa = PBXFrameworksBuildPhase;
			buildActionMask = 2147483647;
			files = (
			);
			runOnlyForDeploymentPostprocessing = 0;
		};
		26F67DCC2B9C8A1A0021C263 /* Frameworks */ = {
			isa = PBXFrameworksBuildPhase;
			buildActionMask = 2147483647;
			files = (
				26F67DD02B9C8A1A0021C263 /* PetPurrsuitOnboarding.framework in Frameworks */,
			);
			runOnlyForDeploymentPostprocessing = 0;
		};
/* End PBXFrameworksBuildPhase section */

/* Begin PBXGroup section */
		263AE4CB2B87B4580033CF3C /* Extensions */ = {
			isa = PBXGroup;
			children = (
				26864BD62B97B4810091E862 /* Address+CoreData.swift */,
				263AE4C92B8781310033CF3C /* Animal+CoreData.swift */,
				26864BC62B979AC90091E862 /* AnimalBehaviorAttributes+CoreData.swift */,
				26E030CB2B96AD6F007D5F98 /* AnimalBreed+CoreData.swift */,
				26864BCA2B979CB70091E862 /* AnimalColor+CoreData.swift */,
				26864BC82B979BF50091E862 /* AnimalEnvironment+CoreData.swift */,
				26864BC42B97981A0091E862 /* AnimalPhotoSizes+CoreData.swift */,
				26864BD42B97B3F40091E862 /* AnimalVideo+CoreData.swift */,
				26864BCC2B979D6F0091E862 /* ContactInfo+CoreData.swift */,
				263AE4CC2B87B4810033CF3C /* CoreDataPersistable.swift */,
				26864BCE2B97A6C90091E862 /* OrganizationInfo+CoreData.swift */,
				26864BD22B97B3460091E862 /* User+CoreData.swift */,
			);
			path = Extensions;
			sourceTree = "<group>";
		};
		264682092B786935008FAB39 /* Mocks */ = {
			isa = PBXGroup;
			children = (
				264682072B785D0D008FAB39 /* AccessTokenManagerMock.swift */,
				264681FD2B781E06008FAB39 /* AccessTokenMockHelper.swift */,
				264681FF2B782742008FAB39 /* AnimalsRequestMock.swift */,
				2664BF222B9A7DE30036C15E /* EmptyResponseAnimalsFetcherMock.swift */,
				26543B312B74CAC700BC7E7A /* PetFinderAPIManagerMock.swift */,
			);
			path = Mocks;
			sourceTree = "<group>";
		};
		2646820A2B78693C008FAB39 /* Tests */ = {
			isa = PBXGroup;
			children = (
				26F67DBE2B9BE8470021C263 /* AnimalSearch */,
				2664BF1E2B9A65430036C15E /* AnimalsNearYou */,
				2664BF212B9A66640036C15E /* Core */,
			);
			path = Tests;
			sourceTree = "<group>";
		};
		265741C12B6C97720036D467 /* Utilities */ = {
			isa = PBXGroup;
			children = (
				26E8091C2B9F792900D0EC9B /* AddressFetcher.swift */,
				265741FD2B74AF160036D467 /* AppUserDefaultsKeys.swift */,
				262B4A712B98E8CB000ED652 /* LocationManager.swift */,
			);
			path = Utilities;
			sourceTree = "<group>";
		};
		265741CA2B6CACD70036D467 /* Mock */ = {
			isa = PBXGroup;
			children = (
				265741F72B74A4570036D467 /* AnimalMock.swift */,
			);
			path = Mock;
			sourceTree = "<group>";
		};
		265741D52B6D5C1C0036D467 /* Network */ = {
			isa = PBXGroup;
			children = (
				265741F12B749B210036D467 /* AnimalsRequest.swift */,
				265741DE2B7478EF0036D467 /* APIManager.swift */,
				265741DC2B7478500036D467 /* APIManagerProtocol.swift */,
				265741DA2B74405D0036D467 /* NetworkError.swift */,
				265741E22B747B440036D467 /* RequestManager.swift */,
				265741E02B747B2B0036D467 /* RequestManagerProtocol.swift */,
				265741D62B6D5C720036D467 /* RequestProtocol.swift */,
				265741D82B6D5E4A0036D467 /* RequestType.swift */,
			);
			path = Network;
			sourceTree = "<group>";
		};
		265741E42B747D090036D467 /* Parser */ = {
			isa = PBXGroup;
			children = (
				265741E72B747D350036D467 /* DataParser.swift */,
				265741E52B747D260036D467 /* DataParserProtocol.swift */,
			);
			path = Parser;
			sourceTree = "<group>";
		};
		265741E92B7481710036D467 /* Authentication */ = {
			isa = PBXGroup;
			children = (
				265741FB2B74AC940036D467 /* AccessTokenManager.swift */,
				265741F92B74AC310036D467 /* AccessTokenManagerProtocol.swift */,
				265741EA2B7481910036D467 /* AuthTokenRequest.swift */,
			);
			path = Authentication;
			sourceTree = "<group>";
		};
		265741EE2B7483B90036D467 /* PetfinderAPI */ = {
			isa = PBXGroup;
			children = (
				265D74802B6C77210067A2A7 /* APIConstants.swift */,
				265741EF2B7484750036D467 /* APIToken.swift */,
			);
			path = PetfinderAPI;
			sourceTree = "<group>";
		};
		265D74442B6C69630067A2A7 = {
			isa = PBXGroup;
			children = (
				265D744F2B6C69630067A2A7 /* PetPurrsuit */,
				265D74652B6C69640067A2A7 /* PetPurrsuitTests */,
				265D746F2B6C69640067A2A7 /* PetPurrsuitUITests */,
				26F67DC72B9C8A1A0021C263 /* PetPurrsuitOnboarding */,
				26F67DD52B9C8A1A0021C263 /* PetPurrsuitOnboardingTests */,
				265D744E2B6C69630067A2A7 /* Products */,
			);
			sourceTree = "<group>";
		};
		265D744E2B6C69630067A2A7 /* Products */ = {
			isa = PBXGroup;
			children = (
				265D744D2B6C69630067A2A7 /* PetPurrsuit.app */,
				265D74622B6C69640067A2A7 /* PetPurrsuitTests.xctest */,
				265D746C2B6C69640067A2A7 /* PetPurrsuitUITests.xctest */,
				26F67DC62B9C8A1A0021C263 /* PetPurrsuitOnboarding.framework */,
				26F67DCF2B9C8A1A0021C263 /* PetPurrsuitOnboardingTests.xctest */,
			);
			name = Products;
			sourceTree = "<group>";
		};
		265D744F2B6C69630067A2A7 /* PetPurrsuit */ = {
			isa = PBXGroup;
			children = (
				26F23BD02B9FA9E200633009 /* Info.plist */,
				268B2F5A2B98F3F2002A3A54 /* PetPurrsuit.entitlements */,
				26F23BCC2B9FA9B500633009 /* Roboto-Medium.ttf */,
				265D74502B6C69630067A2A7 /* PetPurrsuitApp.swift */,
				265D74522B6C69630067A2A7 /* ContentView.swift */,
				26F67DA52B9A911E0021C263 /* SharedCode */,
				26F67DA02B9A8A180021C263 /* AnimalDetails */,
				268B2F5B2B991F9B002A3A54 /* AnimalsNearYou */,
				26F67D9E2B9A89DC0021C263 /* Search */,
				265D747F2B6C73160067A2A7 /* Core Data */,
				265741E92B7481710036D467 /* Authentication */,
				265741EE2B7483B90036D467 /* PetfinderAPI */,
				265741E42B747D090036D467 /* Parser */,
				265741D52B6D5C1C0036D467 /* Network */,
				265741CA2B6CACD70036D467 /* Mock */,
				265D74822B6C78A30067A2A7 /* Model */,
				265741C12B6C97720036D467 /* Utilities */,
				265D74542B6C69640067A2A7 /* Assets.xcassets */,
				265D74562B6C69640067A2A7 /* Preview Content */,
				26E8090C2B9D135B00D0EC9B /* LaunchScreen.storyboard */,
				26F23BD12B9FAF2D00633009 /* Localizable.xcstrings */,
			);
			path = PetPurrsuit;
			sourceTree = "<group>";
		};
		265D74562B6C69640067A2A7 /* Preview Content */ = {
			isa = PBXGroup;
			children = (
				265741CD2B6CB2F70036D467 /* AnimalMockData.json */,
				265D74572B6C69640067A2A7 /* Preview Assets.xcassets */,
			);
			path = "Preview Content";
			sourceTree = "<group>";
		};
		265D74652B6C69640067A2A7 /* PetPurrsuitTests */ = {
			isa = PBXGroup;
			children = (
				264682092B786935008FAB39 /* Mocks */,
				2646820A2B78693C008FAB39 /* Tests */,
			);
			path = PetPurrsuitTests;
			sourceTree = "<group>";
		};
		265D746F2B6C69640067A2A7 /* PetPurrsuitUITests */ = {
			isa = PBXGroup;
			children = (
				265D74702B6C69640067A2A7 /* PetPurrsuitUITests.swift */,
				265D74722B6C69640067A2A7 /* PetPurrsuitUITestsLaunchTests.swift */,
			);
			path = PetPurrsuitUITests;
			sourceTree = "<group>";
		};
		265D747F2B6C73160067A2A7 /* Core Data */ = {
			isa = PBXGroup;
			children = (
				26B1DE302B97C368002CB40B /* CoreDataHelper.swift */,
				265D74592B6C69640067A2A7 /* Persistence.swift */,
				265D745B2B6C69640067A2A7 /* PetPurrsuit.xcdatamodeld */,
				263AE4CB2B87B4580033CF3C /* Extensions */,
			);
			path = "Core Data";
			sourceTree = "<group>";
		};
		265D74822B6C78A30067A2A7 /* Model */ = {
			isa = PBXGroup;
			children = (
				265D74832B6C78BE0067A2A7 /* Animal */,
				265741BB2B6C94480036D467 /* Address.swift */,
				265741B92B6C94230036D467 /* ContactInfo.swift */,
				265741B72B6C94160036D467 /* OrganizationInfo.swift */,
				265D74942B6C8C6B0067A2A7 /* Pagination.swift */,
				26864BD02B97B2DE0091E862 /* User.swift */,
			);
			path = Model;
			sourceTree = "<group>";
		};
		265D74832B6C78BE0067A2A7 /* Animal */ = {
			isa = PBXGroup;
			children = (
				265741C42B6CA9770036D467 /* Animal.swift */,
				265D74902B6C88A00067A2A7 /* AnimalAdoptionStatus.swift */,
				265741B42B6C920A0036D467 /* AnimalAge.swift */,
				265D74922B6C8A690067A2A7 /* AnimalBehaviorAttributes.swift */,
				265D74842B6C79440067A2A7 /* AnimalBreed.swift */,
				265D748E2B6C87590067A2A7 /* AnimalCoat.swift */,
				265D748C2B6C867B0067A2A7 /* AnimalColor.swift */,
				265741B22B6C91BC0036D467 /* AnimalDetails.swift */,
				265741C82B6CAB8B0036D467 /* AnimalEnvironment.swift */,
				265D748A2B6C85600067A2A7 /* AnimalGender.swift */,
				265741BD2B6C96100036D467 /* AnimalPhotoSizes.swift */,
				265741F32B74A17F0036D467 /* AnimalsContainer.swift */,
				265D74882B6C81F10067A2A7 /* AnimalSize.swift */,
				265D74862B6C7FFA0067A2A7 /* AnimalType.swift */,
				265741C62B6CAABE0036D467 /* AnimalVideo.swift */,
			);
			path = Animal;
			sourceTree = "<group>";
		};
		2664BF1E2B9A65430036C15E /* AnimalsNearYou */ = {
			isa = PBXGroup;
			children = (
				2664BF1F2B9A656D0036C15E /* AnimalsNearYouViewModelTestCase.swift */,
			);
			path = AnimalsNearYou;
			sourceTree = "<group>";
		};
		2664BF212B9A66640036C15E /* Core */ = {
			isa = PBXGroup;
			children = (
				264682032B784550008FAB39 /* AccessTokenManagerTests.swift */,
				26686CC42B97D8CB000911CB /* CoreDataTests.swift */,
				264682012B782CDB008FAB39 /* NetworkRequestManagerTests.swift */,
				265D74662B6C69640067A2A7 /* PetPurrsuitTests.swift */,
			);
			path = Core;
			sourceTree = "<group>";
		};
		268B2F5B2B991F9B002A3A54 /* AnimalsNearYou */ = {
			isa = PBXGroup;
			children = (
				2693B4DE2B9935D00048E07B /* Services */,
				268B2F5F2B992417002A3A54 /* Views */,
				268B2F5C2B991FB7002A3A54 /* ViewModels */,
			);
			path = AnimalsNearYou;
			sourceTree = "<group>";
		};
		268B2F5C2B991FB7002A3A54 /* ViewModels */ = {
			isa = PBXGroup;
			children = (
				268B2F602B992EEB002A3A54 /* AnimalsFetcher.swift */,
				268B2F5D2B9921BE002A3A54 /* AnimalsNearYouViewModel.swift */,
				2664BF182B9A48B90036C15E /* AnimalStore.swift */,
			);
			path = ViewModels;
			sourceTree = "<group>";
		};
		268B2F5F2B992417002A3A54 /* Views */ = {
			isa = PBXGroup;
			children = (
				2664BF1C2B9A5F1D0036C15E /* AnimalAttributesCard.swift */,
				265741F52B74A3C40036D467 /* AnimalRow.swift */,
				265741D12B6CB9200036D467 /* AnimalsNearYouView.swift */,
				26F23BD52B9FB43E00633009 /* RequestLocationView.swift */,
			);
			path = Views;
			sourceTree = "<group>";
		};
		2693B4DE2B9935D00048E07B /* Services */ = {
			isa = PBXGroup;
			children = (
				2693B4E12B9938C80048E07B /* AnimalsFetcherMock.swift */,
				2693B4DF2B9935F00048E07B /* FetchAnimalsService.swift */,
				2664BF1A2B9A4A400036C15E /* AnimalStoreService.swift */,
			);
			path = Services;
			sourceTree = "<group>";
		};
		26E809072B9CEA2E00D0EC9B /* Resources */ = {
			isa = PBXGroup;
			children = (
				26E809062B9CEA2E00D0EC9B /* Assets.xcassets */,
			);
			path = Resources;
			sourceTree = "<group>";
		};
		26F67D9E2B9A89DC0021C263 /* Search */ = {
			isa = PBXGroup;
			children = (
				26F67DA42B9A8AB50021C263 /* Models */,
				26F67DA32B9A8A9F0021C263 /* Services */,
				26F67DA22B9A8A4E0021C263 /* ViewModels */,
				26F67D9F2B9A8A040021C263 /* Views */,
			);
			path = Search;
			sourceTree = "<group>";
		};
		26F67D9F2B9A8A040021C263 /* Views */ = {
			isa = PBXGroup;
			children = (
				26F67DBC2B9BE0560021C263 /* AnimalTypeSuggestionView.swift */,
				26F67DB42B9BA1960021C263 /* EmptyResultsView.swift */,
				265741CF2B6CB86C0036D467 /* SearchAnimalsView.swift */,
				26F67DB62B9BAB150021C263 /* SearchFilterView.swift */,
				26F67DBA2B9BDEAF0021C263 /* SuggestionsGrid.swift */,
			);
			path = Views;
			sourceTree = "<group>";
		};
		26F67DA02B9A8A180021C263 /* AnimalDetails */ = {
			isa = PBXGroup;
			children = (
				26F67DA12B9A8A260021C263 /* Views */,
			);
			path = AnimalDetails;
			sourceTree = "<group>";
		};
		26F67DA12B9A8A260021C263 /* Views */ = {
			isa = PBXGroup;
			children = (
				26E809182B9F782900D0EC9B /* AnimalContactLink.swift */,
				26E809162B9F77F300D0EC9B /* AnimalContactsView.swift */,
				26E809142B9F77B700D0EC9B /* AnimalDetailCard.swift */,
				26E809122B9F779300D0EC9B /* AnimalDetailRow.swift */,
				262B4A6F2B98E08B000ED652 /* AnimalDetailsView.swift */,
				26E809102B9F767700D0EC9B /* AnimalHeaderView.swift */,
				26E8091A2B9F78EB00D0EC9B /* AnimalLocationView.swift */,
			);
			path = Views;
			sourceTree = "<group>";
		};
		26F67DA22B9A8A4E0021C263 /* ViewModels */ = {
			isa = PBXGroup;
			children = (
				26F67DAA2B9A9C440021C263 /* AnimalSearcher.swift */,
				26F67DA82B9A9BCE0021C263 /* AnimalSearchViewModel.swift */,
				26F67DB82B9BB8700021C263 /* FilterAnimals.swift */,
			);
			path = ViewModels;
			sourceTree = "<group>";
		};
		26F67DA32B9A8A9F0021C263 /* Services */ = {
			isa = PBXGroup;
			children = (
				26F67DB22B9B9DF70021C263 /* AnimalSearcherMock.swift */,
				26F67DB02B9AA03B0021C263 /* AnimalSearcherService.swift */,
			);
			path = Services;
			sourceTree = "<group>";
		};
		26F67DA42B9A8AB50021C263 /* Models */ = {
			isa = PBXGroup;
			children = (
				26F67DAE2B9A9E830021C263 /* AnimalSearchAge.swift */,
				26F67DAC2B9A9CCD0021C263 /* AnimalSearchType.swift */,
			);
			path = Models;
			sourceTree = "<group>";
		};
		26F67DA52B9A911E0021C263 /* SharedCode */ = {
			isa = PBXGroup;
			children = (
				26F67DA62B9A91350021C263 /* AnimalListView.swift */,
				26F23BCA2B9F85D100633009 /* PetRankImage.swift */,
				26F23BC62B9F81E900633009 /* PetRankingView.swift */,
				26F23BC82B9F828B00633009 /* PetRankingViewModel.swift */,
			);
			path = SharedCode;
			sourceTree = "<group>";
		};
		26F67DBE2B9BE8470021C263 /* AnimalSearch */ = {
			isa = PBXGroup;
			children = (
				26F67DBF2B9BE8820021C263 /* AnimalSearchViewModelTestCase.swift */,
			);
			path = AnimalSearch;
			sourceTree = "<group>";
		};
		26F67DC72B9C8A1A0021C263 /* PetPurrsuitOnboarding */ = {
			isa = PBXGroup;
			children = (
				26F67DC82B9C8A1A0021C263 /* PetPurrsuitOnboarding.h */,
				26E809072B9CEA2E00D0EC9B /* Resources */,
				26F67DF32B9CB9AA0021C263 /* Views */,
				26F67DEE2B9C9B480021C263 /* Model */,
				26F67DE72B9C97B90021C263 /* Extensions */,
				26F67DC92B9C8A1A0021C263 /* PetPurrsuitOnboarding.docc */,
			);
			path = PetPurrsuitOnboarding;
			sourceTree = "<group>";
		};
		26F67DD52B9C8A1A0021C263 /* PetPurrsuitOnboardingTests */ = {
			isa = PBXGroup;
			children = (
				26F67DD62B9C8A1A0021C263 /* PetPurrsuitOnboardingTests.swift */,
			);
			path = PetPurrsuitOnboardingTests;
			sourceTree = "<group>";
		};
		26F67DE72B9C97B90021C263 /* Extensions */ = {
			isa = PBXGroup;
			children = (
				26F67DE82B9C98140021C263 /* Bundle+Extension.swift */,
				26F67DEA2B9C98280021C263 /* Color+Extension.swift */,
				26F67DEC2B9C98380021C263 /* Image+Extension.swift */,
			);
			path = Extensions;
			sourceTree = "<group>";
		};
		26F67DEE2B9C9B480021C263 /* Model */ = {
			isa = PBXGroup;
			children = (
				26F67DEF2B9C9B650021C263 /* OnboardingModel.swift */,
				26F67DF12B9C9B7A0021C263 /* Pet.swift */,
			);
			path = Model;
			sourceTree = "<group>";
		};
		26F67DF32B9CB9AA0021C263 /* Views */ = {
			isa = PBXGroup;
			children = (
				26F67DF62B9CC0110021C263 /* OnboardingBackgroundView.swift */,
				26F67DFA2B9CDD180021C263 /* OnboardingButtonStyle.swift */,
				26F67DF42B9CB9C90021C263 /* OnboardingView.swift */,
				26F67DF82B9CC36E0021C263 /* PetSaveOnboardingView.swift */,
			);
			path = Views;
			sourceTree = "<group>";
		};
/* End PBXGroup section */

/* Begin PBXHeadersBuildPhase section */
		26F67DC12B9C8A1A0021C263 /* Headers */ = {
			isa = PBXHeadersBuildPhase;
			buildActionMask = 2147483647;
			files = (
				26F67DD82B9C8A1A0021C263 /* PetPurrsuitOnboarding.h in Headers */,
			);
			runOnlyForDeploymentPostprocessing = 0;
		};
/* End PBXHeadersBuildPhase section */

/* Begin PBXNativeTarget section */
		265D744C2B6C69630067A2A7 /* PetPurrsuit */ = {
			isa = PBXNativeTarget;
			buildConfigurationList = 265D74762B6C69640067A2A7 /* Build configuration list for PBXNativeTarget "PetPurrsuit" */;
			buildPhases = (
				265D74492B6C69630067A2A7 /* Sources */,
				265D744A2B6C69630067A2A7 /* Frameworks */,
				265D744B2B6C69630067A2A7 /* Resources */,
				2646820B2B787D12008FAB39 /* ShellScript */,
				26F67DE02B9C8A1A0021C263 /* Embed Frameworks */,
			);
			buildRules = (
			);
			dependencies = (
				26F67DDA2B9C8A1A0021C263 /* PBXTargetDependency */,
			);
			name = PetPurrsuit;
			productName = PetPurrsuit;
			productReference = 265D744D2B6C69630067A2A7 /* PetPurrsuit.app */;
			productType = "com.apple.product-type.application";
		};
		265D74612B6C69640067A2A7 /* PetPurrsuitTests */ = {
			isa = PBXNativeTarget;
			buildConfigurationList = 265D74792B6C69640067A2A7 /* Build configuration list for PBXNativeTarget "PetPurrsuitTests" */;
			buildPhases = (
				265D745E2B6C69640067A2A7 /* Sources */,
				265D745F2B6C69640067A2A7 /* Frameworks */,
				265D74602B6C69640067A2A7 /* Resources */,
			);
			buildRules = (
			);
			dependencies = (
				265D74642B6C69640067A2A7 /* PBXTargetDependency */,
			);
			name = PetPurrsuitTests;
			productName = PetPurrsuitTests;
			productReference = 265D74622B6C69640067A2A7 /* PetPurrsuitTests.xctest */;
			productType = "com.apple.product-type.bundle.unit-test";
		};
		265D746B2B6C69640067A2A7 /* PetPurrsuitUITests */ = {
			isa = PBXNativeTarget;
			buildConfigurationList = 265D747C2B6C69640067A2A7 /* Build configuration list for PBXNativeTarget "PetPurrsuitUITests" */;
			buildPhases = (
				265D74682B6C69640067A2A7 /* Sources */,
				265D74692B6C69640067A2A7 /* Frameworks */,
				265D746A2B6C69640067A2A7 /* Resources */,
			);
			buildRules = (
			);
			dependencies = (
				265D746E2B6C69640067A2A7 /* PBXTargetDependency */,
			);
			name = PetPurrsuitUITests;
			productName = PetPurrsuitUITests;
			productReference = 265D746C2B6C69640067A2A7 /* PetPurrsuitUITests.xctest */;
			productType = "com.apple.product-type.bundle.ui-testing";
		};
		26F67DC52B9C8A1A0021C263 /* PetPurrsuitOnboarding */ = {
			isa = PBXNativeTarget;
			buildConfigurationList = 26F67DDD2B9C8A1A0021C263 /* Build configuration list for PBXNativeTarget "PetPurrsuitOnboarding" */;
			buildPhases = (
				26F67DC12B9C8A1A0021C263 /* Headers */,
				26F67DC22B9C8A1A0021C263 /* Sources */,
				26F67DC32B9C8A1A0021C263 /* Frameworks */,
				26F67DC42B9C8A1A0021C263 /* Resources */,
			);
			buildRules = (
			);
			dependencies = (
			);
			name = PetPurrsuitOnboarding;
			productName = PetPurrsuitOnboarding;
			productReference = 26F67DC62B9C8A1A0021C263 /* PetPurrsuitOnboarding.framework */;
			productType = "com.apple.product-type.framework";
		};
		26F67DCE2B9C8A1A0021C263 /* PetPurrsuitOnboardingTests */ = {
			isa = PBXNativeTarget;
			buildConfigurationList = 26F67DE12B9C8A1A0021C263 /* Build configuration list for PBXNativeTarget "PetPurrsuitOnboardingTests" */;
			buildPhases = (
				26F67DCB2B9C8A1A0021C263 /* Sources */,
				26F67DCC2B9C8A1A0021C263 /* Frameworks */,
				26F67DCD2B9C8A1A0021C263 /* Resources */,
			);
			buildRules = (
			);
			dependencies = (
				26F67DD22B9C8A1A0021C263 /* PBXTargetDependency */,
				26F67DD42B9C8A1A0021C263 /* PBXTargetDependency */,
			);
			name = PetPurrsuitOnboardingTests;
			productName = PetPurrsuitOnboardingTests;
			productReference = 26F67DCF2B9C8A1A0021C263 /* PetPurrsuitOnboardingTests.xctest */;
			productType = "com.apple.product-type.bundle.unit-test";
		};
/* End PBXNativeTarget section */

/* Begin PBXProject section */
		265D74452B6C69630067A2A7 /* Project object */ = {
			isa = PBXProject;
			attributes = {
				BuildIndependentTargetsInParallel = 1;
				LastSwiftUpdateCheck = 1530;
				LastUpgradeCheck = 1520;
				TargetAttributes = {
					265D744C2B6C69630067A2A7 = {
						CreatedOnToolsVersion = 15.2;
					};
					265D74612B6C69640067A2A7 = {
						CreatedOnToolsVersion = 15.2;
						TestTargetID = 265D744C2B6C69630067A2A7;
					};
					265D746B2B6C69640067A2A7 = {
						CreatedOnToolsVersion = 15.2;
						TestTargetID = 265D744C2B6C69630067A2A7;
					};
					26F67DC52B9C8A1A0021C263 = {
						CreatedOnToolsVersion = 15.3;
					};
					26F67DCE2B9C8A1A0021C263 = {
						CreatedOnToolsVersion = 15.3;
						TestTargetID = 265D744C2B6C69630067A2A7;
					};
				};
			};
			buildConfigurationList = 265D74482B6C69630067A2A7 /* Build configuration list for PBXProject "PetPurrsuit" */;
			compatibilityVersion = "Xcode 14.0";
			developmentRegion = en;
			hasScannedForEncodings = 0;
			knownRegions = (
				en,
				Base,
				es,
			);
			mainGroup = 265D74442B6C69630067A2A7;
			productRefGroup = 265D744E2B6C69630067A2A7 /* Products */;
			projectDirPath = "";
			projectRoot = "";
			targets = (
				265D744C2B6C69630067A2A7 /* PetPurrsuit */,
				265D74612B6C69640067A2A7 /* PetPurrsuitTests */,
				265D746B2B6C69640067A2A7 /* PetPurrsuitUITests */,
				26F67DC52B9C8A1A0021C263 /* PetPurrsuitOnboarding */,
				26F67DCE2B9C8A1A0021C263 /* PetPurrsuitOnboardingTests */,
			);
		};
/* End PBXProject section */

/* Begin PBXResourcesBuildPhase section */
		265D744B2B6C69630067A2A7 /* Resources */ = {
			isa = PBXResourcesBuildPhase;
			buildActionMask = 2147483647;
			files = (
				265D74582B6C69640067A2A7 /* Preview Assets.xcassets in Resources */,
				265D74552B6C69640067A2A7 /* Assets.xcassets in Resources */,
				26F23BCD2B9FA9B500633009 /* Roboto-Medium.ttf in Resources */,
				26E8090B2B9CEF7900D0EC9B /* Assets.xcassets in Resources */,
				26E8090D2B9D135B00D0EC9B /* LaunchScreen.storyboard in Resources */,
				26F23BD22B9FAF2D00633009 /* Localizable.xcstrings in Resources */,
				265741CE2B6CB2F70036D467 /* AnimalMockData.json in Resources */,
			);
			runOnlyForDeploymentPostprocessing = 0;
		};
		265D74602B6C69640067A2A7 /* Resources */ = {
			isa = PBXResourcesBuildPhase;
			buildActionMask = 2147483647;
			files = (
				26F23BCE2B9FA9B500633009 /* Roboto-Medium.ttf in Resources */,
				265741FF2B74B4080036D467 /* AnimalMockData.json in Resources */,
				26F23BD32B9FAF2D00633009 /* Localizable.xcstrings in Resources */,
			);
			runOnlyForDeploymentPostprocessing = 0;
		};
		265D746A2B6C69640067A2A7 /* Resources */ = {
			isa = PBXResourcesBuildPhase;
			buildActionMask = 2147483647;
			files = (
			);
			runOnlyForDeploymentPostprocessing = 0;
		};
		26F67DC42B9C8A1A0021C263 /* Resources */ = {
			isa = PBXResourcesBuildPhase;
			buildActionMask = 2147483647;
			files = (
				26F23BCF2B9FA9B500633009 /* Roboto-Medium.ttf in Resources */,
				26E809082B9CEA5C00D0EC9B /* Assets.xcassets in Resources */,
				26F23BD42B9FAF2D00633009 /* Localizable.xcstrings in Resources */,
			);
			runOnlyForDeploymentPostprocessing = 0;
		};
		26F67DCD2B9C8A1A0021C263 /* Resources */ = {
			isa = PBXResourcesBuildPhase;
			buildActionMask = 2147483647;
			files = (
			);
			runOnlyForDeploymentPostprocessing = 0;
		};
/* End PBXResourcesBuildPhase section */

/* Begin PBXShellScriptBuildPhase section */
		2646820B2B787D12008FAB39 /* ShellScript */ = {
			isa = PBXShellScriptBuildPhase;
			buildActionMask = 2147483647;
			files = (
			);
			inputFileListPaths = (
			);
			inputPaths = (
			);
			outputFileListPaths = (
			);
			outputPaths = (
			);
			runOnlyForDeploymentPostprocessing = 0;
			shellPath = /bin/sh;
			shellScript = "if [[ \"$(uname -m)\" == arm64 ]]; then\n    export PATH=\"/opt/homebrew/bin:$PATH\"\nfi\n\nif which swiftlint > /dev/null; then\n  swiftlint\nelse\n  echo \"warning: SwiftLint not installed, download from https://github.com/realm/SwiftLint\"\nfi\n";
		};
/* End PBXShellScriptBuildPhase section */

/* Begin PBXSourcesBuildPhase section */
		265D74492B6C69630067A2A7 /* Sources */ = {
			isa = PBXSourcesBuildPhase;
			buildActionMask = 2147483647;
			files = (
				2693B4E02B9935F00048E07B /* FetchAnimalsService.swift in Sources */,
				26E809172B9F77F300D0EC9B /* AnimalContactsView.swift in Sources */,
				265741D02B6CB86C0036D467 /* SearchAnimalsView.swift in Sources */,
				265D74892B6C81F10067A2A7 /* AnimalSize.swift in Sources */,
				265D74852B6C79440067A2A7 /* AnimalBreed.swift in Sources */,
				26864BD52B97B3F40091E862 /* AnimalVideo+CoreData.swift in Sources */,
				268B2F612B992EEB002A3A54 /* AnimalsFetcher.swift in Sources */,
				26864BC92B979BF50091E862 /* AnimalEnvironment+CoreData.swift in Sources */,
				2664BF1B2B9A4A400036C15E /* AnimalStoreService.swift in Sources */,
				265741F22B749B210036D467 /* AnimalsRequest.swift in Sources */,
				265741D22B6CB9200036D467 /* AnimalsNearYouView.swift in Sources */,
				26F23BC72B9F81E900633009 /* PetRankingView.swift in Sources */,
				26F67DA92B9A9BCE0021C263 /* AnimalSearchViewModel.swift in Sources */,
				265741DD2B7478500036D467 /* APIManagerProtocol.swift in Sources */,
				265D745A2B6C69640067A2A7 /* Persistence.swift in Sources */,
				26F67DB72B9BAB150021C263 /* SearchFilterView.swift in Sources */,
				2664BF192B9A48B90036C15E /* AnimalStore.swift in Sources */,
				265741B82B6C94160036D467 /* OrganizationInfo.swift in Sources */,
				265D74532B6C69630067A2A7 /* ContentView.swift in Sources */,
				265741BC2B6C94480036D467 /* Address.swift in Sources */,
				265D748D2B6C867B0067A2A7 /* AnimalColor.swift in Sources */,
				265741DB2B74405D0036D467 /* NetworkError.swift in Sources */,
				26E8091B2B9F78EB00D0EC9B /* AnimalLocationView.swift in Sources */,
				265741BA2B6C94230036D467 /* ContactInfo.swift in Sources */,
				26E8091D2B9F792900D0EC9B /* AddressFetcher.swift in Sources */,
				265741FA2B74AC310036D467 /* AccessTokenManagerProtocol.swift in Sources */,
				26864BC52B97981A0091E862 /* AnimalPhotoSizes+CoreData.swift in Sources */,
				265741E12B747B2B0036D467 /* RequestManagerProtocol.swift in Sources */,
				26F67DB32B9B9DF70021C263 /* AnimalSearcherMock.swift in Sources */,
				263AE4CD2B87B4810033CF3C /* CoreDataPersistable.swift in Sources */,
				26F67DB52B9BA1960021C263 /* EmptyResultsView.swift in Sources */,
				265D74912B6C88A00067A2A7 /* AnimalAdoptionStatus.swift in Sources */,
				263AE4CA2B8781310033CF3C /* Animal+CoreData.swift in Sources */,
				265741F02B7484750036D467 /* APIToken.swift in Sources */,
				265741D92B6D5E4A0036D467 /* RequestType.swift in Sources */,
				265D748F2B6C87590067A2A7 /* AnimalCoat.swift in Sources */,
				26F67DBD2B9BE0560021C263 /* AnimalTypeSuggestionView.swift in Sources */,
				265D74932B6C8A690067A2A7 /* AnimalBehaviorAttributes.swift in Sources */,
				265741E32B747B440036D467 /* RequestManager.swift in Sources */,
				265741C52B6CA9770036D467 /* Animal.swift in Sources */,
				265741B32B6C91BC0036D467 /* AnimalDetails.swift in Sources */,
				265741B52B6C920A0036D467 /* AnimalAge.swift in Sources */,
				26F67DB92B9BB8700021C263 /* FilterAnimals.swift in Sources */,
				265741F42B74A17F0036D467 /* AnimalsContainer.swift in Sources */,
				26F67DAB2B9A9C440021C263 /* AnimalSearcher.swift in Sources */,
				265741FC2B74AC940036D467 /* AccessTokenManager.swift in Sources */,
				26864BD12B97B2DE0091E862 /* User.swift in Sources */,
				265741C92B6CAB8B0036D467 /* AnimalEnvironment.swift in Sources */,
				265D74512B6C69630067A2A7 /* PetPurrsuitApp.swift in Sources */,
				265741F82B74A4570036D467 /* AnimalMock.swift in Sources */,
				26864BCF2B97A6C90091E862 /* OrganizationInfo+CoreData.swift in Sources */,
				26F23BC92B9F828B00633009 /* PetRankingViewModel.swift in Sources */,
				265741C72B6CAABE0036D467 /* AnimalVideo.swift in Sources */,
				26864BD72B97B4810091E862 /* Address+CoreData.swift in Sources */,
				265D74952B6C8C6B0067A2A7 /* Pagination.swift in Sources */,
				26E809112B9F767700D0EC9B /* AnimalHeaderView.swift in Sources */,
				26E030CC2B96AD6F007D5F98 /* AnimalBreed+CoreData.swift in Sources */,
				265741E82B747D350036D467 /* DataParser.swift in Sources */,
				26864BD32B97B3460091E862 /* User+CoreData.swift in Sources */,
				265D74872B6C7FFA0067A2A7 /* AnimalType.swift in Sources */,
				265D745D2B6C69640067A2A7 /* PetPurrsuit.xcdatamodeld in Sources */,
				2664BF1D2B9A5F1D0036C15E /* AnimalAttributesCard.swift in Sources */,
				268B2F5E2B9921BE002A3A54 /* AnimalsNearYouViewModel.swift in Sources */,
				26864BCD2B979D6F0091E862 /* ContactInfo+CoreData.swift in Sources */,
				265D74812B6C77210067A2A7 /* APIConstants.swift in Sources */,
				26F67DB12B9AA03B0021C263 /* AnimalSearcherService.swift in Sources */,
				265D748B2B6C85600067A2A7 /* AnimalGender.swift in Sources */,
				2693B4E22B9938C80048E07B /* AnimalsFetcherMock.swift in Sources */,
				265741BE2B6C96100036D467 /* AnimalPhotoSizes.swift in Sources */,
				26F23BD62B9FB43E00633009 /* RequestLocationView.swift in Sources */,
				26864BCB2B979CB70091E862 /* AnimalColor+CoreData.swift in Sources */,
				26864BC72B979AC90091E862 /* AnimalBehaviorAttributes+CoreData.swift in Sources */,
				26F23BCB2B9F85D100633009 /* PetRankImage.swift in Sources */,
				26F67DBB2B9BDEAF0021C263 /* SuggestionsGrid.swift in Sources */,
				265741F62B74A3C40036D467 /* AnimalRow.swift in Sources */,
				26B1DE312B97C368002CB40B /* CoreDataHelper.swift in Sources */,
				265741DF2B7478EF0036D467 /* APIManager.swift in Sources */,
				265741FE2B74AF160036D467 /* AppUserDefaultsKeys.swift in Sources */,
				262B4A722B98E8CB000ED652 /* LocationManager.swift in Sources */,
				265741E62B747D260036D467 /* DataParserProtocol.swift in Sources */,
				26E809152B9F77B700D0EC9B /* AnimalDetailCard.swift in Sources */,
				265741EB2B7481910036D467 /* AuthTokenRequest.swift in Sources */,
				26F67DA72B9A91350021C263 /* AnimalListView.swift in Sources */,
				26F67DAD2B9A9CCD0021C263 /* AnimalSearchType.swift in Sources */,
				265741D72B6D5C720036D467 /* RequestProtocol.swift in Sources */,
				26E809132B9F779300D0EC9B /* AnimalDetailRow.swift in Sources */,
				262B4A702B98E08B000ED652 /* AnimalDetailsView.swift in Sources */,
				26E809192B9F782900D0EC9B /* AnimalContactLink.swift in Sources */,
				26F67DAF2B9A9E830021C263 /* AnimalSearchAge.swift in Sources */,
			);
			runOnlyForDeploymentPostprocessing = 0;
		};
		265D745E2B6C69640067A2A7 /* Sources */ = {
			isa = PBXSourcesBuildPhase;
			buildActionMask = 2147483647;
			files = (
				264681FE2B781E06008FAB39 /* AccessTokenMockHelper.swift in Sources */,
				264682042B784550008FAB39 /* AccessTokenManagerTests.swift in Sources */,
				2664BF232B9A7DE30036C15E /* EmptyResponseAnimalsFetcherMock.swift in Sources */,
				26543B322B74CAC700BC7E7A /* PetFinderAPIManagerMock.swift in Sources */,
				265D74672B6C69640067A2A7 /* PetPurrsuitTests.swift in Sources */,
				2664BF202B9A656D0036C15E /* AnimalsNearYouViewModelTestCase.swift in Sources */,
				26F67DC02B9BE8820021C263 /* AnimalSearchViewModelTestCase.swift in Sources */,
				26686CC52B97D8CB000911CB /* CoreDataTests.swift in Sources */,
				264682082B785D0D008FAB39 /* AccessTokenManagerMock.swift in Sources */,
				264682002B782742008FAB39 /* AnimalsRequestMock.swift in Sources */,
				264682022B782CDB008FAB39 /* NetworkRequestManagerTests.swift in Sources */,
			);
			runOnlyForDeploymentPostprocessing = 0;
		};
		265D74682B6C69640067A2A7 /* Sources */ = {
			isa = PBXSourcesBuildPhase;
			buildActionMask = 2147483647;
			files = (
				265D74732B6C69640067A2A7 /* PetPurrsuitUITestsLaunchTests.swift in Sources */,
				265D74712B6C69640067A2A7 /* PetPurrsuitUITests.swift in Sources */,
			);
			runOnlyForDeploymentPostprocessing = 0;
		};
		26F67DC22B9C8A1A0021C263 /* Sources */ = {
			isa = PBXSourcesBuildPhase;
			buildActionMask = 2147483647;
			files = (
				26F67DCA2B9C8A1A0021C263 /* PetPurrsuitOnboarding.docc in Sources */,
				26F67DF02B9C9B650021C263 /* OnboardingModel.swift in Sources */,
				26F67DFB2B9CDD180021C263 /* OnboardingButtonStyle.swift in Sources */,
				26F67DEB2B9C98280021C263 /* Color+Extension.swift in Sources */,
				26F67DF22B9C9B7A0021C263 /* Pet.swift in Sources */,
				26F67DE92B9C98140021C263 /* Bundle+Extension.swift in Sources */,
				26E8090A2B9CED9700D0EC9B /* PetSaveOnboardingView.swift in Sources */,
				26F67DED2B9C98380021C263 /* Image+Extension.swift in Sources */,
				26F67DF52B9CB9C90021C263 /* OnboardingView.swift in Sources */,
				26F67DF72B9CC0110021C263 /* OnboardingBackgroundView.swift in Sources */,
			);
			runOnlyForDeploymentPostprocessing = 0;
		};
		26F67DCB2B9C8A1A0021C263 /* Sources */ = {
			isa = PBXSourcesBuildPhase;
			buildActionMask = 2147483647;
			files = (
				26F67DD72B9C8A1A0021C263 /* PetPurrsuitOnboardingTests.swift in Sources */,
			);
			runOnlyForDeploymentPostprocessing = 0;
		};
/* End PBXSourcesBuildPhase section */

/* Begin PBXTargetDependency section */
		265D74642B6C69640067A2A7 /* PBXTargetDependency */ = {
			isa = PBXTargetDependency;
			target = 265D744C2B6C69630067A2A7 /* PetPurrsuit */;
			targetProxy = 265D74632B6C69640067A2A7 /* PBXContainerItemProxy */;
		};
		265D746E2B6C69640067A2A7 /* PBXTargetDependency */ = {
			isa = PBXTargetDependency;
			target = 265D744C2B6C69630067A2A7 /* PetPurrsuit */;
			targetProxy = 265D746D2B6C69640067A2A7 /* PBXContainerItemProxy */;
		};
		26F67DD22B9C8A1A0021C263 /* PBXTargetDependency */ = {
			isa = PBXTargetDependency;
			target = 26F67DC52B9C8A1A0021C263 /* PetPurrsuitOnboarding */;
			targetProxy = 26F67DD12B9C8A1A0021C263 /* PBXContainerItemProxy */;
		};
		26F67DD42B9C8A1A0021C263 /* PBXTargetDependency */ = {
			isa = PBXTargetDependency;
			target = 265D744C2B6C69630067A2A7 /* PetPurrsuit */;
			targetProxy = 26F67DD32B9C8A1A0021C263 /* PBXContainerItemProxy */;
		};
		26F67DDA2B9C8A1A0021C263 /* PBXTargetDependency */ = {
			isa = PBXTargetDependency;
			target = 26F67DC52B9C8A1A0021C263 /* PetPurrsuitOnboarding */;
			targetProxy = 26F67DD92B9C8A1A0021C263 /* PBXContainerItemProxy */;
		};
/* End PBXTargetDependency section */

/* Begin XCBuildConfiguration section */
		265D74742B6C69640067A2A7 /* Debug */ = {
			isa = XCBuildConfiguration;
			buildSettings = {
				ALWAYS_SEARCH_USER_PATHS = NO;
				ASSETCATALOG_COMPILER_GENERATE_SWIFT_ASSET_SYMBOL_EXTENSIONS = YES;
				CLANG_ANALYZER_NONNULL = YES;
				CLANG_ANALYZER_NUMBER_OBJECT_CONVERSION = YES_AGGRESSIVE;
				CLANG_CXX_LANGUAGE_STANDARD = "gnu++20";
				CLANG_ENABLE_MODULES = YES;
				CLANG_ENABLE_OBJC_ARC = YES;
				CLANG_ENABLE_OBJC_WEAK = YES;
				CLANG_WARN_BLOCK_CAPTURE_AUTORELEASING = YES;
				CLANG_WARN_BOOL_CONVERSION = YES;
				CLANG_WARN_COMMA = YES;
				CLANG_WARN_CONSTANT_CONVERSION = YES;
				CLANG_WARN_DEPRECATED_OBJC_IMPLEMENTATIONS = YES;
				CLANG_WARN_DIRECT_OBJC_ISA_USAGE = YES_ERROR;
				CLANG_WARN_DOCUMENTATION_COMMENTS = YES;
				CLANG_WARN_EMPTY_BODY = YES;
				CLANG_WARN_ENUM_CONVERSION = YES;
				CLANG_WARN_INFINITE_RECURSION = YES;
				CLANG_WARN_INT_CONVERSION = YES;
				CLANG_WARN_NON_LITERAL_NULL_CONVERSION = YES;
				CLANG_WARN_OBJC_IMPLICIT_RETAIN_SELF = YES;
				CLANG_WARN_OBJC_LITERAL_CONVERSION = YES;
				CLANG_WARN_OBJC_ROOT_CLASS = YES_ERROR;
				CLANG_WARN_QUOTED_INCLUDE_IN_FRAMEWORK_HEADER = YES;
				CLANG_WARN_RANGE_LOOP_ANALYSIS = YES;
				CLANG_WARN_STRICT_PROTOTYPES = YES;
				CLANG_WARN_SUSPICIOUS_MOVE = YES;
				CLANG_WARN_UNGUARDED_AVAILABILITY = YES_AGGRESSIVE;
				CLANG_WARN_UNREACHABLE_CODE = YES;
				CLANG_WARN__DUPLICATE_METHOD_MATCH = YES;
				COPY_PHASE_STRIP = NO;
				DEBUG_INFORMATION_FORMAT = dwarf;
				ENABLE_STRICT_OBJC_MSGSEND = YES;
				ENABLE_TESTABILITY = YES;
				ENABLE_USER_SCRIPT_SANDBOXING = YES;
				GCC_C_LANGUAGE_STANDARD = gnu17;
				GCC_DYNAMIC_NO_PIC = NO;
				GCC_NO_COMMON_BLOCKS = YES;
				GCC_OPTIMIZATION_LEVEL = 0;
				GCC_PREPROCESSOR_DEFINITIONS = (
					"DEBUG=1",
					"$(inherited)",
				);
				GCC_WARN_64_TO_32_BIT_CONVERSION = YES;
				GCC_WARN_ABOUT_RETURN_TYPE = YES_ERROR;
				GCC_WARN_UNDECLARED_SELECTOR = YES;
				GCC_WARN_UNINITIALIZED_AUTOS = YES_AGGRESSIVE;
				GCC_WARN_UNUSED_FUNCTION = YES;
				GCC_WARN_UNUSED_VARIABLE = YES;
				IPHONEOS_DEPLOYMENT_TARGET = 17.0;
				LOCALIZATION_PREFERS_STRING_CATALOGS = YES;
				MTL_ENABLE_DEBUG_INFO = INCLUDE_SOURCE;
				MTL_FAST_MATH = YES;
				ONLY_ACTIVE_ARCH = YES;
				SDKROOT = iphoneos;
				SWIFT_ACTIVE_COMPILATION_CONDITIONS = "DEBUG $(inherited)";
				SWIFT_OPTIMIZATION_LEVEL = "-Onone";
			};
			name = Debug;
		};
		265D74752B6C69640067A2A7 /* Release */ = {
			isa = XCBuildConfiguration;
			buildSettings = {
				ALWAYS_SEARCH_USER_PATHS = NO;
				ASSETCATALOG_COMPILER_GENERATE_SWIFT_ASSET_SYMBOL_EXTENSIONS = YES;
				CLANG_ANALYZER_NONNULL = YES;
				CLANG_ANALYZER_NUMBER_OBJECT_CONVERSION = YES_AGGRESSIVE;
				CLANG_CXX_LANGUAGE_STANDARD = "gnu++20";
				CLANG_ENABLE_MODULES = YES;
				CLANG_ENABLE_OBJC_ARC = YES;
				CLANG_ENABLE_OBJC_WEAK = YES;
				CLANG_WARN_BLOCK_CAPTURE_AUTORELEASING = YES;
				CLANG_WARN_BOOL_CONVERSION = YES;
				CLANG_WARN_COMMA = YES;
				CLANG_WARN_CONSTANT_CONVERSION = YES;
				CLANG_WARN_DEPRECATED_OBJC_IMPLEMENTATIONS = YES;
				CLANG_WARN_DIRECT_OBJC_ISA_USAGE = YES_ERROR;
				CLANG_WARN_DOCUMENTATION_COMMENTS = YES;
				CLANG_WARN_EMPTY_BODY = YES;
				CLANG_WARN_ENUM_CONVERSION = YES;
				CLANG_WARN_INFINITE_RECURSION = YES;
				CLANG_WARN_INT_CONVERSION = YES;
				CLANG_WARN_NON_LITERAL_NULL_CONVERSION = YES;
				CLANG_WARN_OBJC_IMPLICIT_RETAIN_SELF = YES;
				CLANG_WARN_OBJC_LITERAL_CONVERSION = YES;
				CLANG_WARN_OBJC_ROOT_CLASS = YES_ERROR;
				CLANG_WARN_QUOTED_INCLUDE_IN_FRAMEWORK_HEADER = YES;
				CLANG_WARN_RANGE_LOOP_ANALYSIS = YES;
				CLANG_WARN_STRICT_PROTOTYPES = YES;
				CLANG_WARN_SUSPICIOUS_MOVE = YES;
				CLANG_WARN_UNGUARDED_AVAILABILITY = YES_AGGRESSIVE;
				CLANG_WARN_UNREACHABLE_CODE = YES;
				CLANG_WARN__DUPLICATE_METHOD_MATCH = YES;
				COPY_PHASE_STRIP = NO;
				DEBUG_INFORMATION_FORMAT = "dwarf-with-dsym";
				ENABLE_NS_ASSERTIONS = NO;
				ENABLE_STRICT_OBJC_MSGSEND = YES;
				ENABLE_USER_SCRIPT_SANDBOXING = YES;
				GCC_C_LANGUAGE_STANDARD = gnu17;
				GCC_NO_COMMON_BLOCKS = YES;
				GCC_WARN_64_TO_32_BIT_CONVERSION = YES;
				GCC_WARN_ABOUT_RETURN_TYPE = YES_ERROR;
				GCC_WARN_UNDECLARED_SELECTOR = YES;
				GCC_WARN_UNINITIALIZED_AUTOS = YES_AGGRESSIVE;
				GCC_WARN_UNUSED_FUNCTION = YES;
				GCC_WARN_UNUSED_VARIABLE = YES;
				IPHONEOS_DEPLOYMENT_TARGET = 17.0;
				LOCALIZATION_PREFERS_STRING_CATALOGS = YES;
				MTL_ENABLE_DEBUG_INFO = NO;
				MTL_FAST_MATH = YES;
				SDKROOT = iphoneos;
				SWIFT_COMPILATION_MODE = wholemodule;
				VALIDATE_PRODUCT = YES;
			};
			name = Release;
		};
		265D74772B6C69640067A2A7 /* Debug */ = {
			isa = XCBuildConfiguration;
			buildSettings = {
				ALWAYS_EMBED_SWIFT_STANDARD_LIBRARIES = YES;
				ASSETCATALOG_COMPILER_APPICON_NAME = AppIcon;
				ASSETCATALOG_COMPILER_GLOBAL_ACCENT_COLOR_NAME = AccentColor;
				CODE_SIGN_ENTITLEMENTS = PetPurrsuit/PetPurrsuit.entitlements;
				CODE_SIGN_STYLE = Automatic;
				CURRENT_PROJECT_VERSION = 1;
				DEVELOPMENT_ASSET_PATHS = "\"PetPurrsuit/Preview Content\"";
				DEVELOPMENT_TEAM = P92GSKWU9W;
				ENABLE_PREVIEWS = YES;
				ENABLE_USER_SCRIPT_SANDBOXING = NO;
				GENERATE_INFOPLIST_FILE = YES;
				INFOPLIST_FILE = PetPurrsuit/Info.plist;
				INFOPLIST_KEY_NSLocationWhenInUseUsageDescription = "PetPurrsuit uses your location to find animals near by.";
				INFOPLIST_KEY_UIApplicationSceneManifest_Generation = YES;
				INFOPLIST_KEY_UIApplicationSupportsIndirectInputEvents = YES;
				INFOPLIST_KEY_UILaunchScreen_Generation = YES;
				INFOPLIST_KEY_UILaunchStoryboardName = LaunchScreen.storyboard;
				INFOPLIST_KEY_UISupportedInterfaceOrientations_iPad = "UIInterfaceOrientationPortrait UIInterfaceOrientationPortraitUpsideDown UIInterfaceOrientationLandscapeLeft UIInterfaceOrientationLandscapeRight";
				INFOPLIST_KEY_UISupportedInterfaceOrientations_iPhone = "UIInterfaceOrientationPortrait UIInterfaceOrientationLandscapeLeft UIInterfaceOrientationLandscapeRight";
				IPHONEOS_DEPLOYMENT_TARGET = 17.0;
				LD_RUNPATH_SEARCH_PATHS = (
					"$(inherited)",
					"@executable_path/Frameworks",
				);
				MARKETING_VERSION = 1.0;
				PRODUCT_BUNDLE_IDENTIFIER = Sarah.PetPurrsuit;
				PRODUCT_NAME = "$(TARGET_NAME)";
				SWIFT_EMIT_LOC_STRINGS = YES;
				SWIFT_VERSION = 5.0;
				TARGETED_DEVICE_FAMILY = "1,2";
			};
			name = Debug;
		};
		265D74782B6C69640067A2A7 /* Release */ = {
			isa = XCBuildConfiguration;
			buildSettings = {
				ALWAYS_EMBED_SWIFT_STANDARD_LIBRARIES = YES;
				ASSETCATALOG_COMPILER_APPICON_NAME = AppIcon;
				ASSETCATALOG_COMPILER_GLOBAL_ACCENT_COLOR_NAME = AccentColor;
				CODE_SIGN_ENTITLEMENTS = PetPurrsuit/PetPurrsuit.entitlements;
				CODE_SIGN_STYLE = Automatic;
				CURRENT_PROJECT_VERSION = 1;
				DEVELOPMENT_ASSET_PATHS = "\"PetPurrsuit/Preview Content\"";
				DEVELOPMENT_TEAM = P92GSKWU9W;
				ENABLE_PREVIEWS = YES;
				ENABLE_USER_SCRIPT_SANDBOXING = NO;
				GENERATE_INFOPLIST_FILE = YES;
				INFOPLIST_FILE = PetPurrsuit/Info.plist;
				INFOPLIST_KEY_NSLocationWhenInUseUsageDescription = "PetPurrsuit uses your location to find animals near by.";
				INFOPLIST_KEY_UIApplicationSceneManifest_Generation = YES;
				INFOPLIST_KEY_UIApplicationSupportsIndirectInputEvents = YES;
				INFOPLIST_KEY_UILaunchScreen_Generation = YES;
				INFOPLIST_KEY_UILaunchStoryboardName = LaunchScreen.storyboard;
				INFOPLIST_KEY_UISupportedInterfaceOrientations_iPad = "UIInterfaceOrientationPortrait UIInterfaceOrientationPortraitUpsideDown UIInterfaceOrientationLandscapeLeft UIInterfaceOrientationLandscapeRight";
				INFOPLIST_KEY_UISupportedInterfaceOrientations_iPhone = "UIInterfaceOrientationPortrait UIInterfaceOrientationLandscapeLeft UIInterfaceOrientationLandscapeRight";
				IPHONEOS_DEPLOYMENT_TARGET = 17.0;
				LD_RUNPATH_SEARCH_PATHS = (
					"$(inherited)",
					"@executable_path/Frameworks",
				);
				MARKETING_VERSION = 1.0;
				PRODUCT_BUNDLE_IDENTIFIER = Sarah.PetPurrsuit;
				PRODUCT_NAME = "$(TARGET_NAME)";
				SWIFT_EMIT_LOC_STRINGS = YES;
				SWIFT_VERSION = 5.0;
				TARGETED_DEVICE_FAMILY = "1,2";
			};
			name = Release;
		};
		265D747A2B6C69640067A2A7 /* Debug */ = {
			isa = XCBuildConfiguration;
			buildSettings = {
				ALWAYS_EMBED_SWIFT_STANDARD_LIBRARIES = YES;
				BUNDLE_LOADER = "$(TEST_HOST)";
				CODE_SIGN_STYLE = Automatic;
				CURRENT_PROJECT_VERSION = 1;
				DEVELOPMENT_TEAM = P92GSKWU9W;
				GENERATE_INFOPLIST_FILE = YES;
				IPHONEOS_DEPLOYMENT_TARGET = 17.0;
				MARKETING_VERSION = 1.0;
				PRODUCT_BUNDLE_IDENTIFIER = Sarah.PetPurrsuitTests;
				PRODUCT_NAME = "$(TARGET_NAME)";
				SWIFT_EMIT_LOC_STRINGS = NO;
				SWIFT_VERSION = 5.0;
				TARGETED_DEVICE_FAMILY = "1,2";
				TEST_HOST = "$(BUILT_PRODUCTS_DIR)/PetPurrsuit.app/$(BUNDLE_EXECUTABLE_FOLDER_PATH)/PetPurrsuit";
			};
			name = Debug;
		};
		265D747B2B6C69640067A2A7 /* Release */ = {
			isa = XCBuildConfiguration;
			buildSettings = {
				ALWAYS_EMBED_SWIFT_STANDARD_LIBRARIES = YES;
				BUNDLE_LOADER = "$(TEST_HOST)";
				CODE_SIGN_STYLE = Automatic;
				CURRENT_PROJECT_VERSION = 1;
				DEVELOPMENT_TEAM = P92GSKWU9W;
				GENERATE_INFOPLIST_FILE = YES;
				IPHONEOS_DEPLOYMENT_TARGET = 17.0;
				MARKETING_VERSION = 1.0;
				PRODUCT_BUNDLE_IDENTIFIER = Sarah.PetPurrsuitTests;
				PRODUCT_NAME = "$(TARGET_NAME)";
				SWIFT_EMIT_LOC_STRINGS = NO;
				SWIFT_VERSION = 5.0;
				TARGETED_DEVICE_FAMILY = "1,2";
				TEST_HOST = "$(BUILT_PRODUCTS_DIR)/PetPurrsuit.app/$(BUNDLE_EXECUTABLE_FOLDER_PATH)/PetPurrsuit";
			};
			name = Release;
		};
		265D747D2B6C69640067A2A7 /* Debug */ = {
			isa = XCBuildConfiguration;
			buildSettings = {
				ALWAYS_EMBED_SWIFT_STANDARD_LIBRARIES = YES;
				CODE_SIGN_STYLE = Automatic;
				CURRENT_PROJECT_VERSION = 1;
				DEVELOPMENT_TEAM = P92GSKWU9W;
				GENERATE_INFOPLIST_FILE = YES;
				IPHONEOS_DEPLOYMENT_TARGET = 17.0;
				MARKETING_VERSION = 1.0;
				PRODUCT_BUNDLE_IDENTIFIER = Sarah.PetPurrsuitUITests;
				PRODUCT_NAME = "$(TARGET_NAME)";
				SWIFT_EMIT_LOC_STRINGS = NO;
				SWIFT_VERSION = 5.0;
				TARGETED_DEVICE_FAMILY = "1,2";
				TEST_TARGET_NAME = PetPurrsuit;
			};
			name = Debug;
		};
		265D747E2B6C69640067A2A7 /* Release */ = {
			isa = XCBuildConfiguration;
			buildSettings = {
				ALWAYS_EMBED_SWIFT_STANDARD_LIBRARIES = YES;
				CODE_SIGN_STYLE = Automatic;
				CURRENT_PROJECT_VERSION = 1;
				DEVELOPMENT_TEAM = P92GSKWU9W;
				GENERATE_INFOPLIST_FILE = YES;
				IPHONEOS_DEPLOYMENT_TARGET = 17.0;
				MARKETING_VERSION = 1.0;
				PRODUCT_BUNDLE_IDENTIFIER = Sarah.PetPurrsuitUITests;
				PRODUCT_NAME = "$(TARGET_NAME)";
				SWIFT_EMIT_LOC_STRINGS = NO;
				SWIFT_VERSION = 5.0;
				TARGETED_DEVICE_FAMILY = "1,2";
				TEST_TARGET_NAME = PetPurrsuit;
			};
			name = Release;
		};
		26F67DDE2B9C8A1A0021C263 /* Debug */ = {
			isa = XCBuildConfiguration;
			buildSettings = {
				BUILD_LIBRARY_FOR_DISTRIBUTION = YES;
				CODE_SIGN_STYLE = Automatic;
				CURRENT_PROJECT_VERSION = 1;
				DEFINES_MODULE = YES;
				DEVELOPMENT_TEAM = P92GSKWU9W;
				DYLIB_COMPATIBILITY_VERSION = 1;
				DYLIB_CURRENT_VERSION = 1;
				DYLIB_INSTALL_NAME_BASE = "@rpath";
				ENABLE_MODULE_VERIFIER = YES;
				GENERATE_INFOPLIST_FILE = YES;
				INFOPLIST_KEY_NSHumanReadableCopyright = "";
				INSTALL_PATH = "$(LOCAL_LIBRARY_DIR)/Frameworks";
				IPHONEOS_DEPLOYMENT_TARGET = 17.4;
				LD_RUNPATH_SEARCH_PATHS = (
					"$(inherited)",
					"@executable_path/Frameworks",
					"@loader_path/Frameworks",
				);
				MARKETING_VERSION = 1.0;
				MODULE_VERIFIER_SUPPORTED_LANGUAGES = "objective-c objective-c++";
				MODULE_VERIFIER_SUPPORTED_LANGUAGE_STANDARDS = "gnu17 gnu++20";
				PRODUCT_BUNDLE_IDENTIFIER = Sarah.PetPurrsuitOnboarding;
				PRODUCT_NAME = "$(TARGET_NAME:c99extidentifier)";
				SKIP_INSTALL = YES;
				SWIFT_EMIT_LOC_STRINGS = YES;
				SWIFT_INSTALL_OBJC_HEADER = NO;
				SWIFT_VERSION = 5.0;
				TARGETED_DEVICE_FAMILY = "1,2";
				VERSIONING_SYSTEM = "apple-generic";
				VERSION_INFO_PREFIX = "";
			};
			name = Debug;
		};
		26F67DDF2B9C8A1A0021C263 /* Release */ = {
			isa = XCBuildConfiguration;
			buildSettings = {
				BUILD_LIBRARY_FOR_DISTRIBUTION = YES;
				CODE_SIGN_STYLE = Automatic;
				CURRENT_PROJECT_VERSION = 1;
				DEFINES_MODULE = YES;
				DEVELOPMENT_TEAM = P92GSKWU9W;
				DYLIB_COMPATIBILITY_VERSION = 1;
				DYLIB_CURRENT_VERSION = 1;
				DYLIB_INSTALL_NAME_BASE = "@rpath";
				ENABLE_MODULE_VERIFIER = YES;
				GENERATE_INFOPLIST_FILE = YES;
				INFOPLIST_KEY_NSHumanReadableCopyright = "";
				INSTALL_PATH = "$(LOCAL_LIBRARY_DIR)/Frameworks";
				IPHONEOS_DEPLOYMENT_TARGET = 17.4;
				LD_RUNPATH_SEARCH_PATHS = (
					"$(inherited)",
					"@executable_path/Frameworks",
					"@loader_path/Frameworks",
				);
				MARKETING_VERSION = 1.0;
				MODULE_VERIFIER_SUPPORTED_LANGUAGES = "objective-c objective-c++";
				MODULE_VERIFIER_SUPPORTED_LANGUAGE_STANDARDS = "gnu17 gnu++20";
				PRODUCT_BUNDLE_IDENTIFIER = Sarah.PetPurrsuitOnboarding;
				PRODUCT_NAME = "$(TARGET_NAME:c99extidentifier)";
				SKIP_INSTALL = YES;
				SWIFT_EMIT_LOC_STRINGS = YES;
				SWIFT_INSTALL_OBJC_HEADER = NO;
				SWIFT_VERSION = 5.0;
				TARGETED_DEVICE_FAMILY = "1,2";
				VERSIONING_SYSTEM = "apple-generic";
				VERSION_INFO_PREFIX = "";
			};
			name = Release;
		};
		26F67DE22B9C8A1A0021C263 /* Debug */ = {
			isa = XCBuildConfiguration;
			buildSettings = {
				ALWAYS_EMBED_SWIFT_STANDARD_LIBRARIES = YES;
				CODE_SIGN_STYLE = Automatic;
				CURRENT_PROJECT_VERSION = 1;
				DEVELOPMENT_TEAM = P92GSKWU9W;
				GENERATE_INFOPLIST_FILE = YES;
				IPHONEOS_DEPLOYMENT_TARGET = 17.0;
				MARKETING_VERSION = 1.0;
				PRODUCT_BUNDLE_IDENTIFIER = Sarah.PetPurrsuitOnboardingTests;
				PRODUCT_NAME = "$(TARGET_NAME)";
				SWIFT_EMIT_LOC_STRINGS = NO;
				SWIFT_VERSION = 5.0;
				TARGETED_DEVICE_FAMILY = "1,2";
				TEST_HOST = "$(BUILT_PRODUCTS_DIR)/PetPurrsuit.app/$(BUNDLE_EXECUTABLE_FOLDER_PATH)/PetPurrsuit";
			};
			name = Debug;
		};
		26F67DE32B9C8A1A0021C263 /* Release */ = {
			isa = XCBuildConfiguration;
			buildSettings = {
				ALWAYS_EMBED_SWIFT_STANDARD_LIBRARIES = YES;
				CODE_SIGN_STYLE = Automatic;
				CURRENT_PROJECT_VERSION = 1;
				DEVELOPMENT_TEAM = P92GSKWU9W;
				GENERATE_INFOPLIST_FILE = YES;
				IPHONEOS_DEPLOYMENT_TARGET = 17.0;
				MARKETING_VERSION = 1.0;
				PRODUCT_BUNDLE_IDENTIFIER = Sarah.PetPurrsuitOnboardingTests;
				PRODUCT_NAME = "$(TARGET_NAME)";
				SWIFT_EMIT_LOC_STRINGS = NO;
				SWIFT_VERSION = 5.0;
				TARGETED_DEVICE_FAMILY = "1,2";
				TEST_HOST = "$(BUILT_PRODUCTS_DIR)/PetPurrsuit.app/$(BUNDLE_EXECUTABLE_FOLDER_PATH)/PetPurrsuit";
			};
			name = Release;
		};
/* End XCBuildConfiguration section */

/* Begin XCConfigurationList section */
		265D74482B6C69630067A2A7 /* Build configuration list for PBXProject "PetPurrsuit" */ = {
			isa = XCConfigurationList;
			buildConfigurations = (
				265D74742B6C69640067A2A7 /* Debug */,
				265D74752B6C69640067A2A7 /* Release */,
			);
			defaultConfigurationIsVisible = 0;
			defaultConfigurationName = Release;
		};
		265D74762B6C69640067A2A7 /* Build configuration list for PBXNativeTarget "PetPurrsuit" */ = {
			isa = XCConfigurationList;
			buildConfigurations = (
				265D74772B6C69640067A2A7 /* Debug */,
				265D74782B6C69640067A2A7 /* Release */,
			);
			defaultConfigurationIsVisible = 0;
			defaultConfigurationName = Release;
		};
		265D74792B6C69640067A2A7 /* Build configuration list for PBXNativeTarget "PetPurrsuitTests" */ = {
			isa = XCConfigurationList;
			buildConfigurations = (
				265D747A2B6C69640067A2A7 /* Debug */,
				265D747B2B6C69640067A2A7 /* Release */,
			);
			defaultConfigurationIsVisible = 0;
			defaultConfigurationName = Release;
		};
		265D747C2B6C69640067A2A7 /* Build configuration list for PBXNativeTarget "PetPurrsuitUITests" */ = {
			isa = XCConfigurationList;
			buildConfigurations = (
				265D747D2B6C69640067A2A7 /* Debug */,
				265D747E2B6C69640067A2A7 /* Release */,
			);
			defaultConfigurationIsVisible = 0;
			defaultConfigurationName = Release;
		};
		26F67DDD2B9C8A1A0021C263 /* Build configuration list for PBXNativeTarget "PetPurrsuitOnboarding" */ = {
			isa = XCConfigurationList;
			buildConfigurations = (
				26F67DDE2B9C8A1A0021C263 /* Debug */,
				26F67DDF2B9C8A1A0021C263 /* Release */,
			);
			defaultConfigurationIsVisible = 0;
			defaultConfigurationName = Release;
		};
		26F67DE12B9C8A1A0021C263 /* Build configuration list for PBXNativeTarget "PetPurrsuitOnboardingTests" */ = {
			isa = XCConfigurationList;
			buildConfigurations = (
				26F67DE22B9C8A1A0021C263 /* Debug */,
				26F67DE32B9C8A1A0021C263 /* Release */,
			);
			defaultConfigurationIsVisible = 0;
			defaultConfigurationName = Release;
		};
/* End XCConfigurationList section */

/* Begin XCVersionGroup section */
		265D745B2B6C69640067A2A7 /* PetPurrsuit.xcdatamodeld */ = {
			isa = XCVersionGroup;
			children = (
				265D745C2B6C69640067A2A7 /* PetPurrsuit.xcdatamodel */,
			);
			currentVersion = 265D745C2B6C69640067A2A7 /* PetPurrsuit.xcdatamodel */;
			path = PetPurrsuit.xcdatamodeld;
			sourceTree = "<group>";
			versionGroupType = wrapper.xcdatamodel;
		};
/* End XCVersionGroup section */
	};
	rootObject = 265D74452B6C69630067A2A7 /* Project object */;
}
