// !$*UTF8*$!
{
	archiveVersion = 1;
	classes = {
	};
	objectVersion = 56;
	objects = {

/* Begin PBXBuildFile section */
		263AE4CA2B8781310033CF3C /* Animal+CoreData.swift in Sources */ = {isa = PBXBuildFile; fileRef = 263AE4C92B8781310033CF3C /* Animal+CoreData.swift */; };
		263AE4CD2B87B4810033CF3C /* CoreDataPersistable.swift in Sources */ = {isa = PBXBuildFile; fileRef = 263AE4CC2B87B4810033CF3C /* CoreDataPersistable.swift */; };
		264681FE2B781E06008FAB39 /* AccessTokenMockHelper.swift in Sources */ = {isa = PBXBuildFile; fileRef = 264681FD2B781E06008FAB39 /* AccessTokenMockHelper.swift */; };
		264682002B782742008FAB39 /* AnimalsRequestMock.swift in Sources */ = {isa = PBXBuildFile; fileRef = 264681FF2B782742008FAB39 /* AnimalsRequestMock.swift */; };
		264682022B782CDB008FAB39 /* NetworkRequestManagerTests.swift in Sources */ = {isa = PBXBuildFile; fileRef = 264682012B782CDB008FAB39 /* NetworkRequestManagerTests.swift */; };
		264682042B784550008FAB39 /* AccessTokenManagerTests.swift in Sources */ = {isa = PBXBuildFile; fileRef = 264682032B784550008FAB39 /* AccessTokenManagerTests.swift */; };
		264682082B785D0D008FAB39 /* AccessTokenManagerMock.swift in Sources */ = {isa = PBXBuildFile; fileRef = 264682072B785D0D008FAB39 /* AccessTokenManagerMock.swift */; };
		26543B322B74CAC700BC7E7A /* PetFinderAPIManagerMock.swift in Sources */ = {isa = PBXBuildFile; fileRef = 26543B312B74CAC700BC7E7A /* PetFinderAPIManagerMock.swift */; };
		265741B32B6C91BC0036D467 /* AnimalDetails.swift in Sources */ = {isa = PBXBuildFile; fileRef = 265741B22B6C91BC0036D467 /* AnimalDetails.swift */; };
		265741B52B6C920A0036D467 /* AnimalAge.swift in Sources */ = {isa = PBXBuildFile; fileRef = 265741B42B6C920A0036D467 /* AnimalAge.swift */; };
		265741B82B6C94160036D467 /* OrganizationInfo.swift in Sources */ = {isa = PBXBuildFile; fileRef = 265741B72B6C94160036D467 /* OrganizationInfo.swift */; };
		265741BA2B6C94230036D467 /* ContactInfo.swift in Sources */ = {isa = PBXBuildFile; fileRef = 265741B92B6C94230036D467 /* ContactInfo.swift */; };
		265741BC2B6C94480036D467 /* Address.swift in Sources */ = {isa = PBXBuildFile; fileRef = 265741BB2B6C94480036D467 /* Address.swift */; };
		265741BE2B6C96100036D467 /* AnimalPhotoSizes.swift in Sources */ = {isa = PBXBuildFile; fileRef = 265741BD2B6C96100036D467 /* AnimalPhotoSizes.swift */; };
		265741C52B6CA9770036D467 /* Animal.swift in Sources */ = {isa = PBXBuildFile; fileRef = 265741C42B6CA9770036D467 /* Animal.swift */; };
		265741C72B6CAABE0036D467 /* AnimalVideo.swift in Sources */ = {isa = PBXBuildFile; fileRef = 265741C62B6CAABE0036D467 /* AnimalVideo.swift */; };
		265741C92B6CAB8B0036D467 /* AnimalEnvironment.swift in Sources */ = {isa = PBXBuildFile; fileRef = 265741C82B6CAB8B0036D467 /* AnimalEnvironment.swift */; };
		265741CE2B6CB2F70036D467 /* AnimalMockData.json in Resources */ = {isa = PBXBuildFile; fileRef = 265741CD2B6CB2F70036D467 /* AnimalMockData.json */; };
		265741D02B6CB86C0036D467 /* SearchAnimalsView.swift in Sources */ = {isa = PBXBuildFile; fileRef = 265741CF2B6CB86C0036D467 /* SearchAnimalsView.swift */; };
		265741D22B6CB9200036D467 /* AnimalsNearByView.swift in Sources */ = {isa = PBXBuildFile; fileRef = 265741D12B6CB9200036D467 /* AnimalsNearByView.swift */; };
		265741D72B6D5C720036D467 /* NetworkRequestProtocol.swift in Sources */ = {isa = PBXBuildFile; fileRef = 265741D62B6D5C720036D467 /* NetworkRequestProtocol.swift */; };
		265741D92B6D5E4A0036D467 /* NetworkRequestType.swift in Sources */ = {isa = PBXBuildFile; fileRef = 265741D82B6D5E4A0036D467 /* NetworkRequestType.swift */; };
		265741DB2B74405D0036D467 /* NetworkError.swift in Sources */ = {isa = PBXBuildFile; fileRef = 265741DA2B74405D0036D467 /* NetworkError.swift */; };
		265741DD2B7478500036D467 /* APIManagerProtocol.swift in Sources */ = {isa = PBXBuildFile; fileRef = 265741DC2B7478500036D467 /* APIManagerProtocol.swift */; };
		265741DF2B7478EF0036D467 /* APIManager.swift in Sources */ = {isa = PBXBuildFile; fileRef = 265741DE2B7478EF0036D467 /* APIManager.swift */; };
		265741E12B747B2B0036D467 /* NetworkRequestManagerProtocol.swift in Sources */ = {isa = PBXBuildFile; fileRef = 265741E02B747B2B0036D467 /* NetworkRequestManagerProtocol.swift */; };
		265741E32B747B440036D467 /* NetworkRequestManager.swift in Sources */ = {isa = PBXBuildFile; fileRef = 265741E22B747B440036D467 /* NetworkRequestManager.swift */; };
		265741E62B747D260036D467 /* DataParserProtocol.swift in Sources */ = {isa = PBXBuildFile; fileRef = 265741E52B747D260036D467 /* DataParserProtocol.swift */; };
		265741E82B747D350036D467 /* DataParser.swift in Sources */ = {isa = PBXBuildFile; fileRef = 265741E72B747D350036D467 /* DataParser.swift */; };
		265741EB2B7481910036D467 /* AuthenticationTokenRequest.swift in Sources */ = {isa = PBXBuildFile; fileRef = 265741EA2B7481910036D467 /* AuthenticationTokenRequest.swift */; };
		265741F02B7484750036D467 /* PetFinderAPIToken.swift in Sources */ = {isa = PBXBuildFile; fileRef = 265741EF2B7484750036D467 /* PetFinderAPIToken.swift */; };
		265741F22B749B210036D467 /* AnimalsRequest.swift in Sources */ = {isa = PBXBuildFile; fileRef = 265741F12B749B210036D467 /* AnimalsRequest.swift */; };
		265741F42B74A17F0036D467 /* AnimalContainer.swift in Sources */ = {isa = PBXBuildFile; fileRef = 265741F32B74A17F0036D467 /* AnimalContainer.swift */; };
		265741F62B74A3C40036D467 /* AnimalRowView.swift in Sources */ = {isa = PBXBuildFile; fileRef = 265741F52B74A3C40036D467 /* AnimalRowView.swift */; };
		265741F82B74A4570036D467 /* AnimalMock.swift in Sources */ = {isa = PBXBuildFile; fileRef = 265741F72B74A4570036D467 /* AnimalMock.swift */; };
		265741FA2B74AC310036D467 /* AccessTokenManagerProtocol.swift in Sources */ = {isa = PBXBuildFile; fileRef = 265741F92B74AC310036D467 /* AccessTokenManagerProtocol.swift */; };
		265741FC2B74AC940036D467 /* AccessTokenManager.swift in Sources */ = {isa = PBXBuildFile; fileRef = 265741FB2B74AC940036D467 /* AccessTokenManager.swift */; };
		265741FE2B74AF160036D467 /* AppUserDefaultsKeys.swift in Sources */ = {isa = PBXBuildFile; fileRef = 265741FD2B74AF160036D467 /* AppUserDefaultsKeys.swift */; };
		265741FF2B74B4080036D467 /* AnimalMockData.json in Resources */ = {isa = PBXBuildFile; fileRef = 265741CD2B6CB2F70036D467 /* AnimalMockData.json */; };
		265D74512B6C69630067A2A7 /* PetPurrsuitApp.swift in Sources */ = {isa = PBXBuildFile; fileRef = 265D74502B6C69630067A2A7 /* PetPurrsuitApp.swift */; };
		265D74532B6C69630067A2A7 /* ContentView.swift in Sources */ = {isa = PBXBuildFile; fileRef = 265D74522B6C69630067A2A7 /* ContentView.swift */; };
		265D74552B6C69640067A2A7 /* Assets.xcassets in Resources */ = {isa = PBXBuildFile; fileRef = 265D74542B6C69640067A2A7 /* Assets.xcassets */; };
		265D74582B6C69640067A2A7 /* Preview Assets.xcassets in Resources */ = {isa = PBXBuildFile; fileRef = 265D74572B6C69640067A2A7 /* Preview Assets.xcassets */; };
		265D745A2B6C69640067A2A7 /* Persistence.swift in Sources */ = {isa = PBXBuildFile; fileRef = 265D74592B6C69640067A2A7 /* Persistence.swift */; };
		265D745D2B6C69640067A2A7 /* PetPurrsuit.xcdatamodeld in Sources */ = {isa = PBXBuildFile; fileRef = 265D745B2B6C69640067A2A7 /* PetPurrsuit.xcdatamodeld */; };
		265D74672B6C69640067A2A7 /* PetPurrsuitTests.swift in Sources */ = {isa = PBXBuildFile; fileRef = 265D74662B6C69640067A2A7 /* PetPurrsuitTests.swift */; };
		265D74712B6C69640067A2A7 /* PetPurrsuitUITests.swift in Sources */ = {isa = PBXBuildFile; fileRef = 265D74702B6C69640067A2A7 /* PetPurrsuitUITests.swift */; };
		265D74732B6C69640067A2A7 /* PetPurrsuitUITestsLaunchTests.swift in Sources */ = {isa = PBXBuildFile; fileRef = 265D74722B6C69640067A2A7 /* PetPurrsuitUITestsLaunchTests.swift */; };
		265D74812B6C77210067A2A7 /* PetFinderAPIConstants.swift in Sources */ = {isa = PBXBuildFile; fileRef = 265D74802B6C77210067A2A7 /* PetFinderAPIConstants.swift */; };
		265D74852B6C79440067A2A7 /* AnimalBreed.swift in Sources */ = {isa = PBXBuildFile; fileRef = 265D74842B6C79440067A2A7 /* AnimalBreed.swift */; };
		265D74872B6C7FFA0067A2A7 /* AnimalType.swift in Sources */ = {isa = PBXBuildFile; fileRef = 265D74862B6C7FFA0067A2A7 /* AnimalType.swift */; };
		265D74892B6C81F10067A2A7 /* AnimalSize.swift in Sources */ = {isa = PBXBuildFile; fileRef = 265D74882B6C81F10067A2A7 /* AnimalSize.swift */; };
		265D748B2B6C85600067A2A7 /* AnimalGender.swift in Sources */ = {isa = PBXBuildFile; fileRef = 265D748A2B6C85600067A2A7 /* AnimalGender.swift */; };
		265D748D2B6C867B0067A2A7 /* AnimalColor.swift in Sources */ = {isa = PBXBuildFile; fileRef = 265D748C2B6C867B0067A2A7 /* AnimalColor.swift */; };
		265D748F2B6C87590067A2A7 /* AnimalCoat.swift in Sources */ = {isa = PBXBuildFile; fileRef = 265D748E2B6C87590067A2A7 /* AnimalCoat.swift */; };
		265D74912B6C88A00067A2A7 /* AnimalAdoptionStatus.swift in Sources */ = {isa = PBXBuildFile; fileRef = 265D74902B6C88A00067A2A7 /* AnimalAdoptionStatus.swift */; };
		265D74932B6C8A690067A2A7 /* AnimalBehaviorAttributes.swift in Sources */ = {isa = PBXBuildFile; fileRef = 265D74922B6C8A690067A2A7 /* AnimalBehaviorAttributes.swift */; };
		265D74952B6C8C6B0067A2A7 /* Pagination.swift in Sources */ = {isa = PBXBuildFile; fileRef = 265D74942B6C8C6B0067A2A7 /* Pagination.swift */; };
		26864BC52B97981A0091E862 /* AnimalPhotoSizes+CoreData.swift in Sources */ = {isa = PBXBuildFile; fileRef = 26864BC42B97981A0091E862 /* AnimalPhotoSizes+CoreData.swift */; };
		26864BC72B979AC90091E862 /* AnimalBehaviorAttributes+CoreData.swift in Sources */ = {isa = PBXBuildFile; fileRef = 26864BC62B979AC90091E862 /* AnimalBehaviorAttributes+CoreData.swift */; };
		26864BC92B979BF50091E862 /* AnimalEnvironment+CoreData.swift in Sources */ = {isa = PBXBuildFile; fileRef = 26864BC82B979BF50091E862 /* AnimalEnvironment+CoreData.swift */; };
		26864BCB2B979CB70091E862 /* AnimalColor+CoreData.swift in Sources */ = {isa = PBXBuildFile; fileRef = 26864BCA2B979CB70091E862 /* AnimalColor+CoreData.swift */; };
		26864BCD2B979D6F0091E862 /* ContactInfo+CoreData.swift in Sources */ = {isa = PBXBuildFile; fileRef = 26864BCC2B979D6F0091E862 /* ContactInfo+CoreData.swift */; };
		26864BCF2B97A6C90091E862 /* OrganizationInfo+CoreData.swift in Sources */ = {isa = PBXBuildFile; fileRef = 26864BCE2B97A6C90091E862 /* OrganizationInfo+CoreData.swift */; };
		26864BD12B97B2DE0091E862 /* User.swift in Sources */ = {isa = PBXBuildFile; fileRef = 26864BD02B97B2DE0091E862 /* User.swift */; };
		26864BD32B97B3460091E862 /* User+CoreData.swift in Sources */ = {isa = PBXBuildFile; fileRef = 26864BD22B97B3460091E862 /* User+CoreData.swift */; };
		26864BD52B97B3F40091E862 /* AnimalVideo+CoreData.swift in Sources */ = {isa = PBXBuildFile; fileRef = 26864BD42B97B3F40091E862 /* AnimalVideo+CoreData.swift */; };
		26864BD72B97B4810091E862 /* Address+CoreData.swift in Sources */ = {isa = PBXBuildFile; fileRef = 26864BD62B97B4810091E862 /* Address+CoreData.swift */; };
		26B1DE312B97C368002CB40B /* CoreDataHelper.swift in Sources */ = {isa = PBXBuildFile; fileRef = 26B1DE302B97C368002CB40B /* CoreDataHelper.swift */; };
		26E030CC2B96AD6F007D5F98 /* AnimalBreed+CoreData.swift in Sources */ = {isa = PBXBuildFile; fileRef = 26E030CB2B96AD6F007D5F98 /* AnimalBreed+CoreData.swift */; };
/* End PBXBuildFile section */

/* Begin PBXContainerItemProxy section */
		265D74632B6C69640067A2A7 /* PBXContainerItemProxy */ = {
			isa = PBXContainerItemProxy;
			containerPortal = 265D74452B6C69630067A2A7 /* Project object */;
			proxyType = 1;
			remoteGlobalIDString = 265D744C2B6C69630067A2A7;
			remoteInfo = PetPurrsuit;
		};
		265D746D2B6C69640067A2A7 /* PBXContainerItemProxy */ = {
			isa = PBXContainerItemProxy;
			containerPortal = 265D74452B6C69630067A2A7 /* Project object */;
			proxyType = 1;
			remoteGlobalIDString = 265D744C2B6C69630067A2A7;
			remoteInfo = PetPurrsuit;
		};
/* End PBXContainerItemProxy section */

/* Begin PBXFileReference section */
		263AE4C92B8781310033CF3C /* Animal+CoreData.swift */ = {isa = PBXFileReference; lastKnownFileType = sourcecode.swift; path = "Animal+CoreData.swift"; sourceTree = "<group>"; };
		263AE4CC2B87B4810033CF3C /* CoreDataPersistable.swift */ = {isa = PBXFileReference; lastKnownFileType = sourcecode.swift; path = CoreDataPersistable.swift; sourceTree = "<group>"; };
		264681FD2B781E06008FAB39 /* AccessTokenMockHelper.swift */ = {isa = PBXFileReference; lastKnownFileType = sourcecode.swift; path = AccessTokenMockHelper.swift; sourceTree = "<group>"; };
		264681FF2B782742008FAB39 /* AnimalsRequestMock.swift */ = {isa = PBXFileReference; lastKnownFileType = sourcecode.swift; path = AnimalsRequestMock.swift; sourceTree = "<group>"; };
		264682012B782CDB008FAB39 /* NetworkRequestManagerTests.swift */ = {isa = PBXFileReference; lastKnownFileType = sourcecode.swift; path = NetworkRequestManagerTests.swift; sourceTree = "<group>"; };
		264682032B784550008FAB39 /* AccessTokenManagerTests.swift */ = {isa = PBXFileReference; lastKnownFileType = sourcecode.swift; path = AccessTokenManagerTests.swift; sourceTree = "<group>"; };
		264682072B785D0D008FAB39 /* AccessTokenManagerMock.swift */ = {isa = PBXFileReference; lastKnownFileType = sourcecode.swift; path = AccessTokenManagerMock.swift; sourceTree = "<group>"; };
		26543B312B74CAC700BC7E7A /* PetFinderAPIManagerMock.swift */ = {isa = PBXFileReference; lastKnownFileType = sourcecode.swift; path = PetFinderAPIManagerMock.swift; sourceTree = "<group>"; };
		265741B22B6C91BC0036D467 /* AnimalDetails.swift */ = {isa = PBXFileReference; lastKnownFileType = sourcecode.swift; path = AnimalDetails.swift; sourceTree = "<group>"; };
		265741B42B6C920A0036D467 /* AnimalAge.swift */ = {isa = PBXFileReference; lastKnownFileType = sourcecode.swift; path = AnimalAge.swift; sourceTree = "<group>"; };
		265741B72B6C94160036D467 /* OrganizationInfo.swift */ = {isa = PBXFileReference; lastKnownFileType = sourcecode.swift; path = OrganizationInfo.swift; sourceTree = "<group>"; };
		265741B92B6C94230036D467 /* ContactInfo.swift */ = {isa = PBXFileReference; lastKnownFileType = sourcecode.swift; path = ContactInfo.swift; sourceTree = "<group>"; };
		265741BB2B6C94480036D467 /* Address.swift */ = {isa = PBXFileReference; lastKnownFileType = sourcecode.swift; path = Address.swift; sourceTree = "<group>"; };
		265741BD2B6C96100036D467 /* AnimalPhotoSizes.swift */ = {isa = PBXFileReference; lastKnownFileType = sourcecode.swift; path = AnimalPhotoSizes.swift; sourceTree = "<group>"; };
		265741C42B6CA9770036D467 /* Animal.swift */ = {isa = PBXFileReference; lastKnownFileType = sourcecode.swift; path = Animal.swift; sourceTree = "<group>"; };
		265741C62B6CAABE0036D467 /* AnimalVideo.swift */ = {isa = PBXFileReference; lastKnownFileType = sourcecode.swift; path = AnimalVideo.swift; sourceTree = "<group>"; };
		265741C82B6CAB8B0036D467 /* AnimalEnvironment.swift */ = {isa = PBXFileReference; lastKnownFileType = sourcecode.swift; path = AnimalEnvironment.swift; sourceTree = "<group>"; };
		265741CD2B6CB2F70036D467 /* AnimalMockData.json */ = {isa = PBXFileReference; lastKnownFileType = text.json; path = AnimalMockData.json; sourceTree = "<group>"; };
		265741CF2B6CB86C0036D467 /* SearchAnimalsView.swift */ = {isa = PBXFileReference; lastKnownFileType = sourcecode.swift; path = SearchAnimalsView.swift; sourceTree = "<group>"; };
		265741D12B6CB9200036D467 /* AnimalsNearByView.swift */ = {isa = PBXFileReference; lastKnownFileType = sourcecode.swift; path = AnimalsNearByView.swift; sourceTree = "<group>"; };
		265741D62B6D5C720036D467 /* NetworkRequestProtocol.swift */ = {isa = PBXFileReference; lastKnownFileType = sourcecode.swift; path = NetworkRequestProtocol.swift; sourceTree = "<group>"; };
		265741D82B6D5E4A0036D467 /* NetworkRequestType.swift */ = {isa = PBXFileReference; lastKnownFileType = sourcecode.swift; path = NetworkRequestType.swift; sourceTree = "<group>"; };
		265741DA2B74405D0036D467 /* NetworkError.swift */ = {isa = PBXFileReference; lastKnownFileType = sourcecode.swift; path = NetworkError.swift; sourceTree = "<group>"; };
		265741DC2B7478500036D467 /* APIManagerProtocol.swift */ = {isa = PBXFileReference; lastKnownFileType = sourcecode.swift; path = APIManagerProtocol.swift; sourceTree = "<group>"; };
		265741DE2B7478EF0036D467 /* APIManager.swift */ = {isa = PBXFileReference; lastKnownFileType = sourcecode.swift; path = APIManager.swift; sourceTree = "<group>"; };
		265741E02B747B2B0036D467 /* NetworkRequestManagerProtocol.swift */ = {isa = PBXFileReference; lastKnownFileType = sourcecode.swift; path = NetworkRequestManagerProtocol.swift; sourceTree = "<group>"; };
		265741E22B747B440036D467 /* NetworkRequestManager.swift */ = {isa = PBXFileReference; lastKnownFileType = sourcecode.swift; path = NetworkRequestManager.swift; sourceTree = "<group>"; };
		265741E52B747D260036D467 /* DataParserProtocol.swift */ = {isa = PBXFileReference; lastKnownFileType = sourcecode.swift; path = DataParserProtocol.swift; sourceTree = "<group>"; };
		265741E72B747D350036D467 /* DataParser.swift */ = {isa = PBXFileReference; lastKnownFileType = sourcecode.swift; path = DataParser.swift; sourceTree = "<group>"; };
		265741EA2B7481910036D467 /* AuthenticationTokenRequest.swift */ = {isa = PBXFileReference; lastKnownFileType = sourcecode.swift; path = AuthenticationTokenRequest.swift; sourceTree = "<group>"; };
		265741EF2B7484750036D467 /* PetFinderAPIToken.swift */ = {isa = PBXFileReference; lastKnownFileType = sourcecode.swift; path = PetFinderAPIToken.swift; sourceTree = "<group>"; };
		265741F12B749B210036D467 /* AnimalsRequest.swift */ = {isa = PBXFileReference; lastKnownFileType = sourcecode.swift; path = AnimalsRequest.swift; sourceTree = "<group>"; };
		265741F32B74A17F0036D467 /* AnimalContainer.swift */ = {isa = PBXFileReference; lastKnownFileType = sourcecode.swift; path = AnimalContainer.swift; sourceTree = "<group>"; };
		265741F52B74A3C40036D467 /* AnimalRowView.swift */ = {isa = PBXFileReference; lastKnownFileType = sourcecode.swift; path = AnimalRowView.swift; sourceTree = "<group>"; };
		265741F72B74A4570036D467 /* AnimalMock.swift */ = {isa = PBXFileReference; lastKnownFileType = sourcecode.swift; path = AnimalMock.swift; sourceTree = "<group>"; };
		265741F92B74AC310036D467 /* AccessTokenManagerProtocol.swift */ = {isa = PBXFileReference; lastKnownFileType = sourcecode.swift; path = AccessTokenManagerProtocol.swift; sourceTree = "<group>"; };
		265741FB2B74AC940036D467 /* AccessTokenManager.swift */ = {isa = PBXFileReference; lastKnownFileType = sourcecode.swift; path = AccessTokenManager.swift; sourceTree = "<group>"; };
		265741FD2B74AF160036D467 /* AppUserDefaultsKeys.swift */ = {isa = PBXFileReference; lastKnownFileType = sourcecode.swift; path = AppUserDefaultsKeys.swift; sourceTree = "<group>"; };
		265D744D2B6C69630067A2A7 /* PetPurrsuit.app */ = {isa = PBXFileReference; explicitFileType = wrapper.application; includeInIndex = 0; path = PetPurrsuit.app; sourceTree = BUILT_PRODUCTS_DIR; };
		265D74502B6C69630067A2A7 /* PetPurrsuitApp.swift */ = {isa = PBXFileReference; lastKnownFileType = sourcecode.swift; path = PetPurrsuitApp.swift; sourceTree = "<group>"; };
		265D74522B6C69630067A2A7 /* ContentView.swift */ = {isa = PBXFileReference; lastKnownFileType = sourcecode.swift; path = ContentView.swift; sourceTree = "<group>"; };
		265D74542B6C69640067A2A7 /* Assets.xcassets */ = {isa = PBXFileReference; lastKnownFileType = folder.assetcatalog; path = Assets.xcassets; sourceTree = "<group>"; };
		265D74572B6C69640067A2A7 /* Preview Assets.xcassets */ = {isa = PBXFileReference; lastKnownFileType = folder.assetcatalog; path = "Preview Assets.xcassets"; sourceTree = "<group>"; };
		265D74592B6C69640067A2A7 /* Persistence.swift */ = {isa = PBXFileReference; lastKnownFileType = sourcecode.swift; path = Persistence.swift; sourceTree = "<group>"; };
		265D745C2B6C69640067A2A7 /* PetPurrsuit.xcdatamodel */ = {isa = PBXFileReference; lastKnownFileType = wrapper.xcdatamodel; path = PetPurrsuit.xcdatamodel; sourceTree = "<group>"; };
		265D74622B6C69640067A2A7 /* PetPurrsuitTests.xctest */ = {isa = PBXFileReference; explicitFileType = wrapper.cfbundle; includeInIndex = 0; path = PetPurrsuitTests.xctest; sourceTree = BUILT_PRODUCTS_DIR; };
		265D74662B6C69640067A2A7 /* PetPurrsuitTests.swift */ = {isa = PBXFileReference; lastKnownFileType = sourcecode.swift; path = PetPurrsuitTests.swift; sourceTree = "<group>"; };
		265D746C2B6C69640067A2A7 /* PetPurrsuitUITests.xctest */ = {isa = PBXFileReference; explicitFileType = wrapper.cfbundle; includeInIndex = 0; path = PetPurrsuitUITests.xctest; sourceTree = BUILT_PRODUCTS_DIR; };
		265D74702B6C69640067A2A7 /* PetPurrsuitUITests.swift */ = {isa = PBXFileReference; lastKnownFileType = sourcecode.swift; path = PetPurrsuitUITests.swift; sourceTree = "<group>"; };
		265D74722B6C69640067A2A7 /* PetPurrsuitUITestsLaunchTests.swift */ = {isa = PBXFileReference; lastKnownFileType = sourcecode.swift; path = PetPurrsuitUITestsLaunchTests.swift; sourceTree = "<group>"; };
		265D74802B6C77210067A2A7 /* PetFinderAPIConstants.swift */ = {isa = PBXFileReference; lastKnownFileType = sourcecode.swift; path = PetFinderAPIConstants.swift; sourceTree = "<group>"; };
		265D74842B6C79440067A2A7 /* AnimalBreed.swift */ = {isa = PBXFileReference; lastKnownFileType = sourcecode.swift; path = AnimalBreed.swift; sourceTree = "<group>"; };
		265D74862B6C7FFA0067A2A7 /* AnimalType.swift */ = {isa = PBXFileReference; lastKnownFileType = sourcecode.swift; path = AnimalType.swift; sourceTree = "<group>"; };
		265D74882B6C81F10067A2A7 /* AnimalSize.swift */ = {isa = PBXFileReference; lastKnownFileType = sourcecode.swift; path = AnimalSize.swift; sourceTree = "<group>"; };
		265D748A2B6C85600067A2A7 /* AnimalGender.swift */ = {isa = PBXFileReference; lastKnownFileType = sourcecode.swift; path = AnimalGender.swift; sourceTree = "<group>"; };
		265D748C2B6C867B0067A2A7 /* AnimalColor.swift */ = {isa = PBXFileReference; lastKnownFileType = sourcecode.swift; path = AnimalColor.swift; sourceTree = "<group>"; };
		265D748E2B6C87590067A2A7 /* AnimalCoat.swift */ = {isa = PBXFileReference; lastKnownFileType = sourcecode.swift; path = AnimalCoat.swift; sourceTree = "<group>"; };
		265D74902B6C88A00067A2A7 /* AnimalAdoptionStatus.swift */ = {isa = PBXFileReference; lastKnownFileType = sourcecode.swift; path = AnimalAdoptionStatus.swift; sourceTree = "<group>"; };
		265D74922B6C8A690067A2A7 /* AnimalBehaviorAttributes.swift */ = {isa = PBXFileReference; lastKnownFileType = sourcecode.swift; path = AnimalBehaviorAttributes.swift; sourceTree = "<group>"; };
		265D74942B6C8C6B0067A2A7 /* Pagination.swift */ = {isa = PBXFileReference; lastKnownFileType = sourcecode.swift; path = Pagination.swift; sourceTree = "<group>"; };
		26864BC42B97981A0091E862 /* AnimalPhotoSizes+CoreData.swift */ = {isa = PBXFileReference; lastKnownFileType = sourcecode.swift; path = "AnimalPhotoSizes+CoreData.swift"; sourceTree = "<group>"; };
		26864BC62B979AC90091E862 /* AnimalBehaviorAttributes+CoreData.swift */ = {isa = PBXFileReference; lastKnownFileType = sourcecode.swift; path = "AnimalBehaviorAttributes+CoreData.swift"; sourceTree = "<group>"; };
		26864BC82B979BF50091E862 /* AnimalEnvironment+CoreData.swift */ = {isa = PBXFileReference; lastKnownFileType = sourcecode.swift; path = "AnimalEnvironment+CoreData.swift"; sourceTree = "<group>"; };
		26864BCA2B979CB70091E862 /* AnimalColor+CoreData.swift */ = {isa = PBXFileReference; lastKnownFileType = sourcecode.swift; path = "AnimalColor+CoreData.swift"; sourceTree = "<group>"; };
		26864BCC2B979D6F0091E862 /* ContactInfo+CoreData.swift */ = {isa = PBXFileReference; lastKnownFileType = sourcecode.swift; path = "ContactInfo+CoreData.swift"; sourceTree = "<group>"; };
		26864BCE2B97A6C90091E862 /* OrganizationInfo+CoreData.swift */ = {isa = PBXFileReference; lastKnownFileType = sourcecode.swift; path = "OrganizationInfo+CoreData.swift"; sourceTree = "<group>"; };
		26864BD02B97B2DE0091E862 /* User.swift */ = {isa = PBXFileReference; lastKnownFileType = sourcecode.swift; path = User.swift; sourceTree = "<group>"; };
		26864BD22B97B3460091E862 /* User+CoreData.swift */ = {isa = PBXFileReference; lastKnownFileType = sourcecode.swift; path = "User+CoreData.swift"; sourceTree = "<group>"; };
		26864BD42B97B3F40091E862 /* AnimalVideo+CoreData.swift */ = {isa = PBXFileReference; lastKnownFileType = sourcecode.swift; path = "AnimalVideo+CoreData.swift"; sourceTree = "<group>"; };
		26864BD62B97B4810091E862 /* Address+CoreData.swift */ = {isa = PBXFileReference; lastKnownFileType = sourcecode.swift; path = "Address+CoreData.swift"; sourceTree = "<group>"; };
		26B1DE302B97C368002CB40B /* CoreDataHelper.swift */ = {isa = PBXFileReference; lastKnownFileType = sourcecode.swift; path = CoreDataHelper.swift; sourceTree = "<group>"; };
		26E030CB2B96AD6F007D5F98 /* AnimalBreed+CoreData.swift */ = {isa = PBXFileReference; lastKnownFileType = sourcecode.swift; path = "AnimalBreed+CoreData.swift"; sourceTree = "<group>"; };
/* End PBXFileReference section */

/* Begin PBXFrameworksBuildPhase section */
		265D744A2B6C69630067A2A7 /* Frameworks */ = {
			isa = PBXFrameworksBuildPhase;
			buildActionMask = 2147483647;
			files = (
			);
			runOnlyForDeploymentPostprocessing = 0;
		};
		265D745F2B6C69640067A2A7 /* Frameworks */ = {
			isa = PBXFrameworksBuildPhase;
			buildActionMask = 2147483647;
			files = (
			);
			runOnlyForDeploymentPostprocessing = 0;
		};
		265D74692B6C69640067A2A7 /* Frameworks */ = {
			isa = PBXFrameworksBuildPhase;
			buildActionMask = 2147483647;
			files = (
			);
			runOnlyForDeploymentPostprocessing = 0;
		};
/* End PBXFrameworksBuildPhase section */

/* Begin PBXGroup section */
		263AE4CB2B87B4580033CF3C /* Extensions */ = {
			isa = PBXGroup;
			children = (
				26864BD62B97B4810091E862 /* Address+CoreData.swift */,
				263AE4C92B8781310033CF3C /* Animal+CoreData.swift */,
				26864BC62B979AC90091E862 /* AnimalBehaviorAttributes+CoreData.swift */,
				26E030CB2B96AD6F007D5F98 /* AnimalBreed+CoreData.swift */,
				26864BCA2B979CB70091E862 /* AnimalColor+CoreData.swift */,
				26864BC82B979BF50091E862 /* AnimalEnvironment+CoreData.swift */,
				26864BC42B97981A0091E862 /* AnimalPhotoSizes+CoreData.swift */,
				26864BD42B97B3F40091E862 /* AnimalVideo+CoreData.swift */,
				26864BCC2B979D6F0091E862 /* ContactInfo+CoreData.swift */,
				263AE4CC2B87B4810033CF3C /* CoreDataPersistable.swift */,
				26864BCE2B97A6C90091E862 /* OrganizationInfo+CoreData.swift */,
				26864BD22B97B3460091E862 /* User+CoreData.swift */,
			);
			path = Extensions;
			sourceTree = "<group>";
		};
		264682092B786935008FAB39 /* Mocks */ = {
			isa = PBXGroup;
			children = (
				264682072B785D0D008FAB39 /* AccessTokenManagerMock.swift */,
				264681FD2B781E06008FAB39 /* AccessTokenMockHelper.swift */,
				264681FF2B782742008FAB39 /* AnimalsRequestMock.swift */,
				26543B312B74CAC700BC7E7A /* PetFinderAPIManagerMock.swift */,
			);
			path = Mocks;
			sourceTree = "<group>";
		};
		2646820A2B78693C008FAB39 /* Tests */ = {
			isa = PBXGroup;
			children = (
				264682032B784550008FAB39 /* AccessTokenManagerTests.swift */,
				264682012B782CDB008FAB39 /* NetworkRequestManagerTests.swift */,
				265D74662B6C69640067A2A7 /* PetPurrsuitTests.swift */,
			);
			path = Tests;
			sourceTree = "<group>";
		};
		265741C12B6C97720036D467 /* Utilities */ = {
			isa = PBXGroup;
			children = (
				265741FD2B74AF160036D467 /* AppUserDefaultsKeys.swift */,
			);
			path = Utilities;
			sourceTree = "<group>";
		};
		265741C22B6CA6C40036D467 /* Views */ = {
			isa = PBXGroup;
			children = (
				265741F52B74A3C40036D467 /* AnimalRowView.swift */,
				265741D12B6CB9200036D467 /* AnimalsNearByView.swift */,
				265D74522B6C69630067A2A7 /* ContentView.swift */,
				265741C32B6CA7F80036D467 /* Search */,
				265741CF2B6CB86C0036D467 /* SearchAnimalsView.swift */,
			);
			path = Views;
			sourceTree = "<group>";
		};
		265741C32B6CA7F80036D467 /* Search */ = {
			isa = PBXGroup;
			children = (
			);
			path = Search;
			sourceTree = "<group>";
		};
		265741CA2B6CACD70036D467 /* Mock */ = {
			isa = PBXGroup;
			children = (
				265741F72B74A4570036D467 /* AnimalMock.swift */,
			);
			path = Mock;
			sourceTree = "<group>";
		};
		265741D52B6D5C1C0036D467 /* Network */ = {
			isa = PBXGroup;
			children = (
				265741F12B749B210036D467 /* AnimalsRequest.swift */,
				265741DE2B7478EF0036D467 /* APIManager.swift */,
				265741DC2B7478500036D467 /* APIManagerProtocol.swift */,
				265741DA2B74405D0036D467 /* NetworkError.swift */,
				265741E22B747B440036D467 /* NetworkRequestManager.swift */,
				265741E02B747B2B0036D467 /* NetworkRequestManagerProtocol.swift */,
				265741D62B6D5C720036D467 /* NetworkRequestProtocol.swift */,
				265741D82B6D5E4A0036D467 /* NetworkRequestType.swift */,
			);
			path = Network;
			sourceTree = "<group>";
		};
		265741E42B747D090036D467 /* Parser */ = {
			isa = PBXGroup;
			children = (
				265741E72B747D350036D467 /* DataParser.swift */,
				265741E52B747D260036D467 /* DataParserProtocol.swift */,
			);
			path = Parser;
			sourceTree = "<group>";
		};
		265741E92B7481710036D467 /* Authentication */ = {
			isa = PBXGroup;
			children = (
				265741FB2B74AC940036D467 /* AccessTokenManager.swift */,
				265741F92B74AC310036D467 /* AccessTokenManagerProtocol.swift */,
				265741EA2B7481910036D467 /* AuthenticationTokenRequest.swift */,
			);
			path = Authentication;
			sourceTree = "<group>";
		};
		265741EE2B7483B90036D467 /* PetfinderAPI */ = {
			isa = PBXGroup;
			children = (
				265D74802B6C77210067A2A7 /* PetFinderAPIConstants.swift */,
				265741EF2B7484750036D467 /* PetFinderAPIToken.swift */,
			);
			path = PetfinderAPI;
			sourceTree = "<group>";
		};
		265D74442B6C69630067A2A7 = {
			isa = PBXGroup;
			children = (
				265D744F2B6C69630067A2A7 /* PetPurrsuit */,
				265D74652B6C69640067A2A7 /* PetPurrsuitTests */,
				265D746F2B6C69640067A2A7 /* PetPurrsuitUITests */,
				265D744E2B6C69630067A2A7 /* Products */,
			);
			sourceTree = "<group>";
		};
		265D744E2B6C69630067A2A7 /* Products */ = {
			isa = PBXGroup;
			children = (
				265D744D2B6C69630067A2A7 /* PetPurrsuit.app */,
				265D74622B6C69640067A2A7 /* PetPurrsuitTests.xctest */,
				265D746C2B6C69640067A2A7 /* PetPurrsuitUITests.xctest */,
			);
			name = Products;
			sourceTree = "<group>";
		};
		265D744F2B6C69630067A2A7 /* PetPurrsuit */ = {
			isa = PBXGroup;
			children = (
				265D74502B6C69630067A2A7 /* PetPurrsuitApp.swift */,
				265741E92B7481710036D467 /* Authentication */,
				265D747F2B6C73160067A2A7 /* Core Data */,
				265741EE2B7483B90036D467 /* PetfinderAPI */,
				265741E42B747D090036D467 /* Parser */,
				265741D52B6D5C1C0036D467 /* Network */,
				265741CA2B6CACD70036D467 /* Mock */,
				265D74822B6C78A30067A2A7 /* Model */,
				265741C12B6C97720036D467 /* Utilities */,
				265741C22B6CA6C40036D467 /* Views */,
				265D74542B6C69640067A2A7 /* Assets.xcassets */,
				265D74562B6C69640067A2A7 /* Preview Content */,
			);
			path = PetPurrsuit;
			sourceTree = "<group>";
		};
		265D74562B6C69640067A2A7 /* Preview Content */ = {
			isa = PBXGroup;
			children = (
				265741CD2B6CB2F70036D467 /* AnimalMockData.json */,
				265D74572B6C69640067A2A7 /* Preview Assets.xcassets */,
			);
			path = "Preview Content";
			sourceTree = "<group>";
		};
		265D74652B6C69640067A2A7 /* PetPurrsuitTests */ = {
			isa = PBXGroup;
			children = (
				264682092B786935008FAB39 /* Mocks */,
				2646820A2B78693C008FAB39 /* Tests */,
			);
			path = PetPurrsuitTests;
			sourceTree = "<group>";
		};
		265D746F2B6C69640067A2A7 /* PetPurrsuitUITests */ = {
			isa = PBXGroup;
			children = (
				265D74702B6C69640067A2A7 /* PetPurrsuitUITests.swift */,
				265D74722B6C69640067A2A7 /* PetPurrsuitUITestsLaunchTests.swift */,
			);
			path = PetPurrsuitUITests;
			sourceTree = "<group>";
		};
		265D747F2B6C73160067A2A7 /* Core Data */ = {
			isa = PBXGroup;
			children = (
				26B1DE302B97C368002CB40B /* CoreDataHelper.swift */,
				265D74592B6C69640067A2A7 /* Persistence.swift */,
				265D745B2B6C69640067A2A7 /* PetPurrsuit.xcdatamodeld */,
				263AE4CB2B87B4580033CF3C /* Extensions */,
			);
			path = "Core Data";
			sourceTree = "<group>";
		};
		265D74822B6C78A30067A2A7 /* Model */ = {
			isa = PBXGroup;
			children = (
				265D74832B6C78BE0067A2A7 /* Animal */,
				265741BB2B6C94480036D467 /* Address.swift */,
				265741B92B6C94230036D467 /* ContactInfo.swift */,
				265741B72B6C94160036D467 /* OrganizationInfo.swift */,
				265D74942B6C8C6B0067A2A7 /* Pagination.swift */,
				26864BD02B97B2DE0091E862 /* User.swift */,
			);
			path = Model;
			sourceTree = "<group>";
		};
		265D74832B6C78BE0067A2A7 /* Animal */ = {
			isa = PBXGroup;
			children = (
				265741C42B6CA9770036D467 /* Animal.swift */,
				265D74902B6C88A00067A2A7 /* AnimalAdoptionStatus.swift */,
				265741B42B6C920A0036D467 /* AnimalAge.swift */,
				265D74922B6C8A690067A2A7 /* AnimalBehaviorAttributes.swift */,
				265D74842B6C79440067A2A7 /* AnimalBreed.swift */,
				265D748E2B6C87590067A2A7 /* AnimalCoat.swift */,
				265D748C2B6C867B0067A2A7 /* AnimalColor.swift */,
				265741F32B74A17F0036D467 /* AnimalContainer.swift */,
				265741B22B6C91BC0036D467 /* AnimalDetails.swift */,
				265741C82B6CAB8B0036D467 /* AnimalEnvironment.swift */,
				265D748A2B6C85600067A2A7 /* AnimalGender.swift */,
				265741BD2B6C96100036D467 /* AnimalPhotoSizes.swift */,
				265D74882B6C81F10067A2A7 /* AnimalSize.swift */,
				265D74862B6C7FFA0067A2A7 /* AnimalType.swift */,
				265741C62B6CAABE0036D467 /* AnimalVideo.swift */,
			);
			path = Animal;
			sourceTree = "<group>";
		};
/* End PBXGroup section */

/* Begin PBXNativeTarget section */
		265D744C2B6C69630067A2A7 /* PetPurrsuit */ = {
			isa = PBXNativeTarget;
			buildConfigurationList = 265D74762B6C69640067A2A7 /* Build configuration list for PBXNativeTarget "PetPurrsuit" */;
			buildPhases = (
				265D74492B6C69630067A2A7 /* Sources */,
				265D744A2B6C69630067A2A7 /* Frameworks */,
				265D744B2B6C69630067A2A7 /* Resources */,
				2646820B2B787D12008FAB39 /* ShellScript */,
			);
			buildRules = (
			);
			dependencies = (
			);
			name = PetPurrsuit;
			productName = PetPurrsuit;
			productReference = 265D744D2B6C69630067A2A7 /* PetPurrsuit.app */;
			productType = "com.apple.product-type.application";
		};
		265D74612B6C69640067A2A7 /* PetPurrsuitTests */ = {
			isa = PBXNativeTarget;
			buildConfigurationList = 265D74792B6C69640067A2A7 /* Build configuration list for PBXNativeTarget "PetPurrsuitTests" */;
			buildPhases = (
				265D745E2B6C69640067A2A7 /* Sources */,
				265D745F2B6C69640067A2A7 /* Frameworks */,
				265D74602B6C69640067A2A7 /* Resources */,
			);
			buildRules = (
			);
			dependencies = (
				265D74642B6C69640067A2A7 /* PBXTargetDependency */,
			);
			name = PetPurrsuitTests;
			productName = PetPurrsuitTests;
			productReference = 265D74622B6C69640067A2A7 /* PetPurrsuitTests.xctest */;
			productType = "com.apple.product-type.bundle.unit-test";
		};
		265D746B2B6C69640067A2A7 /* PetPurrsuitUITests */ = {
			isa = PBXNativeTarget;
			buildConfigurationList = 265D747C2B6C69640067A2A7 /* Build configuration list for PBXNativeTarget "PetPurrsuitUITests" */;
			buildPhases = (
				265D74682B6C69640067A2A7 /* Sources */,
				265D74692B6C69640067A2A7 /* Frameworks */,
				265D746A2B6C69640067A2A7 /* Resources */,
			);
			buildRules = (
			);
			dependencies = (
				265D746E2B6C69640067A2A7 /* PBXTargetDependency */,
			);
			name = PetPurrsuitUITests;
			productName = PetPurrsuitUITests;
			productReference = 265D746C2B6C69640067A2A7 /* PetPurrsuitUITests.xctest */;
			productType = "com.apple.product-type.bundle.ui-testing";
		};
/* End PBXNativeTarget section */

/* Begin PBXProject section */
		265D74452B6C69630067A2A7 /* Project object */ = {
			isa = PBXProject;
			attributes = {
				BuildIndependentTargetsInParallel = 1;
				LastSwiftUpdateCheck = 1520;
				LastUpgradeCheck = 1520;
				TargetAttributes = {
					265D744C2B6C69630067A2A7 = {
						CreatedOnToolsVersion = 15.2;
					};
					265D74612B6C69640067A2A7 = {
						CreatedOnToolsVersion = 15.2;
						TestTargetID = 265D744C2B6C69630067A2A7;
					};
					265D746B2B6C69640067A2A7 = {
						CreatedOnToolsVersion = 15.2;
						TestTargetID = 265D744C2B6C69630067A2A7;
					};
				};
			};
			buildConfigurationList = 265D74482B6C69630067A2A7 /* Build configuration list for PBXProject "PetPurrsuit" */;
			compatibilityVersion = "Xcode 14.0";
			developmentRegion = en;
			hasScannedForEncodings = 0;
			knownRegions = (
				en,
				Base,
			);
			mainGroup = 265D74442B6C69630067A2A7;
			productRefGroup = 265D744E2B6C69630067A2A7 /* Products */;
			projectDirPath = "";
			projectRoot = "";
			targets = (
				265D744C2B6C69630067A2A7 /* PetPurrsuit */,
				265D74612B6C69640067A2A7 /* PetPurrsuitTests */,
				265D746B2B6C69640067A2A7 /* PetPurrsuitUITests */,
			);
		};
/* End PBXProject section */

/* Begin PBXResourcesBuildPhase section */
		265D744B2B6C69630067A2A7 /* Resources */ = {
			isa = PBXResourcesBuildPhase;
			buildActionMask = 2147483647;
			files = (
				265D74582B6C69640067A2A7 /* Preview Assets.xcassets in Resources */,
				265D74552B6C69640067A2A7 /* Assets.xcassets in Resources */,
				265741CE2B6CB2F70036D467 /* AnimalMockData.json in Resources */,
			);
			runOnlyForDeploymentPostprocessing = 0;
		};
		265D74602B6C69640067A2A7 /* Resources */ = {
			isa = PBXResourcesBuildPhase;
			buildActionMask = 2147483647;
			files = (
				265741FF2B74B4080036D467 /* AnimalMockData.json in Resources */,
			);
			runOnlyForDeploymentPostprocessing = 0;
		};
		265D746A2B6C69640067A2A7 /* Resources */ = {
			isa = PBXResourcesBuildPhase;
			buildActionMask = 2147483647;
			files = (
			);
			runOnlyForDeploymentPostprocessing = 0;
		};
/* End PBXResourcesBuildPhase section */

/* Begin PBXShellScriptBuildPhase section */
		2646820B2B787D12008FAB39 /* ShellScript */ = {
			isa = PBXShellScriptBuildPhase;
			buildActionMask = 2147483647;
			files = (
			);
			inputFileListPaths = (
			);
			inputPaths = (
			);
			outputFileListPaths = (
			);
			outputPaths = (
			);
			runOnlyForDeploymentPostprocessing = 0;
			shellPath = /bin/sh;
			shellScript = "if [[ \"$(uname -m)\" == arm64 ]]; then\n    export PATH=\"/opt/homebrew/bin:$PATH\"\nfi\n\nif which swiftlint > /dev/null; then\n  swiftlint\nelse\n  echo \"warning: SwiftLint not installed, download from https://github.com/realm/SwiftLint\"\nfi\n";
		};
/* End PBXShellScriptBuildPhase section */

/* Begin PBXSourcesBuildPhase section */
		265D74492B6C69630067A2A7 /* Sources */ = {
			isa = PBXSourcesBuildPhase;
			buildActionMask = 2147483647;
			files = (
				265741D02B6CB86C0036D467 /* SearchAnimalsView.swift in Sources */,
				265D74892B6C81F10067A2A7 /* AnimalSize.swift in Sources */,
				265D74852B6C79440067A2A7 /* AnimalBreed.swift in Sources */,
				26864BD52B97B3F40091E862 /* AnimalVideo+CoreData.swift in Sources */,
				26864BC92B979BF50091E862 /* AnimalEnvironment+CoreData.swift in Sources */,
				265741F22B749B210036D467 /* AnimalsRequest.swift in Sources */,
				265741D22B6CB9200036D467 /* AnimalsNearByView.swift in Sources */,
				265741DD2B7478500036D467 /* APIManagerProtocol.swift in Sources */,
				265D745A2B6C69640067A2A7 /* Persistence.swift in Sources */,
				265741B82B6C94160036D467 /* OrganizationInfo.swift in Sources */,
				265D74532B6C69630067A2A7 /* ContentView.swift in Sources */,
				265741BC2B6C94480036D467 /* Address.swift in Sources */,
				265D748D2B6C867B0067A2A7 /* AnimalColor.swift in Sources */,
				265741DB2B74405D0036D467 /* NetworkError.swift in Sources */,
				265741BA2B6C94230036D467 /* ContactInfo.swift in Sources */,
				265741FA2B74AC310036D467 /* AccessTokenManagerProtocol.swift in Sources */,
				26864BC52B97981A0091E862 /* AnimalPhotoSizes+CoreData.swift in Sources */,
				265741E12B747B2B0036D467 /* NetworkRequestManagerProtocol.swift in Sources */,
				263AE4CD2B87B4810033CF3C /* CoreDataPersistable.swift in Sources */,
				265D74912B6C88A00067A2A7 /* AnimalAdoptionStatus.swift in Sources */,
				263AE4CA2B8781310033CF3C /* Animal+CoreData.swift in Sources */,
				265741F02B7484750036D467 /* PetFinderAPIToken.swift in Sources */,
				265741D92B6D5E4A0036D467 /* NetworkRequestType.swift in Sources */,
				265D748F2B6C87590067A2A7 /* AnimalCoat.swift in Sources */,
				265D74932B6C8A690067A2A7 /* AnimalBehaviorAttributes.swift in Sources */,
				265741E32B747B440036D467 /* NetworkRequestManager.swift in Sources */,
				265741C52B6CA9770036D467 /* Animal.swift in Sources */,
				265741B32B6C91BC0036D467 /* AnimalDetails.swift in Sources */,
				265741B52B6C920A0036D467 /* AnimalAge.swift in Sources */,
				265741F42B74A17F0036D467 /* AnimalContainer.swift in Sources */,
				265741FC2B74AC940036D467 /* AccessTokenManager.swift in Sources */,
				26864BD12B97B2DE0091E862 /* User.swift in Sources */,
				265741C92B6CAB8B0036D467 /* AnimalEnvironment.swift in Sources */,
				265D74512B6C69630067A2A7 /* PetPurrsuitApp.swift in Sources */,
				265741F82B74A4570036D467 /* AnimalMock.swift in Sources */,
				26864BCF2B97A6C90091E862 /* OrganizationInfo+CoreData.swift in Sources */,
				265741C72B6CAABE0036D467 /* AnimalVideo.swift in Sources */,
				26864BD72B97B4810091E862 /* Address+CoreData.swift in Sources */,
				265D74952B6C8C6B0067A2A7 /* Pagination.swift in Sources */,
				26E030CC2B96AD6F007D5F98 /* AnimalBreed+CoreData.swift in Sources */,
				265741E82B747D350036D467 /* DataParser.swift in Sources */,
				26864BD32B97B3460091E862 /* User+CoreData.swift in Sources */,
				265D74872B6C7FFA0067A2A7 /* AnimalType.swift in Sources */,
				265D745D2B6C69640067A2A7 /* PetPurrsuit.xcdatamodeld in Sources */,
				26864BCD2B979D6F0091E862 /* ContactInfo+CoreData.swift in Sources */,
				265D74812B6C77210067A2A7 /* PetFinderAPIConstants.swift in Sources */,
				265D748B2B6C85600067A2A7 /* AnimalGender.swift in Sources */,
				265741BE2B6C96100036D467 /* AnimalPhotoSizes.swift in Sources */,
				26864BCB2B979CB70091E862 /* AnimalColor+CoreData.swift in Sources */,
				26864BC72B979AC90091E862 /* AnimalBehaviorAttributes+CoreData.swift in Sources */,
				265741F62B74A3C40036D467 /* AnimalRowView.swift in Sources */,
				26B1DE312B97C368002CB40B /* CoreDataHelper.swift in Sources */,
				265741DF2B7478EF0036D467 /* APIManager.swift in Sources */,
				265741FE2B74AF160036D467 /* AppUserDefaultsKeys.swift in Sources */,
				265741E62B747D260036D467 /* DataParserProtocol.swift in Sources */,
				265741EB2B7481910036D467 /* AuthenticationTokenRequest.swift in Sources */,
				265741D72B6D5C720036D467 /* NetworkRequestProtocol.swift in Sources */,
			);
			runOnlyForDeploymentPostprocessing = 0;
		};
		265D745E2B6C69640067A2A7 /* Sources */ = {
			isa = PBXSourcesBuildPhase;
			buildActionMask = 2147483647;
			files = (
				264681FE2B781E06008FAB39 /* AccessTokenMockHelper.swift in Sources */,
				264682042B784550008FAB39 /* AccessTokenManagerTests.swift in Sources */,
				26543B322B74CAC700BC7E7A /* PetFinderAPIManagerMock.swift in Sources */,
				265D74672B6C69640067A2A7 /* PetPurrsuitTests.swift in Sources */,
				264682082B785D0D008FAB39 /* AccessTokenManagerMock.swift in Sources */,
				264682002B782742008FAB39 /* AnimalsRequestMock.swift in Sources */,
				264682022B782CDB008FAB39 /* NetworkRequestManagerTests.swift in Sources */,
			);
			runOnlyForDeploymentPostprocessing = 0;
		};
		265D74682B6C69640067A2A7 /* Sources */ = {
			isa = PBXSourcesBuildPhase;
			buildActionMask = 2147483647;
			files = (
				265D74732B6C69640067A2A7 /* PetPurrsuitUITestsLaunchTests.swift in Sources */,
				265D74712B6C69640067A2A7 /* PetPurrsuitUITests.swift in Sources */,
			);
			runOnlyForDeploymentPostprocessing = 0;
		};
/* End PBXSourcesBuildPhase section */

/* Begin PBXTargetDependency section */
		265D74642B6C69640067A2A7 /* PBXTargetDependency */ = {
			isa = PBXTargetDependency;
			target = 265D744C2B6C69630067A2A7 /* PetPurrsuit */;
			targetProxy = 265D74632B6C69640067A2A7 /* PBXContainerItemProxy */;
		};
		265D746E2B6C69640067A2A7 /* PBXTargetDependency */ = {
			isa = PBXTargetDependency;
			target = 265D744C2B6C69630067A2A7 /* PetPurrsuit */;
			targetProxy = 265D746D2B6C69640067A2A7 /* PBXContainerItemProxy */;
		};
/* End PBXTargetDependency section */

/* Begin XCBuildConfiguration section */
		265D74742B6C69640067A2A7 /* Debug */ = {
			isa = XCBuildConfiguration;
			buildSettings = {
				ALWAYS_SEARCH_USER_PATHS = NO;
				ASSETCATALOG_COMPILER_GENERATE_SWIFT_ASSET_SYMBOL_EXTENSIONS = YES;
				CLANG_ANALYZER_NONNULL = YES;
				CLANG_ANALYZER_NUMBER_OBJECT_CONVERSION = YES_AGGRESSIVE;
				CLANG_CXX_LANGUAGE_STANDARD = "gnu++20";
				CLANG_ENABLE_MODULES = YES;
				CLANG_ENABLE_OBJC_ARC = YES;
				CLANG_ENABLE_OBJC_WEAK = YES;
				CLANG_WARN_BLOCK_CAPTURE_AUTORELEASING = YES;
				CLANG_WARN_BOOL_CONVERSION = YES;
				CLANG_WARN_COMMA = YES;
				CLANG_WARN_CONSTANT_CONVERSION = YES;
				CLANG_WARN_DEPRECATED_OBJC_IMPLEMENTATIONS = YES;
				CLANG_WARN_DIRECT_OBJC_ISA_USAGE = YES_ERROR;
				CLANG_WARN_DOCUMENTATION_COMMENTS = YES;
				CLANG_WARN_EMPTY_BODY = YES;
				CLANG_WARN_ENUM_CONVERSION = YES;
				CLANG_WARN_INFINITE_RECURSION = YES;
				CLANG_WARN_INT_CONVERSION = YES;
				CLANG_WARN_NON_LITERAL_NULL_CONVERSION = YES;
				CLANG_WARN_OBJC_IMPLICIT_RETAIN_SELF = YES;
				CLANG_WARN_OBJC_LITERAL_CONVERSION = YES;
				CLANG_WARN_OBJC_ROOT_CLASS = YES_ERROR;
				CLANG_WARN_QUOTED_INCLUDE_IN_FRAMEWORK_HEADER = YES;
				CLANG_WARN_RANGE_LOOP_ANALYSIS = YES;
				CLANG_WARN_STRICT_PROTOTYPES = YES;
				CLANG_WARN_SUSPICIOUS_MOVE = YES;
				CLANG_WARN_UNGUARDED_AVAILABILITY = YES_AGGRESSIVE;
				CLANG_WARN_UNREACHABLE_CODE = YES;
				CLANG_WARN__DUPLICATE_METHOD_MATCH = YES;
				COPY_PHASE_STRIP = NO;
				DEBUG_INFORMATION_FORMAT = dwarf;
				ENABLE_STRICT_OBJC_MSGSEND = YES;
				ENABLE_TESTABILITY = YES;
				ENABLE_USER_SCRIPT_SANDBOXING = YES;
				GCC_C_LANGUAGE_STANDARD = gnu17;
				GCC_DYNAMIC_NO_PIC = NO;
				GCC_NO_COMMON_BLOCKS = YES;
				GCC_OPTIMIZATION_LEVEL = 0;
				GCC_PREPROCESSOR_DEFINITIONS = (
					"DEBUG=1",
					"$(inherited)",
				);
				GCC_WARN_64_TO_32_BIT_CONVERSION = YES;
				GCC_WARN_ABOUT_RETURN_TYPE = YES_ERROR;
				GCC_WARN_UNDECLARED_SELECTOR = YES;
				GCC_WARN_UNINITIALIZED_AUTOS = YES_AGGRESSIVE;
				GCC_WARN_UNUSED_FUNCTION = YES;
				GCC_WARN_UNUSED_VARIABLE = YES;
				IPHONEOS_DEPLOYMENT_TARGET = 16.0;
				LOCALIZATION_PREFERS_STRING_CATALOGS = YES;
				MTL_ENABLE_DEBUG_INFO = INCLUDE_SOURCE;
				MTL_FAST_MATH = YES;
				ONLY_ACTIVE_ARCH = YES;
				SDKROOT = iphoneos;
				SWIFT_ACTIVE_COMPILATION_CONDITIONS = "DEBUG $(inherited)";
				SWIFT_OPTIMIZATION_LEVEL = "-Onone";
			};
			name = Debug;
		};
		265D74752B6C69640067A2A7 /* Release */ = {
			isa = XCBuildConfiguration;
			buildSettings = {
				ALWAYS_SEARCH_USER_PATHS = NO;
				ASSETCATALOG_COMPILER_GENERATE_SWIFT_ASSET_SYMBOL_EXTENSIONS = YES;
				CLANG_ANALYZER_NONNULL = YES;
				CLANG_ANALYZER_NUMBER_OBJECT_CONVERSION = YES_AGGRESSIVE;
				CLANG_CXX_LANGUAGE_STANDARD = "gnu++20";
				CLANG_ENABLE_MODULES = YES;
				CLANG_ENABLE_OBJC_ARC = YES;
				CLANG_ENABLE_OBJC_WEAK = YES;
				CLANG_WARN_BLOCK_CAPTURE_AUTORELEASING = YES;
				CLANG_WARN_BOOL_CONVERSION = YES;
				CLANG_WARN_COMMA = YES;
				CLANG_WARN_CONSTANT_CONVERSION = YES;
				CLANG_WARN_DEPRECATED_OBJC_IMPLEMENTATIONS = YES;
				CLANG_WARN_DIRECT_OBJC_ISA_USAGE = YES_ERROR;
				CLANG_WARN_DOCUMENTATION_COMMENTS = YES;
				CLANG_WARN_EMPTY_BODY = YES;
				CLANG_WARN_ENUM_CONVERSION = YES;
				CLANG_WARN_INFINITE_RECURSION = YES;
				CLANG_WARN_INT_CONVERSION = YES;
				CLANG_WARN_NON_LITERAL_NULL_CONVERSION = YES;
				CLANG_WARN_OBJC_IMPLICIT_RETAIN_SELF = YES;
				CLANG_WARN_OBJC_LITERAL_CONVERSION = YES;
				CLANG_WARN_OBJC_ROOT_CLASS = YES_ERROR;
				CLANG_WARN_QUOTED_INCLUDE_IN_FRAMEWORK_HEADER = YES;
				CLANG_WARN_RANGE_LOOP_ANALYSIS = YES;
				CLANG_WARN_STRICT_PROTOTYPES = YES;
				CLANG_WARN_SUSPICIOUS_MOVE = YES;
				CLANG_WARN_UNGUARDED_AVAILABILITY = YES_AGGRESSIVE;
				CLANG_WARN_UNREACHABLE_CODE = YES;
				CLANG_WARN__DUPLICATE_METHOD_MATCH = YES;
				COPY_PHASE_STRIP = NO;
				DEBUG_INFORMATION_FORMAT = "dwarf-with-dsym";
				ENABLE_NS_ASSERTIONS = NO;
				ENABLE_STRICT_OBJC_MSGSEND = YES;
				ENABLE_USER_SCRIPT_SANDBOXING = YES;
				GCC_C_LANGUAGE_STANDARD = gnu17;
				GCC_NO_COMMON_BLOCKS = YES;
				GCC_WARN_64_TO_32_BIT_CONVERSION = YES;
				GCC_WARN_ABOUT_RETURN_TYPE = YES_ERROR;
				GCC_WARN_UNDECLARED_SELECTOR = YES;
				GCC_WARN_UNINITIALIZED_AUTOS = YES_AGGRESSIVE;
				GCC_WARN_UNUSED_FUNCTION = YES;
				GCC_WARN_UNUSED_VARIABLE = YES;
				IPHONEOS_DEPLOYMENT_TARGET = 16.0;
				LOCALIZATION_PREFERS_STRING_CATALOGS = YES;
				MTL_ENABLE_DEBUG_INFO = NO;
				MTL_FAST_MATH = YES;
				SDKROOT = iphoneos;
				SWIFT_COMPILATION_MODE = wholemodule;
				VALIDATE_PRODUCT = YES;
			};
			name = Release;
		};
		265D74772B6C69640067A2A7 /* Debug */ = {
			isa = XCBuildConfiguration;
			buildSettings = {
				ASSETCATALOG_COMPILER_APPICON_NAME = AppIcon;
				ASSETCATALOG_COMPILER_GLOBAL_ACCENT_COLOR_NAME = AccentColor;
				CODE_SIGN_STYLE = Automatic;
				CURRENT_PROJECT_VERSION = 1;
				DEVELOPMENT_ASSET_PATHS = "\"PetPurrsuit/Preview Content\"";
				DEVELOPMENT_TEAM = P92GSKWU9W;
				ENABLE_PREVIEWS = YES;
				ENABLE_USER_SCRIPT_SANDBOXING = NO;
				GENERATE_INFOPLIST_FILE = YES;
				INFOPLIST_KEY_NSLocationWhenInUseUsageDescription = "PetPurrsuit uses your location to find animals near by.";
				INFOPLIST_KEY_UIApplicationSceneManifest_Generation = YES;
				INFOPLIST_KEY_UIApplicationSupportsIndirectInputEvents = YES;
				INFOPLIST_KEY_UILaunchScreen_Generation = YES;
				INFOPLIST_KEY_UISupportedInterfaceOrientations_iPad = "UIInterfaceOrientationPortrait UIInterfaceOrientationPortraitUpsideDown UIInterfaceOrientationLandscapeLeft UIInterfaceOrientationLandscapeRight";
				INFOPLIST_KEY_UISupportedInterfaceOrientations_iPhone = "UIInterfaceOrientationPortrait UIInterfaceOrientationLandscapeLeft UIInterfaceOrientationLandscapeRight";
				IPHONEOS_DEPLOYMENT_TARGET = 16.0;
				LD_RUNPATH_SEARCH_PATHS = (
					"$(inherited)",
					"@executable_path/Frameworks",
				);
				MARKETING_VERSION = 1.0;
				PRODUCT_BUNDLE_IDENTIFIER = Sarah.PetPurrsuit;
				PRODUCT_NAME = "$(TARGET_NAME)";
				SWIFT_EMIT_LOC_STRINGS = YES;
				SWIFT_VERSION = 5.0;
				TARGETED_DEVICE_FAMILY = "1,2";
			};
			name = Debug;
		};
		265D74782B6C69640067A2A7 /* Release */ = {
			isa = XCBuildConfiguration;
			buildSettings = {
				ASSETCATALOG_COMPILER_APPICON_NAME = AppIcon;
				ASSETCATALOG_COMPILER_GLOBAL_ACCENT_COLOR_NAME = AccentColor;
				CODE_SIGN_STYLE = Automatic;
				CURRENT_PROJECT_VERSION = 1;
				DEVELOPMENT_ASSET_PATHS = "\"PetPurrsuit/Preview Content\"";
				DEVELOPMENT_TEAM = P92GSKWU9W;
				ENABLE_PREVIEWS = YES;
				ENABLE_USER_SCRIPT_SANDBOXING = NO;
				GENERATE_INFOPLIST_FILE = YES;
				INFOPLIST_KEY_NSLocationWhenInUseUsageDescription = "PetPurrsuit uses your location to find animals near by.";
				INFOPLIST_KEY_UIApplicationSceneManifest_Generation = YES;
				INFOPLIST_KEY_UIApplicationSupportsIndirectInputEvents = YES;
				INFOPLIST_KEY_UILaunchScreen_Generation = YES;
				INFOPLIST_KEY_UISupportedInterfaceOrientations_iPad = "UIInterfaceOrientationPortrait UIInterfaceOrientationPortraitUpsideDown UIInterfaceOrientationLandscapeLeft UIInterfaceOrientationLandscapeRight";
				INFOPLIST_KEY_UISupportedInterfaceOrientations_iPhone = "UIInterfaceOrientationPortrait UIInterfaceOrientationLandscapeLeft UIInterfaceOrientationLandscapeRight";
				IPHONEOS_DEPLOYMENT_TARGET = 16.0;
				LD_RUNPATH_SEARCH_PATHS = (
					"$(inherited)",
					"@executable_path/Frameworks",
				);
				MARKETING_VERSION = 1.0;
				PRODUCT_BUNDLE_IDENTIFIER = Sarah.PetPurrsuit;
				PRODUCT_NAME = "$(TARGET_NAME)";
				SWIFT_EMIT_LOC_STRINGS = YES;
				SWIFT_VERSION = 5.0;
				TARGETED_DEVICE_FAMILY = "1,2";
			};
			name = Release;
		};
		265D747A2B6C69640067A2A7 /* Debug */ = {
			isa = XCBuildConfiguration;
			buildSettings = {
				ALWAYS_EMBED_SWIFT_STANDARD_LIBRARIES = YES;
				BUNDLE_LOADER = "$(TEST_HOST)";
				CODE_SIGN_STYLE = Automatic;
				CURRENT_PROJECT_VERSION = 1;
				DEVELOPMENT_TEAM = P92GSKWU9W;
				GENERATE_INFOPLIST_FILE = YES;
				IPHONEOS_DEPLOYMENT_TARGET = 16.0;
				MARKETING_VERSION = 1.0;
				PRODUCT_BUNDLE_IDENTIFIER = Sarah.PetPurrsuitTests;
				PRODUCT_NAME = "$(TARGET_NAME)";
				SWIFT_EMIT_LOC_STRINGS = NO;
				SWIFT_VERSION = 5.0;
				TARGETED_DEVICE_FAMILY = "1,2";
				TEST_HOST = "$(BUILT_PRODUCTS_DIR)/PetPurrsuit.app/$(BUNDLE_EXECUTABLE_FOLDER_PATH)/PetPurrsuit";
			};
			name = Debug;
		};
		265D747B2B6C69640067A2A7 /* Release */ = {
			isa = XCBuildConfiguration;
			buildSettings = {
				ALWAYS_EMBED_SWIFT_STANDARD_LIBRARIES = YES;
				BUNDLE_LOADER = "$(TEST_HOST)";
				CODE_SIGN_STYLE = Automatic;
				CURRENT_PROJECT_VERSION = 1;
				DEVELOPMENT_TEAM = P92GSKWU9W;
				GENERATE_INFOPLIST_FILE = YES;
				IPHONEOS_DEPLOYMENT_TARGET = 16.0;
				MARKETING_VERSION = 1.0;
				PRODUCT_BUNDLE_IDENTIFIER = Sarah.PetPurrsuitTests;
				PRODUCT_NAME = "$(TARGET_NAME)";
				SWIFT_EMIT_LOC_STRINGS = NO;
				SWIFT_VERSION = 5.0;
				TARGETED_DEVICE_FAMILY = "1,2";
				TEST_HOST = "$(BUILT_PRODUCTS_DIR)/PetPurrsuit.app/$(BUNDLE_EXECUTABLE_FOLDER_PATH)/PetPurrsuit";
			};
			name = Release;
		};
		265D747D2B6C69640067A2A7 /* Debug */ = {
			isa = XCBuildConfiguration;
			buildSettings = {
				ALWAYS_EMBED_SWIFT_STANDARD_LIBRARIES = YES;
				CODE_SIGN_STYLE = Automatic;
				CURRENT_PROJECT_VERSION = 1;
				DEVELOPMENT_TEAM = P92GSKWU9W;
				GENERATE_INFOPLIST_FILE = YES;
				IPHONEOS_DEPLOYMENT_TARGET = 16.0;
				MARKETING_VERSION = 1.0;
				PRODUCT_BUNDLE_IDENTIFIER = Sarah.PetPurrsuitUITests;
				PRODUCT_NAME = "$(TARGET_NAME)";
				SWIFT_EMIT_LOC_STRINGS = NO;
				SWIFT_VERSION = 5.0;
				TARGETED_DEVICE_FAMILY = "1,2";
				TEST_TARGET_NAME = PetPurrsuit;
			};
			name = Debug;
		};
		265D747E2B6C69640067A2A7 /* Release */ = {
			isa = XCBuildConfiguration;
			buildSettings = {
				ALWAYS_EMBED_SWIFT_STANDARD_LIBRARIES = YES;
				CODE_SIGN_STYLE = Automatic;
				CURRENT_PROJECT_VERSION = 1;
				DEVELOPMENT_TEAM = P92GSKWU9W;
				GENERATE_INFOPLIST_FILE = YES;
				IPHONEOS_DEPLOYMENT_TARGET = 16.0;
				MARKETING_VERSION = 1.0;
				PRODUCT_BUNDLE_IDENTIFIER = Sarah.PetPurrsuitUITests;
				PRODUCT_NAME = "$(TARGET_NAME)";
				SWIFT_EMIT_LOC_STRINGS = NO;
				SWIFT_VERSION = 5.0;
				TARGETED_DEVICE_FAMILY = "1,2";
				TEST_TARGET_NAME = PetPurrsuit;
			};
			name = Release;
		};
/* End XCBuildConfiguration section */

/* Begin XCConfigurationList section */
		265D74482B6C69630067A2A7 /* Build configuration list for PBXProject "PetPurrsuit" */ = {
			isa = XCConfigurationList;
			buildConfigurations = (
				265D74742B6C69640067A2A7 /* Debug */,
				265D74752B6C69640067A2A7 /* Release */,
			);
			defaultConfigurationIsVisible = 0;
			defaultConfigurationName = Release;
		};
		265D74762B6C69640067A2A7 /* Build configuration list for PBXNativeTarget "PetPurrsuit" */ = {
			isa = XCConfigurationList;
			buildConfigurations = (
				265D74772B6C69640067A2A7 /* Debug */,
				265D74782B6C69640067A2A7 /* Release */,
			);
			defaultConfigurationIsVisible = 0;
			defaultConfigurationName = Release;
		};
		265D74792B6C69640067A2A7 /* Build configuration list for PBXNativeTarget "PetPurrsuitTests" */ = {
			isa = XCConfigurationList;
			buildConfigurations = (
				265D747A2B6C69640067A2A7 /* Debug */,
				265D747B2B6C69640067A2A7 /* Release */,
			);
			defaultConfigurationIsVisible = 0;
			defaultConfigurationName = Release;
		};
		265D747C2B6C69640067A2A7 /* Build configuration list for PBXNativeTarget "PetPurrsuitUITests" */ = {
			isa = XCConfigurationList;
			buildConfigurations = (
				265D747D2B6C69640067A2A7 /* Debug */,
				265D747E2B6C69640067A2A7 /* Release */,
			);
			defaultConfigurationIsVisible = 0;
			defaultConfigurationName = Release;
		};
/* End XCConfigurationList section */

/* Begin XCVersionGroup section */
		265D745B2B6C69640067A2A7 /* PetPurrsuit.xcdatamodeld */ = {
			isa = XCVersionGroup;
			children = (
				265D745C2B6C69640067A2A7 /* PetPurrsuit.xcdatamodel */,
			);
			currentVersion = 265D745C2B6C69640067A2A7 /* PetPurrsuit.xcdatamodel */;
			path = PetPurrsuit.xcdatamodeld;
			sourceTree = "<group>";
			versionGroupType = wrapper.xcdatamodel;
		};
/* End XCVersionGroup section */
	};
	rootObject = 265D74452B6C69630067A2A7 /* Project object */;
}
